
Microsoft Visual Studio Solution File, Format Version 12.00
# Visual Studio Version 17
VisualStudioVersion = 17.7.34031.279
MinimumVisualStudioVersion = 10.0.40219.1
Project("{8BC9CEB8-8B4A-11D0-8D11-00A0C91BC942}") = "Bai002", "Bai002\Bai002.vcxproj", "{99DE4189-3BF0-480B-95C0-97FFDA105B4A}"
EndProject
Project("{8BC9CEB8-8B4A-11D0-8D11-00A0C91BC942}") = "Bai007", "Bai007\Bai007.vcxproj", "{574F5442-AFC4-48E0-9C57-17FA532CEE32}"
EndProject
Project("{8BC9CEB8-8B4A-11D0-8D11-00A0C91BC942}") = "Bai012", "Bai012\Bai012.vcxproj", "{DBCF8478-1050-4BAD-8E94-1F8AAFBE56B6}"
EndProject
Project("{8BC9CEB8-8B4A-11D0-8D11-00A0C91BC942}") = "Bai017", "Bai017\Bai017.vcxproj", "{68EC1569-95D7-4C96-97E0-1C16AB83F53F}"
EndProject
Project("{8BC9CEB8-8B4A-11D0-8D11-00A0C91BC942}") = "Bai022", "Bai022\Bai022.vcxproj", "{9038FB0D-39C4-4DB0-BED8-FA09EBB12E41}"
EndProject
Project("{8BC9CEB8-8B4A-11D0-8D11-00A0C91BC942}") = "Bai027", "Bai027\Bai027.vcxproj", "{5575CEC0-A196-4E08-9FD0-10483D8E7289}"
EndProject
Project("{8BC9CEB8-8B4A-11D0-8D11-00A0C91BC942}") = "Bai032", "Bai032\Bai032.vcxproj", "{A535062C-5C36-44B7-AADD-24885AF1A564}"
EndProject
Project("{8BC9CEB8-8B4A-11D0-8D11-00A0C91BC942}") = "Bai037", "Bai037\Bai037.vcxproj", "{BC57F2D4-9C5B-4FAD-B02C-490E507A321F}"
EndProject
Project("{8BC9CEB8-8B4A-11D0-8D11-00A0C91BC942}") = "Bai042", "Bai042\Bai042.vcxproj", "{6833C5E9-B946-490E-A0FA-2BDCF3D1755E}"
EndProject
Project("{8BC9CEB8-8B4A-11D0-8D11-00A0C91BC942}") = "Bai047", "Bai047\Bai047.vcxproj", "{82054AFC-C816-4B57-958E-D429E7F49558}"
EndProject
Project("{8BC9CEB8-8B4A-11D0-8D11-00A0C91BC942}") = "Bai057", "Bai057\Bai057.vcxproj", "{42868308-5458-4695-AC21-A2A8771CFF42}"
EndProject
Project("{8BC9CEB8-8B4A-11D0-8D11-00A0C91BC942}") = "Bai062", "Bai062\Bai062.vcxproj", "{52EA6F15-E4E5-42DA-95BB-FC50E985E74F}"
EndProject
Project("{8BC9CEB8-8B4A-11D0-8D11-00A0C91BC942}") = "Bai067", "Bai067\Bai067.vcxproj", "{2CEFF5C1-6286-497B-B8B9-370A081E345A}"
EndProject
Project("{8BC9CEB8-8B4A-11D0-8D11-00A0C91BC942}") = "Bai072", "Bai072\Bai072.vcxproj", "{FC18C037-40E1-4406-B549-824DDC2CA34C}"
EndProject
Project("{8BC9CEB8-8B4A-11D0-8D11-00A0C91BC942}") = "Bai077", "Bai077\Bai077.vcxproj", "{87CBCC9F-53B0-4408-B38C-FA7CE222BF4A}"
EndProject
Project("{8BC9CEB8-8B4A-11D0-8D11-00A0C91BC942}") = "Bai082", "Bai082\Bai082.vcxproj", "{91C22225-B0BD-4855-917D-34B5005A7708}"
EndProject
Project("{8BC9CEB8-8B4A-11D0-8D11-00A0C91BC942}") = "Bai087", "Bai087\Bai087.vcxproj", "{0B44DC5E-9F96-4F86-A423-54E9FBF91B29}"
EndProject
Project("{8BC9CEB8-8B4A-11D0-8D11-00A0C91BC942}") = "Bai092", "Bai092\Bai092.vcxproj", "{A26168B5-BC27-4FB6-9C98-FEDFCC142C8B}"
EndProject
Project("{8BC9CEB8-8B4A-11D0-8D11-00A0C91BC942}") = "Bai097", "Bai097\Bai097.vcxproj", "{0A976DF0-AF87-422A-95F1-25F3AD3C7722}"
EndProject
Project("{8BC9CEB8-8B4A-11D0-8D11-00A0C91BC942}") = "Bai102", "Bai102\Bai102.vcxproj", "{83A68672-0E45-4CD7-B312-40D3DB1641CE}"
EndProject
Project("{8BC9CEB8-8B4A-11D0-8D11-00A0C91BC942}") = "Bai107", "Bai107\Bai107.vcxproj", "{871B6579-368C-42C7-8E49-2114F5439167}"
EndProject
Project("{8BC9CEB8-8B4A-11D0-8D11-00A0C91BC942}") = "Bai112", "Bai112\Bai112.vcxproj", "{87A0E4D0-D5A6-46AE-9C4B-729EBA173181}"
EndProject
Project("{8BC9CEB8-8B4A-11D0-8D11-00A0C91BC942}") = "Bai117", "Bai117\Bai117.vcxproj", "{53BF68DA-0339-4EF0-8976-E414A3B6A08A}"
EndProject
Project("{8BC9CEB8-8B4A-11D0-8D11-00A0C91BC942}") = "Bai122", "Bai122\Bai122.vcxproj", "{C386AAEE-2F03-4DA6-BAD0-8F1FDDB1BA02}"
EndProject
Project("{8BC9CEB8-8B4A-11D0-8D11-00A0C91BC942}") = "Bai025", "Bai025\Bai025.vcxproj", "{808D5967-CC3E-4682-82CC-669E7EE5FF3E}"
EndProject
Project("{8BC9CEB8-8B4A-11D0-8D11-00A0C91BC942}") = "Bai127", "Bai127\Bai127.vcxproj", "{91762DDB-12C7-4436-9BC9-56ECF33B1155}"
EndProject
Project("{8BC9CEB8-8B4A-11D0-8D11-00A0C91BC942}") = "Bai132", "Bai132\Bai132.vcxproj", "{19756D73-B881-4879-BD75-2EEDE7EA7E66}"
EndProject
Project("{8BC9CEB8-8B4A-11D0-8D11-00A0C91BC942}") = "Bai142", "Bai142\Bai142.vcxproj", "{DB033B46-395E-47E1-ACC0-BF4CD1113C4B}"
EndProject
Project("{8BC9CEB8-8B4A-11D0-8D11-00A0C91BC942}") = "Bai147", "Bai147\Bai147.vcxproj", "{5E5A6DF9-762C-40FF-AEFC-179F4B8C90FC}"
EndProject
Project("{8BC9CEB8-8B4A-11D0-8D11-00A0C91BC942}") = "Bai152", "Bai152\Bai152.vcxproj", "{0123B5AF-D26F-4174-93CF-18EE4E187BA6}"
EndProject
Project("{8BC9CEB8-8B4A-11D0-8D11-00A0C91BC942}") = "Bai157", "Bai157\Bai157.vcxproj", "{7E6D6EBE-B720-40D7-BE49-57095BEDC639}"
EndProject
Project("{8BC9CEB8-8B4A-11D0-8D11-00A0C91BC942}") = "Bai162", "Bai162\Bai162.vcxproj", "{61583E83-B2CA-41B5-A220-6128783AFAC8}"
EndProject
Project("{8BC9CEB8-8B4A-11D0-8D11-00A0C91BC942}") = "Bai167", "Bai167\Bai167.vcxproj", "{1259E91D-AC4A-4E34-98ED-C29024CFAE78}"
EndProject
Project("{8BC9CEB8-8B4A-11D0-8D11-00A0C91BC942}") = "Bai052", "Bai052\Bai052.vcxproj", "{F2C106C3-23B7-4128-99F1-3A9382B8A1D2}"
EndProject
Project("{8BC9CEB8-8B4A-11D0-8D11-00A0C91BC942}") = "Bai137", "bai137\bai137.vcxproj", "{E2C143CE-E0FD-4C5A-9684-55A8D30FD282}"
EndProject
Project("{8BC9CEB8-8B4A-11D0-8D11-00A0C91BC942}") = "Bai172", "Bai172\Bai172.vcxproj", "{88EDF6B6-673D-46C3-B8AF-7B7C1D16BD6E}"
EndProject
Global
	GlobalSection(SolutionConfigurationPlatforms) = preSolution
		Debug|x64 = Debug|x64
		Debug|x86 = Debug|x86
		Release|x64 = Release|x64
		Release|x86 = Release|x86
	EndGlobalSection
	GlobalSection(ProjectConfigurationPlatforms) = postSolution
		{99DE4189-3BF0-480B-95C0-97FFDA105B4A}.Debug|x64.ActiveCfg = Debug|x64
		{99DE4189-3BF0-480B-95C0-97FFDA105B4A}.Debug|x64.Build.0 = Debug|x64
		{99DE4189-3BF0-480B-95C0-97FFDA105B4A}.Debug|x86.ActiveCfg = Debug|Win32
		{99DE4189-3BF0-480B-95C0-97FFDA105B4A}.Debug|x86.Build.0 = Debug|Win32
		{99DE4189-3BF0-480B-95C0-97FFDA105B4A}.Release|x64.ActiveCfg = Release|x64
		{99DE4189-3BF0-480B-95C0-97FFDA105B4A}.Release|x64.Build.0 = Release|x64
		{99DE4189-3BF0-480B-95C0-97FFDA105B4A}.Release|x86.ActiveCfg = Release|Win32
		{99DE4189-3BF0-480B-95C0-97FFDA105B4A}.Release|x86.Build.0 = Release|Win32
		{574F5442-AFC4-48E0-9C57-17FA532CEE32}.Debug|x64.ActiveCfg = Debug|x64
		{574F5442-AFC4-48E0-9C57-17FA532CEE32}.Debug|x64.Build.0 = Debug|x64
		{574F5442-AFC4-48E0-9C57-17FA532CEE32}.Debug|x86.ActiveCfg = Debug|Win32
		{574F5442-AFC4-48E0-9C57-17FA532CEE32}.Debug|x86.Build.0 = Debug|Win32
		{574F5442-AFC4-48E0-9C57-17FA532CEE32}.Release|x64.ActiveCfg = Release|x64
		{574F5442-AFC4-48E0-9C57-17FA532CEE32}.Release|x64.Build.0 = Release|x64
		{574F5442-AFC4-48E0-9C57-17FA532CEE32}.Release|x86.ActiveCfg = Release|Win32
		{574F5442-AFC4-48E0-9C57-17FA532CEE32}.Release|x86.Build.0 = Release|Win32
		{DBCF8478-1050-4BAD-8E94-1F8AAFBE56B6}.Debug|x64.ActiveCfg = Debug|x64
		{DBCF8478-1050-4BAD-8E94-1F8AAFBE56B6}.Debug|x64.Build.0 = Debug|x64
		{DBCF8478-1050-4BAD-8E94-1F8AAFBE56B6}.Debug|x86.ActiveCfg = Debug|Win32
		{DBCF8478-1050-4BAD-8E94-1F8AAFBE56B6}.Debug|x86.Build.0 = Debug|Win32
		{DBCF8478-1050-4BAD-8E94-1F8AAFBE56B6}.Release|x64.ActiveCfg = Release|x64
		{DBCF8478-1050-4BAD-8E94-1F8AAFBE56B6}.Release|x64.Build.0 = Release|x64
		{DBCF8478-1050-4BAD-8E94-1F8AAFBE56B6}.Release|x86.ActiveCfg = Release|Win32
		{DBCF8478-1050-4BAD-8E94-1F8AAFBE56B6}.Release|x86.Build.0 = Release|Win32
		{68EC1569-95D7-4C96-97E0-1C16AB83F53F}.Debug|x64.ActiveCfg = Debug|x64
		{68EC1569-95D7-4C96-97E0-1C16AB83F53F}.Debug|x64.Build.0 = Debug|x64
		{68EC1569-95D7-4C96-97E0-1C16AB83F53F}.Debug|x86.ActiveCfg = Debug|Win32
		{68EC1569-95D7-4C96-97E0-1C16AB83F53F}.Debug|x86.Build.0 = Debug|Win32
		{68EC1569-95D7-4C96-97E0-1C16AB83F53F}.Release|x64.ActiveCfg = Release|x64
		{68EC1569-95D7-4C96-97E0-1C16AB83F53F}.Release|x64.Build.0 = Release|x64
		{68EC1569-95D7-4C96-97E0-1C16AB83F53F}.Release|x86.ActiveCfg = Release|Win32
		{68EC1569-95D7-4C96-97E0-1C16AB83F53F}.Release|x86.Build.0 = Release|Win32
		{9038FB0D-39C4-4DB0-BED8-FA09EBB12E41}.Debug|x64.ActiveCfg = Debug|x64
		{9038FB0D-39C4-4DB0-BED8-FA09EBB12E41}.Debug|x64.Build.0 = Debug|x64
		{9038FB0D-39C4-4DB0-BED8-FA09EBB12E41}.Debug|x86.ActiveCfg = Debug|Win32
		{9038FB0D-39C4-4DB0-BED8-FA09EBB12E41}.Debug|x86.Build.0 = Debug|Win32
		{9038FB0D-39C4-4DB0-BED8-FA09EBB12E41}.Release|x64.ActiveCfg = Release|x64
		{9038FB0D-39C4-4DB0-BED8-FA09EBB12E41}.Release|x64.Build.0 = Release|x64
		{9038FB0D-39C4-4DB0-BED8-FA09EBB12E41}.Release|x86.ActiveCfg = Release|Win32
		{9038FB0D-39C4-4DB0-BED8-FA09EBB12E41}.Release|x86.Build.0 = Release|Win32
		{5575CEC0-A196-4E08-9FD0-10483D8E7289}.Debug|x64.ActiveCfg = Debug|x64
		{5575CEC0-A196-4E08-9FD0-10483D8E7289}.Debug|x64.Build.0 = Debug|x64
		{5575CEC0-A196-4E08-9FD0-10483D8E7289}.Debug|x86.ActiveCfg = Debug|Win32
		{5575CEC0-A196-4E08-9FD0-10483D8E7289}.Debug|x86.Build.0 = Debug|Win32
		{5575CEC0-A196-4E08-9FD0-10483D8E7289}.Release|x64.ActiveCfg = Release|x64
		{5575CEC0-A196-4E08-9FD0-10483D8E7289}.Release|x64.Build.0 = Release|x64
		{5575CEC0-A196-4E08-9FD0-10483D8E7289}.Release|x86.ActiveCfg = Release|Win32
		{5575CEC0-A196-4E08-9FD0-10483D8E7289}.Release|x86.Build.0 = Release|Win32
		{A535062C-5C36-44B7-AADD-24885AF1A564}.Debug|x64.ActiveCfg = Debug|x64
		{A535062C-5C36-44B7-AADD-24885AF1A564}.Debug|x64.Build.0 = Debug|x64
		{A535062C-5C36-44B7-AADD-24885AF1A564}.Debug|x86.ActiveCfg = Debug|Win32
		{A535062C-5C36-44B7-AADD-24885AF1A564}.Debug|x86.Build.0 = Debug|Win32
		{A535062C-5C36-44B7-AADD-24885AF1A564}.Release|x64.ActiveCfg = Release|x64
		{A535062C-5C36-44B7-AADD-24885AF1A564}.Release|x64.Build.0 = Release|x64
		{A535062C-5C36-44B7-AADD-24885AF1A564}.Release|x86.ActiveCfg = Release|Win32
		{A535062C-5C36-44B7-AADD-24885AF1A564}.Release|x86.Build.0 = Release|Win32
		{BC57F2D4-9C5B-4FAD-B02C-490E507A321F}.Debug|x64.ActiveCfg = Debug|x64
		{BC57F2D4-9C5B-4FAD-B02C-490E507A321F}.Debug|x64.Build.0 = Debug|x64
		{BC57F2D4-9C5B-4FAD-B02C-490E507A321F}.Debug|x86.ActiveCfg = Debug|Win32
		{BC57F2D4-9C5B-4FAD-B02C-490E507A321F}.Debug|x86.Build.0 = Debug|Win32
		{BC57F2D4-9C5B-4FAD-B02C-490E507A321F}.Release|x64.ActiveCfg = Release|x64
		{BC57F2D4-9C5B-4FAD-B02C-490E507A321F}.Release|x64.Build.0 = Release|x64
		{BC57F2D4-9C5B-4FAD-B02C-490E507A321F}.Release|x86.ActiveCfg = Release|Win32
		{BC57F2D4-9C5B-4FAD-B02C-490E507A321F}.Release|x86.Build.0 = Release|Win32
		{6833C5E9-B946-490E-A0FA-2BDCF3D1755E}.Debug|x64.ActiveCfg = Debug|x64
		{6833C5E9-B946-490E-A0FA-2BDCF3D1755E}.Debug|x64.Build.0 = Debug|x64
		{6833C5E9-B946-490E-A0FA-2BDCF3D1755E}.Debug|x86.ActiveCfg = Debug|Win32
		{6833C5E9-B946-490E-A0FA-2BDCF3D1755E}.Debug|x86.Build.0 = Debug|Win32
		{6833C5E9-B946-490E-A0FA-2BDCF3D1755E}.Release|x64.ActiveCfg = Release|x64
		{6833C5E9-B946-490E-A0FA-2BDCF3D1755E}.Release|x64.Build.0 = Release|x64
		{6833C5E9-B946-490E-A0FA-2BDCF3D1755E}.Release|x86.ActiveCfg = Release|Win32
		{6833C5E9-B946-490E-A0FA-2BDCF3D1755E}.Release|x86.Build.0 = Release|Win32
		{82054AFC-C816-4B57-958E-D429E7F49558}.Debug|x64.ActiveCfg = Debug|x64
		{82054AFC-C816-4B57-958E-D429E7F49558}.Debug|x64.Build.0 = Debug|x64
		{82054AFC-C816-4B57-958E-D429E7F49558}.Debug|x86.ActiveCfg = Debug|Win32
		{82054AFC-C816-4B57-958E-D429E7F49558}.Debug|x86.Build.0 = Debug|Win32
		{82054AFC-C816-4B57-958E-D429E7F49558}.Release|x64.ActiveCfg = Release|x64
		{82054AFC-C816-4B57-958E-D429E7F49558}.Release|x64.Build.0 = Release|x64
		{82054AFC-C816-4B57-958E-D429E7F49558}.Release|x86.ActiveCfg = Release|Win32
		{82054AFC-C816-4B57-958E-D429E7F49558}.Release|x86.Build.0 = Release|Win32
		{42868308-5458-4695-AC21-A2A8771CFF42}.Debug|x64.ActiveCfg = Debug|x64
		{42868308-5458-4695-AC21-A2A8771CFF42}.Debug|x64.Build.0 = Debug|x64
		{42868308-5458-4695-AC21-A2A8771CFF42}.Debug|x86.ActiveCfg = Debug|Win32
		{42868308-5458-4695-AC21-A2A8771CFF42}.Debug|x86.Build.0 = Debug|Win32
		{42868308-5458-4695-AC21-A2A8771CFF42}.Release|x64.ActiveCfg = Release|x64
		{42868308-5458-4695-AC21-A2A8771CFF42}.Release|x64.Build.0 = Release|x64
		{42868308-5458-4695-AC21-A2A8771CFF42}.Release|x86.ActiveCfg = Release|Win32
		{42868308-5458-4695-AC21-A2A8771CFF42}.Release|x86.Build.0 = Release|Win32
		{52EA6F15-E4E5-42DA-95BB-FC50E985E74F}.Debug|x64.ActiveCfg = Debug|x64
		{52EA6F15-E4E5-42DA-95BB-FC50E985E74F}.Debug|x64.Build.0 = Debug|x64
		{52EA6F15-E4E5-42DA-95BB-FC50E985E74F}.Debug|x86.ActiveCfg = Debug|Win32
		{52EA6F15-E4E5-42DA-95BB-FC50E985E74F}.Debug|x86.Build.0 = Debug|Win32
		{52EA6F15-E4E5-42DA-95BB-FC50E985E74F}.Release|x64.ActiveCfg = Release|x64
		{52EA6F15-E4E5-42DA-95BB-FC50E985E74F}.Release|x64.Build.0 = Release|x64
		{52EA6F15-E4E5-42DA-95BB-FC50E985E74F}.Release|x86.ActiveCfg = Release|Win32
		{52EA6F15-E4E5-42DA-95BB-FC50E985E74F}.Release|x86.Build.0 = Release|Win32
		{2CEFF5C1-6286-497B-B8B9-370A081E345A}.Debug|x64.ActiveCfg = Debug|x64
		{2CEFF5C1-6286-497B-B8B9-370A081E345A}.Debug|x64.Build.0 = Debug|x64
		{2CEFF5C1-6286-497B-B8B9-370A081E345A}.Debug|x86.ActiveCfg = Debug|Win32
		{2CEFF5C1-6286-497B-B8B9-370A081E345A}.Debug|x86.Build.0 = Debug|Win32
		{2CEFF5C1-6286-497B-B8B9-370A081E345A}.Release|x64.ActiveCfg = Release|x64
		{2CEFF5C1-6286-497B-B8B9-370A081E345A}.Release|x64.Build.0 = Release|x64
		{2CEFF5C1-6286-497B-B8B9-370A081E345A}.Release|x86.ActiveCfg = Release|Win32
		{2CEFF5C1-6286-497B-B8B9-370A081E345A}.Release|x86.Build.0 = Release|Win32
		{FC18C037-40E1-4406-B549-824DDC2CA34C}.Debug|x64.ActiveCfg = Debug|x64
		{FC18C037-40E1-4406-B549-824DDC2CA34C}.Debug|x64.Build.0 = Debug|x64
		{FC18C037-40E1-4406-B549-824DDC2CA34C}.Debug|x86.ActiveCfg = Debug|Win32
		{FC18C037-40E1-4406-B549-824DDC2CA34C}.Debug|x86.Build.0 = Debug|Win32
		{FC18C037-40E1-4406-B549-824DDC2CA34C}.Release|x64.ActiveCfg = Release|x64
		{FC18C037-40E1-4406-B549-824DDC2CA34C}.Release|x64.Build.0 = Release|x64
		{FC18C037-40E1-4406-B549-824DDC2CA34C}.Release|x86.ActiveCfg = Release|Win32
		{FC18C037-40E1-4406-B549-824DDC2CA34C}.Release|x86.Build.0 = Release|Win32
		{87CBCC9F-53B0-4408-B38C-FA7CE222BF4A}.Debug|x64.ActiveCfg = Debug|x64
		{87CBCC9F-53B0-4408-B38C-FA7CE222BF4A}.Debug|x64.Build.0 = Debug|x64
		{87CBCC9F-53B0-4408-B38C-FA7CE222BF4A}.Debug|x86.ActiveCfg = Debug|Win32
		{87CBCC9F-53B0-4408-B38C-FA7CE222BF4A}.Debug|x86.Build.0 = Debug|Win32
		{87CBCC9F-53B0-4408-B38C-FA7CE222BF4A}.Release|x64.ActiveCfg = Release|x64
		{87CBCC9F-53B0-4408-B38C-FA7CE222BF4A}.Release|x64.Build.0 = Release|x64
		{87CBCC9F-53B0-4408-B38C-FA7CE222BF4A}.Release|x86.ActiveCfg = Release|Win32
		{87CBCC9F-53B0-4408-B38C-FA7CE222BF4A}.Release|x86.Build.0 = Release|Win32
		{91C22225-B0BD-4855-917D-34B5005A7708}.Debug|x64.ActiveCfg = Debug|x64
		{91C22225-B0BD-4855-917D-34B5005A7708}.Debug|x64.Build.0 = Debug|x64
		{91C22225-B0BD-4855-917D-34B5005A7708}.Debug|x86.ActiveCfg = Debug|Win32
		{91C22225-B0BD-4855-917D-34B5005A7708}.Debug|x86.Build.0 = Debug|Win32
		{91C22225-B0BD-4855-917D-34B5005A7708}.Release|x64.ActiveCfg = Release|x64
		{91C22225-B0BD-4855-917D-34B5005A7708}.Release|x64.Build.0 = Release|x64
		{91C22225-B0BD-4855-917D-34B5005A7708}.Release|x86.ActiveCfg = Release|Win32
		{91C22225-B0BD-4855-917D-34B5005A7708}.Release|x86.Build.0 = Release|Win32
		{0B44DC5E-9F96-4F86-A423-54E9FBF91B29}.Debug|x64.ActiveCfg = Debug|x64
		{0B44DC5E-9F96-4F86-A423-54E9FBF91B29}.Debug|x64.Build.0 = Debug|x64
		{0B44DC5E-9F96-4F86-A423-54E9FBF91B29}.Debug|x86.ActiveCfg = Debug|Win32
		{0B44DC5E-9F96-4F86-A423-54E9FBF91B29}.Debug|x86.Build.0 = Debug|Win32
		{0B44DC5E-9F96-4F86-A423-54E9FBF91B29}.Release|x64.ActiveCfg = Release|x64
		{0B44DC5E-9F96-4F86-A423-54E9FBF91B29}.Release|x64.Build.0 = Release|x64
		{0B44DC5E-9F96-4F86-A423-54E9FBF91B29}.Release|x86.ActiveCfg = Release|Win32
		{0B44DC5E-9F96-4F86-A423-54E9FBF91B29}.Release|x86.Build.0 = Release|Win32
		{A26168B5-BC27-4FB6-9C98-FEDFCC142C8B}.Debug|x64.ActiveCfg = Debug|x64
		{A26168B5-BC27-4FB6-9C98-FEDFCC142C8B}.Debug|x64.Build.0 = Debug|x64
		{A26168B5-BC27-4FB6-9C98-FEDFCC142C8B}.Debug|x86.ActiveCfg = Debug|Win32
		{A26168B5-BC27-4FB6-9C98-FEDFCC142C8B}.Debug|x86.Build.0 = Debug|Win32
		{A26168B5-BC27-4FB6-9C98-FEDFCC142C8B}.Release|x64.ActiveCfg = Release|x64
		{A26168B5-BC27-4FB6-9C98-FEDFCC142C8B}.Release|x64.Build.0 = Release|x64
		{A26168B5-BC27-4FB6-9C98-FEDFCC142C8B}.Release|x86.ActiveCfg = Release|Win32
		{A26168B5-BC27-4FB6-9C98-FEDFCC142C8B}.Release|x86.Build.0 = Release|Win32
		{0A976DF0-AF87-422A-95F1-25F3AD3C7722}.Debug|x64.ActiveCfg = Debug|x64
		{0A976DF0-AF87-422A-95F1-25F3AD3C7722}.Debug|x64.Build.0 = Debug|x64
		{0A976DF0-AF87-422A-95F1-25F3AD3C7722}.Debug|x86.ActiveCfg = Debug|Win32
		{0A976DF0-AF87-422A-95F1-25F3AD3C7722}.Debug|x86.Build.0 = Debug|Win32
		{0A976DF0-AF87-422A-95F1-25F3AD3C7722}.Release|x64.ActiveCfg = Release|x64
		{0A976DF0-AF87-422A-95F1-25F3AD3C7722}.Release|x64.Build.0 = Release|x64
		{0A976DF0-AF87-422A-95F1-25F3AD3C7722}.Release|x86.ActiveCfg = Release|Win32
		{0A976DF0-AF87-422A-95F1-25F3AD3C7722}.Release|x86.Build.0 = Release|Win32
		{83A68672-0E45-4CD7-B312-40D3DB1641CE}.Debug|x64.ActiveCfg = Debug|x64
		{83A68672-0E45-4CD7-B312-40D3DB1641CE}.Debug|x64.Build.0 = Debug|x64
		{83A68672-0E45-4CD7-B312-40D3DB1641CE}.Debug|x86.ActiveCfg = Debug|Win32
		{83A68672-0E45-4CD7-B312-40D3DB1641CE}.Debug|x86.Build.0 = Debug|Win32
		{83A68672-0E45-4CD7-B312-40D3DB1641CE}.Release|x64.ActiveCfg = Release|x64
		{83A68672-0E45-4CD7-B312-40D3DB1641CE}.Release|x64.Build.0 = Release|x64
		{83A68672-0E45-4CD7-B312-40D3DB1641CE}.Release|x86.ActiveCfg = Release|Win32
		{83A68672-0E45-4CD7-B312-40D3DB1641CE}.Release|x86.Build.0 = Release|Win32
		{871B6579-368C-42C7-8E49-2114F5439167}.Debug|x64.ActiveCfg = Debug|x64
		{871B6579-368C-42C7-8E49-2114F5439167}.Debug|x64.Build.0 = Debug|x64
		{871B6579-368C-42C7-8E49-2114F5439167}.Debug|x86.ActiveCfg = Debug|Win32
		{871B6579-368C-42C7-8E49-2114F5439167}.Debug|x86.Build.0 = Debug|Win32
		{871B6579-368C-42C7-8E49-2114F5439167}.Release|x64.ActiveCfg = Release|x64
		{871B6579-368C-42C7-8E49-2114F5439167}.Release|x64.Build.0 = Release|x64
		{871B6579-368C-42C7-8E49-2114F5439167}.Release|x86.ActiveCfg = Release|Win32
		{871B6579-368C-42C7-8E49-2114F5439167}.Release|x86.Build.0 = Release|Win32
		{87A0E4D0-D5A6-46AE-9C4B-729EBA173181}.Debug|x64.ActiveCfg = Debug|x64
		{87A0E4D0-D5A6-46AE-9C4B-729EBA173181}.Debug|x64.Build.0 = Debug|x64
		{87A0E4D0-D5A6-46AE-9C4B-729EBA173181}.Debug|x86.ActiveCfg = Debug|Win32
		{87A0E4D0-D5A6-46AE-9C4B-729EBA173181}.Debug|x86.Build.0 = Debug|Win32
		{87A0E4D0-D5A6-46AE-9C4B-729EBA173181}.Release|x64.ActiveCfg = Release|x64
		{87A0E4D0-D5A6-46AE-9C4B-729EBA173181}.Release|x64.Build.0 = Release|x64
		{87A0E4D0-D5A6-46AE-9C4B-729EBA173181}.Release|x86.ActiveCfg = Release|Win32
		{87A0E4D0-D5A6-46AE-9C4B-729EBA173181}.Release|x86.Build.0 = Release|Win32
		{53BF68DA-0339-4EF0-8976-E414A3B6A08A}.Debug|x64.ActiveCfg = Debug|x64
		{53BF68DA-0339-4EF0-8976-E414A3B6A08A}.Debug|x64.Build.0 = Debug|x64
		{53BF68DA-0339-4EF0-8976-E414A3B6A08A}.Debug|x86.ActiveCfg = Debug|Win32
		{53BF68DA-0339-4EF0-8976-E414A3B6A08A}.Debug|x86.Build.0 = Debug|Win32
		{53BF68DA-0339-4EF0-8976-E414A3B6A08A}.Release|x64.ActiveCfg = Release|x64
		{53BF68DA-0339-4EF0-8976-E414A3B6A08A}.Release|x64.Build.0 = Release|x64
		{53BF68DA-0339-4EF0-8976-E414A3B6A08A}.Release|x86.ActiveCfg = Release|Win32
		{53BF68DA-0339-4EF0-8976-E414A3B6A08A}.Release|x86.Build.0 = Release|Win32
		{C386AAEE-2F03-4DA6-BAD0-8F1FDDB1BA02}.Debug|x64.ActiveCfg = Debug|x64
		{C386AAEE-2F03-4DA6-BAD0-8F1FDDB1BA02}.Debug|x64.Build.0 = Debug|x64
		{C386AAEE-2F03-4DA6-BAD0-8F1FDDB1BA02}.Debug|x86.ActiveCfg = Debug|Win32
		{C386AAEE-2F03-4DA6-BAD0-8F1FDDB1BA02}.Debug|x86.Build.0 = Debug|Win32
		{C386AAEE-2F03-4DA6-BAD0-8F1FDDB1BA02}.Release|x64.ActiveCfg = Release|x64
		{C386AAEE-2F03-4DA6-BAD0-8F1FDDB1BA02}.Release|x64.Build.0 = Release|x64
		{C386AAEE-2F03-4DA6-BAD0-8F1FDDB1BA02}.Release|x86.ActiveCfg = Release|Win32
		{C386AAEE-2F03-4DA6-BAD0-8F1FDDB1BA02}.Release|x86.Build.0 = Release|Win32
		{808D5967-CC3E-4682-82CC-669E7EE5FF3E}.Debug|x64.ActiveCfg = Debug|x64
		{808D5967-CC3E-4682-82CC-669E7EE5FF3E}.Debug|x64.Build.0 = Debug|x64
		{808D5967-CC3E-4682-82CC-669E7EE5FF3E}.Debug|x86.ActiveCfg = Debug|Win32
		{808D5967-CC3E-4682-82CC-669E7EE5FF3E}.Debug|x86.Build.0 = Debug|Win32
		{808D5967-CC3E-4682-82CC-669E7EE5FF3E}.Release|x64.ActiveCfg = Release|x64
		{808D5967-CC3E-4682-82CC-669E7EE5FF3E}.Release|x64.Build.0 = Release|x64
		{808D5967-CC3E-4682-82CC-669E7EE5FF3E}.Release|x86.ActiveCfg = Release|Win32
		{808D5967-CC3E-4682-82CC-669E7EE5FF3E}.Release|x86.Build.0 = Release|Win32
		{91762DDB-12C7-4436-9BC9-56ECF33B1155}.Debug|x64.ActiveCfg = Debug|x64
		{91762DDB-12C7-4436-9BC9-56ECF33B1155}.Debug|x64.Build.0 = Debug|x64
		{91762DDB-12C7-4436-9BC9-56ECF33B1155}.Debug|x86.ActiveCfg = Debug|Win32
		{91762DDB-12C7-4436-9BC9-56ECF33B1155}.Debug|x86.Build.0 = Debug|Win32
		{91762DDB-12C7-4436-9BC9-56ECF33B1155}.Release|x64.ActiveCfg = Release|x64
		{91762DDB-12C7-4436-9BC9-56ECF33B1155}.Release|x64.Build.0 = Release|x64
		{91762DDB-12C7-4436-9BC9-56ECF33B1155}.Release|x86.ActiveCfg = Release|Win32
		{91762DDB-12C7-4436-9BC9-56ECF33B1155}.Release|x86.Build.0 = Release|Win32
		{19756D73-B881-4879-BD75-2EEDE7EA7E66}.Debug|x64.ActiveCfg = Debug|x64
		{19756D73-B881-4879-BD75-2EEDE7EA7E66}.Debug|x64.Build.0 = Debug|x64
		{19756D73-B881-4879-BD75-2EEDE7EA7E66}.Debug|x86.ActiveCfg = Debug|Win32
		{19756D73-B881-4879-BD75-2EEDE7EA7E66}.Debug|x86.Build.0 = Debug|Win32
		{19756D73-B881-4879-BD75-2EEDE7EA7E66}.Release|x64.ActiveCfg = Release|x64
		{19756D73-B881-4879-BD75-2EEDE7EA7E66}.Release|x64.Build.0 = Release|x64
		{19756D73-B881-4879-BD75-2EEDE7EA7E66}.Release|x86.ActiveCfg = Release|Win32
		{19756D73-B881-4879-BD75-2EEDE7EA7E66}.Release|x86.Build.0 = Release|Win32
		{DB033B46-395E-47E1-ACC0-BF4CD1113C4B}.Debug|x64.ActiveCfg = Debug|x64
		{DB033B46-395E-47E1-ACC0-BF4CD1113C4B}.Debug|x64.Build.0 = Debug|x64
		{DB033B46-395E-47E1-ACC0-BF4CD1113C4B}.Debug|x86.ActiveCfg = Debug|Win32
		{DB033B46-395E-47E1-ACC0-BF4CD1113C4B}.Debug|x86.Build.0 = Debug|Win32
		{DB033B46-395E-47E1-ACC0-BF4CD1113C4B}.Release|x64.ActiveCfg = Release|x64
		{DB033B46-395E-47E1-ACC0-BF4CD1113C4B}.Release|x64.Build.0 = Release|x64
		{DB033B46-395E-47E1-ACC0-BF4CD1113C4B}.Release|x86.ActiveCfg = Release|Win32
		{DB033B46-395E-47E1-ACC0-BF4CD1113C4B}.Release|x86.Build.0 = Release|Win32
		{5E5A6DF9-762C-40FF-AEFC-179F4B8C90FC}.Debug|x64.ActiveCfg = Debug|x64
		{5E5A6DF9-762C-40FF-AEFC-179F4B8C90FC}.Debug|x64.Build.0 = Debug|x64
		{5E5A6DF9-762C-40FF-AEFC-179F4B8C90FC}.Debug|x86.ActiveCfg = Debug|Win32
		{5E5A6DF9-762C-40FF-AEFC-179F4B8C90FC}.Debug|x86.Build.0 = Debug|Win32
		{5E5A6DF9-762C-40FF-AEFC-179F4B8C90FC}.Release|x64.ActiveCfg = Release|x64
		{5E5A6DF9-762C-40FF-AEFC-179F4B8C90FC}.Release|x64.Build.0 = Release|x64
		{5E5A6DF9-762C-40FF-AEFC-179F4B8C90FC}.Release|x86.ActiveCfg = Release|Win32
		{5E5A6DF9-762C-40FF-AEFC-179F4B8C90FC}.Release|x86.Build.0 = Release|Win32
		{0123B5AF-D26F-4174-93CF-18EE4E187BA6}.Debug|x64.ActiveCfg = Debug|x64
		{0123B5AF-D26F-4174-93CF-18EE4E187BA6}.Debug|x64.Build.0 = Debug|x64
		{0123B5AF-D26F-4174-93CF-18EE4E187BA6}.Debug|x86.ActiveCfg = Debug|Win32
		{0123B5AF-D26F-4174-93CF-18EE4E187BA6}.Debug|x86.Build.0 = Debug|Win32
		{0123B5AF-D26F-4174-93CF-18EE4E187BA6}.Release|x64.ActiveCfg = Release|x64
		{0123B5AF-D26F-4174-93CF-18EE4E187BA6}.Release|x64.Build.0 = Release|x64
		{0123B5AF-D26F-4174-93CF-18EE4E187BA6}.Release|x86.ActiveCfg = Release|Win32
		{0123B5AF-D26F-4174-93CF-18EE4E187BA6}.Release|x86.Build.0 = Release|Win32
		{7E6D6EBE-B720-40D7-BE49-57095BEDC639}.Debug|x64.ActiveCfg = Debug|x64
		{7E6D6EBE-B720-40D7-BE49-57095BEDC639}.Debug|x64.Build.0 = Debug|x64
		{7E6D6EBE-B720-40D7-BE49-57095BEDC639}.Debug|x86.ActiveCfg = Debug|Win32
		{7E6D6EBE-B720-40D7-BE49-57095BEDC639}.Debug|x86.Build.0 = Debug|Win32
		{7E6D6EBE-B720-40D7-BE49-57095BEDC639}.Release|x64.ActiveCfg = Release|x64
		{7E6D6EBE-B720-40D7-BE49-57095BEDC639}.Release|x64.Build.0 = Release|x64
		{7E6D6EBE-B720-40D7-BE49-57095BEDC639}.Release|x86.ActiveCfg = Release|Win32
		{7E6D6EBE-B720-40D7-BE49-57095BEDC639}.Release|x86.Build.0 = Release|Win32
		{61583E83-B2CA-41B5-A220-6128783AFAC8}.Debug|x64.ActiveCfg = Debug|x64
		{61583E83-B2CA-41B5-A220-6128783AFAC8}.Debug|x64.Build.0 = Debug|x64
		{61583E83-B2CA-41B5-A220-6128783AFAC8}.Debug|x86.ActiveCfg = Debug|Win32
		{61583E83-B2CA-41B5-A220-6128783AFAC8}.Debug|x86.Build.0 = Debug|Win32
		{61583E83-B2CA-41B5-A220-6128783AFAC8}.Release|x64.ActiveCfg = Release|x64
		{61583E83-B2CA-41B5-A220-6128783AFAC8}.Release|x64.Build.0 = Release|x64
		{61583E83-B2CA-41B5-A220-6128783AFAC8}.Release|x86.ActiveCfg = Release|Win32
		{61583E83-B2CA-41B5-A220-6128783AFAC8}.Release|x86.Build.0 = Release|Win32
		{1259E91D-AC4A-4E34-98ED-C29024CFAE78}.Debug|x64.ActiveCfg = Debug|x64
		{1259E91D-AC4A-4E34-98ED-C29024CFAE78}.Debug|x64.Build.0 = Debug|x64
		{1259E91D-AC4A-4E34-98ED-C29024CFAE78}.Debug|x86.ActiveCfg = Debug|Win32
		{1259E91D-AC4A-4E34-98ED-C29024CFAE78}.Debug|x86.Build.0 = Debug|Win32
		{1259E91D-AC4A-4E34-98ED-C29024CFAE78}.Release|x64.ActiveCfg = Release|x64
		{1259E91D-AC4A-4E34-98ED-C29024CFAE78}.Release|x64.Build.0 = Release|x64
		{1259E91D-AC4A-4E34-98ED-C29024CFAE78}.Release|x86.ActiveCfg = Release|Win32
		{1259E91D-AC4A-4E34-98ED-C29024CFAE78}.Release|x86.Build.0 = Release|Win32
		{F2C106C3-23B7-4128-99F1-3A9382B8A1D2}.Debug|x64.ActiveCfg = Debug|x64
		{F2C106C3-23B7-4128-99F1-3A9382B8A1D2}.Debug|x64.Build.0 = Debug|x64
		{F2C106C3-23B7-4128-99F1-3A9382B8A1D2}.Debug|x86.ActiveCfg = Debug|Win32
		{F2C106C3-23B7-4128-99F1-3A9382B8A1D2}.Debug|x86.Build.0 = Debug|Win32
		{F2C106C3-23B7-4128-99F1-3A9382B8A1D2}.Release|x64.ActiveCfg = Release|x64
		{F2C106C3-23B7-4128-99F1-3A9382B8A1D2}.Release|x64.Build.0 = Release|x64
		{F2C106C3-23B7-4128-99F1-3A9382B8A1D2}.Release|x86.ActiveCfg = Release|Win32
		{F2C106C3-23B7-4128-99F1-3A9382B8A1D2}.Release|x86.Build.0 = Release|Win32
		{E2C143CE-E0FD-4C5A-9684-55A8D30FD282}.Debug|x64.ActiveCfg = Debug|x64
		{E2C143CE-E0FD-4C5A-9684-55A8D30FD282}.Debug|x64.Build.0 = Debug|x64
		{E2C143CE-E0FD-4C5A-9684-55A8D30FD282}.Debug|x86.ActiveCfg = Debug|Win32
		{E2C143CE-E0FD-4C5A-9684-55A8D30FD282}.Debug|x86.Build.0 = Debug|Win32
		{E2C143CE-E0FD-4C5A-9684-55A8D30FD282}.Release|x64.ActiveCfg = Release|x64
		{E2C143CE-E0FD-4C5A-9684-55A8D30FD282}.Release|x64.Build.0 = Release|x64
		{E2C143CE-E0FD-4C5A-9684-55A8D30FD282}.Release|x86.ActiveCfg = Release|Win32
		{E2C143CE-E0FD-4C5A-9684-55A8D30FD282}.Release|x86.Build.0 = Release|Win32
		{88EDF6B6-673D-46C3-B8AF-7B7C1D16BD6E}.Debug|x64.ActiveCfg = Debug|x64
		{88EDF6B6-673D-46C3-B8AF-7B7C1D16BD6E}.Debug|x64.Build.0 = Debug|x64
		{88EDF6B6-673D-46C3-B8AF-7B7C1D16BD6E}.Debug|x86.ActiveCfg = Debug|Win32
		{88EDF6B6-673D-46C3-B8AF-7B7C1D16BD6E}.Debug|x86.Build.0 = Debug|Win32
		{88EDF6B6-673D-46C3-B8AF-7B7C1D16BD6E}.Release|x64.ActiveCfg = Release|x64
		{88EDF6B6-673D-46C3-B8AF-7B7C1D16BD6E}.Release|x64.Build.0 = Release|x64
		{88EDF6B6-673D-46C3-B8AF-7B7C1D16BD6E}.Release|x86.ActiveCfg = Release|Win32
		{88EDF6B6-673D-46C3-B8AF-7B7C1D16BD6E}.Release|x86.Build.0 = Release|Win32
	EndGlobalSection
	GlobalSection(SolutionProperties) = preSolution
		HideSolutionNode = FALSE
	EndGlobalSection
	GlobalSection(ExtensibilityGlobals) = postSolution
		SolutionGuid = {40898538-4CF6-4451-ACC3-07B5C9B8B2B4}
	EndGlobalSection
EndGlobal
