
Microsoft Visual Studio Solution File, Format Version 12.00
# Visual Studio Version 17
VisualStudioVersion = 17.7.34202.233
MinimumVisualStudioVersion = 10.0.40219.1
Project("{8BC9CEB8-8B4A-11D0-8D11-00A0C91BC942}") = "Bai004", "Bai004\Bai004.vcxproj", "{FFD19F1F-E186-4FA9-AFA3-5E20E296439F}"
EndProject
Project("{8BC9CEB8-8B4A-11D0-8D11-00A0C91BC942}") = "Bai009", "Bai009\Bai009.vcxproj", "{BBECD1EB-EE74-4C25-8F44-7DD6D4AC87D6}"
EndProject
Project("{8BC9CEB8-8B4A-11D0-8D11-00A0C91BC942}") = "Bai014", "Bai014\Bai014.vcxproj", "{D4D0AE99-1C47-44B4-B82D-AA3BD59B8BBD}"
EndProject
Project("{8BC9CEB8-8B4A-11D0-8D11-00A0C91BC942}") = "Bai019", "Bai019\Bai019.vcxproj", "{8EFA1A3A-582F-488D-AC09-C9B11C235D7C}"
EndProject
Project("{8BC9CEB8-8B4A-11D0-8D11-00A0C91BC942}") = "Bai024", "Bai024\Bai024.vcxproj", "{4EC8AED3-33BE-4AA8-8492-EE8BBB0D659B}"
EndProject
Project("{8BC9CEB8-8B4A-11D0-8D11-00A0C91BC942}") = "Bai029", "Bai029\Bai029.vcxproj", "{C1B3635F-D58D-45F6-9D52-130EB0417F4A}"
EndProject
Project("{8BC9CEB8-8B4A-11D0-8D11-00A0C91BC942}") = "Bai034", "Bai034\Bai034.vcxproj", "{DC47B858-B699-4A0E-BCCD-EB4E62F1D21D}"
EndProject
Project("{8BC9CEB8-8B4A-11D0-8D11-00A0C91BC942}") = "Bai039", "Bai039\Bai039.vcxproj", "{8F5213F6-DCD0-4178-B753-D8DE7E5258AE}"
EndProject
Project("{8BC9CEB8-8B4A-11D0-8D11-00A0C91BC942}") = "Bai044", "Bai044\Bai044.vcxproj", "{241D8C70-C077-4C2D-83DF-4B7C0D730CCE}"
EndProject
Project("{8BC9CEB8-8B4A-11D0-8D11-00A0C91BC942}") = "Bai049", "Bai049\Bai049.vcxproj", "{D2A89C62-78D1-4A5D-A277-8BEDC3D84689}"
EndProject
Project("{8BC9CEB8-8B4A-11D0-8D11-00A0C91BC942}") = "Bai054", "Bai054\Bai054.vcxproj", "{5A26AF11-4867-45AE-A815-63B5AAAA388C}"
EndProject
Project("{8BC9CEB8-8B4A-11D0-8D11-00A0C91BC942}") = "Bai059", "Bai059\Bai059.vcxproj", "{2D1FDFF2-F422-44FF-A365-A105556D3DF4}"
EndProject
Project("{8BC9CEB8-8B4A-11D0-8D11-00A0C91BC942}") = "Bai064", "Bai064\Bai064.vcxproj", "{281C1B2C-E345-4513-A36D-A13D610D75F7}"
EndProject
Project("{8BC9CEB8-8B4A-11D0-8D11-00A0C91BC942}") = "Bai069", "Bai069\Bai069.vcxproj", "{DE8FFDD7-5596-4AB2-93CA-E2B5ECA73B5E}"
EndProject
Project("{8BC9CEB8-8B4A-11D0-8D11-00A0C91BC942}") = "Bai074", "Bai074\Bai074.vcxproj", "{EF9155BB-3DE1-4B9D-AD82-BF11D6A9E8E0}"
EndProject
Project("{8BC9CEB8-8B4A-11D0-8D11-00A0C91BC942}") = "Bai079", "Bai079\Bai079.vcxproj", "{5B51DCDD-2984-4B05-8C06-D3E03BC41919}"
EndProject
Project("{8BC9CEB8-8B4A-11D0-8D11-00A0C91BC942}") = "Bai084", "Bai084\Bai084.vcxproj", "{52D91E61-20FA-4DE5-897A-DED3F302C3BA}"
EndProject
Project("{8BC9CEB8-8B4A-11D0-8D11-00A0C91BC942}") = "Bai089", "Bai089\Bai089.vcxproj", "{0FBA3B36-D06A-4247-BBAF-58B849DD7F03}"
EndProject
Project("{8BC9CEB8-8B4A-11D0-8D11-00A0C91BC942}") = "Bai094", "Bai094\Bai094.vcxproj", "{1F4B4D74-7E8B-4007-BF8B-D5B8F89FFB7B}"
EndProject
Project("{8BC9CEB8-8B4A-11D0-8D11-00A0C91BC942}") = "Bai099", "Bai099\Bai099.vcxproj", "{62A7BCF1-CC7C-4E15-B834-E8A7D002759F}"
EndProject
Project("{8BC9CEB8-8B4A-11D0-8D11-00A0C91BC942}") = "Bai104", "Bai104\Bai104.vcxproj", "{0A8D9291-7844-49B2-B5F5-0F248EDCCC13}"
EndProject
Project("{8BC9CEB8-8B4A-11D0-8D11-00A0C91BC942}") = "Bai109", "Bai109\Bai109.vcxproj", "{356FA5FA-AA77-46A1-98FD-87D2EE4511D0}"
EndProject
Project("{8BC9CEB8-8B4A-11D0-8D11-00A0C91BC942}") = "Bai114", "Bai114\Bai114.vcxproj", "{680B812B-EF03-48D5-8306-07801EE7FD67}"
EndProject
Project("{8BC9CEB8-8B4A-11D0-8D11-00A0C91BC942}") = "Bai119", "Bai119\Bai119.vcxproj", "{3555037D-CE3A-48C3-BE4E-0C7BAAE68732}"
EndProject
Project("{8BC9CEB8-8B4A-11D0-8D11-00A0C91BC942}") = "Bai124", "Bai124\Bai124.vcxproj", "{603645CF-9E8B-4624-B78C-20C9C9A794A1}"
EndProject
Project("{8BC9CEB8-8B4A-11D0-8D11-00A0C91BC942}") = "Bai129", "Bai129\Bai129.vcxproj", "{F58689B5-F366-4C70-82C9-9307A252949E}"
EndProject
Project("{8BC9CEB8-8B4A-11D0-8D11-00A0C91BC942}") = "Bai134", "Bai134\Bai134.vcxproj", "{EC8BAE09-01AC-4279-982C-C0A6942B15B4}"
EndProject
Project("{8BC9CEB8-8B4A-11D0-8D11-00A0C91BC942}") = "Bai139", "Bai139\Bai139.vcxproj", "{C440DE17-F1B2-44F9-B6A2-35705C9EC3AD}"
EndProject
Project("{8BC9CEB8-8B4A-11D0-8D11-00A0C91BC942}") = "Bai144", "Bai144\Bai144.vcxproj", "{64ED3DEF-9642-4C38-9659-0C86253A0303}"
EndProject
Project("{8BC9CEB8-8B4A-11D0-8D11-00A0C91BC942}") = "Bai169", "Bai169\Bai169.vcxproj", "{1D5889F2-BCA2-4510-8BE1-E942336B8084}"
EndProject
Project("{8BC9CEB8-8B4A-11D0-8D11-00A0C91BC942}") = "Bai164", "Bai164\Bai164.vcxproj", "{9F5C26DA-FEE7-4EB7-86E8-C4C4B7F36CC6}"
EndProject
Project("{8BC9CEB8-8B4A-11D0-8D11-00A0C91BC942}") = "Bai159", "Bai159\Bai159.vcxproj", "{E832B642-C9BB-49D7-B48E-7464E06AD849}"
EndProject
Project("{8BC9CEB8-8B4A-11D0-8D11-00A0C91BC942}") = "Bai154", "Bai154\Bai154.vcxproj", "{F4CD2DFA-8371-469F-AE39-EC222BD52DC2}"
EndProject
Project("{8BC9CEB8-8B4A-11D0-8D11-00A0C91BC942}") = "Bai149", "Bai149\Bai149.vcxproj", "{3A757A26-FEC8-4254-82A0-3019ABE8AAD4}"
EndProject
Global
	GlobalSection(SolutionConfigurationPlatforms) = preSolution
		Debug|x64 = Debug|x64
		Debug|x86 = Debug|x86
		Release|x64 = Release|x64
		Release|x86 = Release|x86
	EndGlobalSection
	GlobalSection(ProjectConfigurationPlatforms) = postSolution
		{FFD19F1F-E186-4FA9-AFA3-5E20E296439F}.Debug|x64.ActiveCfg = Debug|x64
		{FFD19F1F-E186-4FA9-AFA3-5E20E296439F}.Debug|x64.Build.0 = Debug|x64
		{FFD19F1F-E186-4FA9-AFA3-5E20E296439F}.Debug|x86.ActiveCfg = Debug|Win32
		{FFD19F1F-E186-4FA9-AFA3-5E20E296439F}.Debug|x86.Build.0 = Debug|Win32
		{FFD19F1F-E186-4FA9-AFA3-5E20E296439F}.Release|x64.ActiveCfg = Release|x64
		{FFD19F1F-E186-4FA9-AFA3-5E20E296439F}.Release|x64.Build.0 = Release|x64
		{FFD19F1F-E186-4FA9-AFA3-5E20E296439F}.Release|x86.ActiveCfg = Release|Win32
		{FFD19F1F-E186-4FA9-AFA3-5E20E296439F}.Release|x86.Build.0 = Release|Win32
		{BBECD1EB-EE74-4C25-8F44-7DD6D4AC87D6}.Debug|x64.ActiveCfg = Debug|x64
		{BBECD1EB-EE74-4C25-8F44-7DD6D4AC87D6}.Debug|x64.Build.0 = Debug|x64
		{BBECD1EB-EE74-4C25-8F44-7DD6D4AC87D6}.Debug|x86.ActiveCfg = Debug|Win32
		{BBECD1EB-EE74-4C25-8F44-7DD6D4AC87D6}.Debug|x86.Build.0 = Debug|Win32
		{BBECD1EB-EE74-4C25-8F44-7DD6D4AC87D6}.Release|x64.ActiveCfg = Release|x64
		{BBECD1EB-EE74-4C25-8F44-7DD6D4AC87D6}.Release|x64.Build.0 = Release|x64
		{BBECD1EB-EE74-4C25-8F44-7DD6D4AC87D6}.Release|x86.ActiveCfg = Release|Win32
		{BBECD1EB-EE74-4C25-8F44-7DD6D4AC87D6}.Release|x86.Build.0 = Release|Win32
		{D4D0AE99-1C47-44B4-B82D-AA3BD59B8BBD}.Debug|x64.ActiveCfg = Debug|x64
		{D4D0AE99-1C47-44B4-B82D-AA3BD59B8BBD}.Debug|x64.Build.0 = Debug|x64
		{D4D0AE99-1C47-44B4-B82D-AA3BD59B8BBD}.Debug|x86.ActiveCfg = Debug|Win32
		{D4D0AE99-1C47-44B4-B82D-AA3BD59B8BBD}.Debug|x86.Build.0 = Debug|Win32
		{D4D0AE99-1C47-44B4-B82D-AA3BD59B8BBD}.Release|x64.ActiveCfg = Release|x64
		{D4D0AE99-1C47-44B4-B82D-AA3BD59B8BBD}.Release|x64.Build.0 = Release|x64
		{D4D0AE99-1C47-44B4-B82D-AA3BD59B8BBD}.Release|x86.ActiveCfg = Release|Win32
		{D4D0AE99-1C47-44B4-B82D-AA3BD59B8BBD}.Release|x86.Build.0 = Release|Win32
		{8EFA1A3A-582F-488D-AC09-C9B11C235D7C}.Debug|x64.ActiveCfg = Debug|x64
		{8EFA1A3A-582F-488D-AC09-C9B11C235D7C}.Debug|x64.Build.0 = Debug|x64
		{8EFA1A3A-582F-488D-AC09-C9B11C235D7C}.Debug|x86.ActiveCfg = Debug|Win32
		{8EFA1A3A-582F-488D-AC09-C9B11C235D7C}.Debug|x86.Build.0 = Debug|Win32
		{8EFA1A3A-582F-488D-AC09-C9B11C235D7C}.Release|x64.ActiveCfg = Release|x64
		{8EFA1A3A-582F-488D-AC09-C9B11C235D7C}.Release|x64.Build.0 = Release|x64
		{8EFA1A3A-582F-488D-AC09-C9B11C235D7C}.Release|x86.ActiveCfg = Release|Win32
		{8EFA1A3A-582F-488D-AC09-C9B11C235D7C}.Release|x86.Build.0 = Release|Win32
		{4EC8AED3-33BE-4AA8-8492-EE8BBB0D659B}.Debug|x64.ActiveCfg = Debug|x64
		{4EC8AED3-33BE-4AA8-8492-EE8BBB0D659B}.Debug|x64.Build.0 = Debug|x64
		{4EC8AED3-33BE-4AA8-8492-EE8BBB0D659B}.Debug|x86.ActiveCfg = Debug|Win32
		{4EC8AED3-33BE-4AA8-8492-EE8BBB0D659B}.Debug|x86.Build.0 = Debug|Win32
		{4EC8AED3-33BE-4AA8-8492-EE8BBB0D659B}.Release|x64.ActiveCfg = Release|x64
		{4EC8AED3-33BE-4AA8-8492-EE8BBB0D659B}.Release|x64.Build.0 = Release|x64
		{4EC8AED3-33BE-4AA8-8492-EE8BBB0D659B}.Release|x86.ActiveCfg = Release|Win32
		{4EC8AED3-33BE-4AA8-8492-EE8BBB0D659B}.Release|x86.Build.0 = Release|Win32
		{C1B3635F-D58D-45F6-9D52-130EB0417F4A}.Debug|x64.ActiveCfg = Debug|x64
		{C1B3635F-D58D-45F6-9D52-130EB0417F4A}.Debug|x64.Build.0 = Debug|x64
		{C1B3635F-D58D-45F6-9D52-130EB0417F4A}.Debug|x86.ActiveCfg = Debug|Win32
		{C1B3635F-D58D-45F6-9D52-130EB0417F4A}.Debug|x86.Build.0 = Debug|Win32
		{C1B3635F-D58D-45F6-9D52-130EB0417F4A}.Release|x64.ActiveCfg = Release|x64
		{C1B3635F-D58D-45F6-9D52-130EB0417F4A}.Release|x64.Build.0 = Release|x64
		{C1B3635F-D58D-45F6-9D52-130EB0417F4A}.Release|x86.ActiveCfg = Release|Win32
		{C1B3635F-D58D-45F6-9D52-130EB0417F4A}.Release|x86.Build.0 = Release|Win32
		{DC47B858-B699-4A0E-BCCD-EB4E62F1D21D}.Debug|x64.ActiveCfg = Debug|x64
		{DC47B858-B699-4A0E-BCCD-EB4E62F1D21D}.Debug|x64.Build.0 = Debug|x64
		{DC47B858-B699-4A0E-BCCD-EB4E62F1D21D}.Debug|x86.ActiveCfg = Debug|Win32
		{DC47B858-B699-4A0E-BCCD-EB4E62F1D21D}.Debug|x86.Build.0 = Debug|Win32
		{DC47B858-B699-4A0E-BCCD-EB4E62F1D21D}.Release|x64.ActiveCfg = Release|x64
		{DC47B858-B699-4A0E-BCCD-EB4E62F1D21D}.Release|x64.Build.0 = Release|x64
		{DC47B858-B699-4A0E-BCCD-EB4E62F1D21D}.Release|x86.ActiveCfg = Release|Win32
		{DC47B858-B699-4A0E-BCCD-EB4E62F1D21D}.Release|x86.Build.0 = Release|Win32
		{8F5213F6-DCD0-4178-B753-D8DE7E5258AE}.Debug|x64.ActiveCfg = Debug|x64
		{8F5213F6-DCD0-4178-B753-D8DE7E5258AE}.Debug|x64.Build.0 = Debug|x64
		{8F5213F6-DCD0-4178-B753-D8DE7E5258AE}.Debug|x86.ActiveCfg = Debug|Win32
		{8F5213F6-DCD0-4178-B753-D8DE7E5258AE}.Debug|x86.Build.0 = Debug|Win32
		{8F5213F6-DCD0-4178-B753-D8DE7E5258AE}.Release|x64.ActiveCfg = Release|x64
		{8F5213F6-DCD0-4178-B753-D8DE7E5258AE}.Release|x64.Build.0 = Release|x64
		{8F5213F6-DCD0-4178-B753-D8DE7E5258AE}.Release|x86.ActiveCfg = Release|Win32
		{8F5213F6-DCD0-4178-B753-D8DE7E5258AE}.Release|x86.Build.0 = Release|Win32
		{241D8C70-C077-4C2D-83DF-4B7C0D730CCE}.Debug|x64.ActiveCfg = Debug|x64
		{241D8C70-C077-4C2D-83DF-4B7C0D730CCE}.Debug|x64.Build.0 = Debug|x64
		{241D8C70-C077-4C2D-83DF-4B7C0D730CCE}.Debug|x86.ActiveCfg = Debug|Win32
		{241D8C70-C077-4C2D-83DF-4B7C0D730CCE}.Debug|x86.Build.0 = Debug|Win32
		{241D8C70-C077-4C2D-83DF-4B7C0D730CCE}.Release|x64.ActiveCfg = Release|x64
		{241D8C70-C077-4C2D-83DF-4B7C0D730CCE}.Release|x64.Build.0 = Release|x64
		{241D8C70-C077-4C2D-83DF-4B7C0D730CCE}.Release|x86.ActiveCfg = Release|Win32
		{241D8C70-C077-4C2D-83DF-4B7C0D730CCE}.Release|x86.Build.0 = Release|Win32
		{D2A89C62-78D1-4A5D-A277-8BEDC3D84689}.Debug|x64.ActiveCfg = Debug|x64
		{D2A89C62-78D1-4A5D-A277-8BEDC3D84689}.Debug|x64.Build.0 = Debug|x64
		{D2A89C62-78D1-4A5D-A277-8BEDC3D84689}.Debug|x86.ActiveCfg = Debug|Win32
		{D2A89C62-78D1-4A5D-A277-8BEDC3D84689}.Debug|x86.Build.0 = Debug|Win32
		{D2A89C62-78D1-4A5D-A277-8BEDC3D84689}.Release|x64.ActiveCfg = Release|x64
		{D2A89C62-78D1-4A5D-A277-8BEDC3D84689}.Release|x64.Build.0 = Release|x64
		{D2A89C62-78D1-4A5D-A277-8BEDC3D84689}.Release|x86.ActiveCfg = Release|Win32
		{D2A89C62-78D1-4A5D-A277-8BEDC3D84689}.Release|x86.Build.0 = Release|Win32
		{5A26AF11-4867-45AE-A815-63B5AAAA388C}.Debug|x64.ActiveCfg = Debug|x64
		{5A26AF11-4867-45AE-A815-63B5AAAA388C}.Debug|x64.Build.0 = Debug|x64
		{5A26AF11-4867-45AE-A815-63B5AAAA388C}.Debug|x86.ActiveCfg = Debug|Win32
		{5A26AF11-4867-45AE-A815-63B5AAAA388C}.Debug|x86.Build.0 = Debug|Win32
		{5A26AF11-4867-45AE-A815-63B5AAAA388C}.Release|x64.ActiveCfg = Release|x64
		{5A26AF11-4867-45AE-A815-63B5AAAA388C}.Release|x64.Build.0 = Release|x64
		{5A26AF11-4867-45AE-A815-63B5AAAA388C}.Release|x86.ActiveCfg = Release|Win32
		{5A26AF11-4867-45AE-A815-63B5AAAA388C}.Release|x86.Build.0 = Release|Win32
		{2D1FDFF2-F422-44FF-A365-A105556D3DF4}.Debug|x64.ActiveCfg = Debug|x64
		{2D1FDFF2-F422-44FF-A365-A105556D3DF4}.Debug|x64.Build.0 = Debug|x64
		{2D1FDFF2-F422-44FF-A365-A105556D3DF4}.Debug|x86.ActiveCfg = Debug|Win32
		{2D1FDFF2-F422-44FF-A365-A105556D3DF4}.Debug|x86.Build.0 = Debug|Win32
		{2D1FDFF2-F422-44FF-A365-A105556D3DF4}.Release|x64.ActiveCfg = Release|x64
		{2D1FDFF2-F422-44FF-A365-A105556D3DF4}.Release|x64.Build.0 = Release|x64
		{2D1FDFF2-F422-44FF-A365-A105556D3DF4}.Release|x86.ActiveCfg = Release|Win32
		{2D1FDFF2-F422-44FF-A365-A105556D3DF4}.Release|x86.Build.0 = Release|Win32
		{281C1B2C-E345-4513-A36D-A13D610D75F7}.Debug|x64.ActiveCfg = Debug|x64
		{281C1B2C-E345-4513-A36D-A13D610D75F7}.Debug|x64.Build.0 = Debug|x64
		{281C1B2C-E345-4513-A36D-A13D610D75F7}.Debug|x86.ActiveCfg = Debug|Win32
		{281C1B2C-E345-4513-A36D-A13D610D75F7}.Debug|x86.Build.0 = Debug|Win32
		{281C1B2C-E345-4513-A36D-A13D610D75F7}.Release|x64.ActiveCfg = Release|x64
		{281C1B2C-E345-4513-A36D-A13D610D75F7}.Release|x64.Build.0 = Release|x64
		{281C1B2C-E345-4513-A36D-A13D610D75F7}.Release|x86.ActiveCfg = Release|Win32
		{281C1B2C-E345-4513-A36D-A13D610D75F7}.Release|x86.Build.0 = Release|Win32
		{DE8FFDD7-5596-4AB2-93CA-E2B5ECA73B5E}.Debug|x64.ActiveCfg = Debug|x64
		{DE8FFDD7-5596-4AB2-93CA-E2B5ECA73B5E}.Debug|x64.Build.0 = Debug|x64
		{DE8FFDD7-5596-4AB2-93CA-E2B5ECA73B5E}.Debug|x86.ActiveCfg = Debug|Win32
		{DE8FFDD7-5596-4AB2-93CA-E2B5ECA73B5E}.Debug|x86.Build.0 = Debug|Win32
		{DE8FFDD7-5596-4AB2-93CA-E2B5ECA73B5E}.Release|x64.ActiveCfg = Release|x64
		{DE8FFDD7-5596-4AB2-93CA-E2B5ECA73B5E}.Release|x64.Build.0 = Release|x64
		{DE8FFDD7-5596-4AB2-93CA-E2B5ECA73B5E}.Release|x86.ActiveCfg = Release|Win32
		{DE8FFDD7-5596-4AB2-93CA-E2B5ECA73B5E}.Release|x86.Build.0 = Release|Win32
		{EF9155BB-3DE1-4B9D-AD82-BF11D6A9E8E0}.Debug|x64.ActiveCfg = Debug|x64
		{EF9155BB-3DE1-4B9D-AD82-BF11D6A9E8E0}.Debug|x64.Build.0 = Debug|x64
		{EF9155BB-3DE1-4B9D-AD82-BF11D6A9E8E0}.Debug|x86.ActiveCfg = Debug|Win32
		{EF9155BB-3DE1-4B9D-AD82-BF11D6A9E8E0}.Debug|x86.Build.0 = Debug|Win32
		{EF9155BB-3DE1-4B9D-AD82-BF11D6A9E8E0}.Release|x64.ActiveCfg = Release|x64
		{EF9155BB-3DE1-4B9D-AD82-BF11D6A9E8E0}.Release|x64.Build.0 = Release|x64
		{EF9155BB-3DE1-4B9D-AD82-BF11D6A9E8E0}.Release|x86.ActiveCfg = Release|Win32
		{EF9155BB-3DE1-4B9D-AD82-BF11D6A9E8E0}.Release|x86.Build.0 = Release|Win32
		{5B51DCDD-2984-4B05-8C06-D3E03BC41919}.Debug|x64.ActiveCfg = Debug|x64
		{5B51DCDD-2984-4B05-8C06-D3E03BC41919}.Debug|x64.Build.0 = Debug|x64
		{5B51DCDD-2984-4B05-8C06-D3E03BC41919}.Debug|x86.ActiveCfg = Debug|Win32
		{5B51DCDD-2984-4B05-8C06-D3E03BC41919}.Debug|x86.Build.0 = Debug|Win32
		{5B51DCDD-2984-4B05-8C06-D3E03BC41919}.Release|x64.ActiveCfg = Release|x64
		{5B51DCDD-2984-4B05-8C06-D3E03BC41919}.Release|x64.Build.0 = Release|x64
		{5B51DCDD-2984-4B05-8C06-D3E03BC41919}.Release|x86.ActiveCfg = Release|Win32
		{5B51DCDD-2984-4B05-8C06-D3E03BC41919}.Release|x86.Build.0 = Release|Win32
		{52D91E61-20FA-4DE5-897A-DED3F302C3BA}.Debug|x64.ActiveCfg = Debug|x64
		{52D91E61-20FA-4DE5-897A-DED3F302C3BA}.Debug|x64.Build.0 = Debug|x64
		{52D91E61-20FA-4DE5-897A-DED3F302C3BA}.Debug|x86.ActiveCfg = Debug|Win32
		{52D91E61-20FA-4DE5-897A-DED3F302C3BA}.Debug|x86.Build.0 = Debug|Win32
		{52D91E61-20FA-4DE5-897A-DED3F302C3BA}.Release|x64.ActiveCfg = Release|x64
		{52D91E61-20FA-4DE5-897A-DED3F302C3BA}.Release|x64.Build.0 = Release|x64
		{52D91E61-20FA-4DE5-897A-DED3F302C3BA}.Release|x86.ActiveCfg = Release|Win32
		{52D91E61-20FA-4DE5-897A-DED3F302C3BA}.Release|x86.Build.0 = Release|Win32
		{0FBA3B36-D06A-4247-BBAF-58B849DD7F03}.Debug|x64.ActiveCfg = Debug|x64
		{0FBA3B36-D06A-4247-BBAF-58B849DD7F03}.Debug|x64.Build.0 = Debug|x64
		{0FBA3B36-D06A-4247-BBAF-58B849DD7F03}.Debug|x86.ActiveCfg = Debug|Win32
		{0FBA3B36-D06A-4247-BBAF-58B849DD7F03}.Debug|x86.Build.0 = Debug|Win32
		{0FBA3B36-D06A-4247-BBAF-58B849DD7F03}.Release|x64.ActiveCfg = Release|x64
		{0FBA3B36-D06A-4247-BBAF-58B849DD7F03}.Release|x64.Build.0 = Release|x64
		{0FBA3B36-D06A-4247-BBAF-58B849DD7F03}.Release|x86.ActiveCfg = Release|Win32
		{0FBA3B36-D06A-4247-BBAF-58B849DD7F03}.Release|x86.Build.0 = Release|Win32
		{1F4B4D74-7E8B-4007-BF8B-D5B8F89FFB7B}.Debug|x64.ActiveCfg = Debug|x64
		{1F4B4D74-7E8B-4007-BF8B-D5B8F89FFB7B}.Debug|x64.Build.0 = Debug|x64
		{1F4B4D74-7E8B-4007-BF8B-D5B8F89FFB7B}.Debug|x86.ActiveCfg = Debug|Win32
		{1F4B4D74-7E8B-4007-BF8B-D5B8F89FFB7B}.Debug|x86.Build.0 = Debug|Win32
		{1F4B4D74-7E8B-4007-BF8B-D5B8F89FFB7B}.Release|x64.ActiveCfg = Release|x64
		{1F4B4D74-7E8B-4007-BF8B-D5B8F89FFB7B}.Release|x64.Build.0 = Release|x64
		{1F4B4D74-7E8B-4007-BF8B-D5B8F89FFB7B}.Release|x86.ActiveCfg = Release|Win32
		{1F4B4D74-7E8B-4007-BF8B-D5B8F89FFB7B}.Release|x86.Build.0 = Release|Win32
		{62A7BCF1-CC7C-4E15-B834-E8A7D002759F}.Debug|x64.ActiveCfg = Debug|x64
		{62A7BCF1-CC7C-4E15-B834-E8A7D002759F}.Debug|x64.Build.0 = Debug|x64
		{62A7BCF1-CC7C-4E15-B834-E8A7D002759F}.Debug|x86.ActiveCfg = Debug|Win32
		{62A7BCF1-CC7C-4E15-B834-E8A7D002759F}.Debug|x86.Build.0 = Debug|Win32
		{62A7BCF1-CC7C-4E15-B834-E8A7D002759F}.Release|x64.ActiveCfg = Release|x64
		{62A7BCF1-CC7C-4E15-B834-E8A7D002759F}.Release|x64.Build.0 = Release|x64
		{62A7BCF1-CC7C-4E15-B834-E8A7D002759F}.Release|x86.ActiveCfg = Release|Win32
		{62A7BCF1-CC7C-4E15-B834-E8A7D002759F}.Release|x86.Build.0 = Release|Win32
		{0A8D9291-7844-49B2-B5F5-0F248EDCCC13}.Debug|x64.ActiveCfg = Debug|x64
		{0A8D9291-7844-49B2-B5F5-0F248EDCCC13}.Debug|x64.Build.0 = Debug|x64
		{0A8D9291-7844-49B2-B5F5-0F248EDCCC13}.Debug|x86.ActiveCfg = Debug|Win32
		{0A8D9291-7844-49B2-B5F5-0F248EDCCC13}.Debug|x86.Build.0 = Debug|Win32
		{0A8D9291-7844-49B2-B5F5-0F248EDCCC13}.Release|x64.ActiveCfg = Release|x64
		{0A8D9291-7844-49B2-B5F5-0F248EDCCC13}.Release|x64.Build.0 = Release|x64
		{0A8D9291-7844-49B2-B5F5-0F248EDCCC13}.Release|x86.ActiveCfg = Release|Win32
		{0A8D9291-7844-49B2-B5F5-0F248EDCCC13}.Release|x86.Build.0 = Release|Win32
		{356FA5FA-AA77-46A1-98FD-87D2EE4511D0}.Debug|x64.ActiveCfg = Debug|x64
		{356FA5FA-AA77-46A1-98FD-87D2EE4511D0}.Debug|x64.Build.0 = Debug|x64
		{356FA5FA-AA77-46A1-98FD-87D2EE4511D0}.Debug|x86.ActiveCfg = Debug|Win32
		{356FA5FA-AA77-46A1-98FD-87D2EE4511D0}.Debug|x86.Build.0 = Debug|Win32
		{356FA5FA-AA77-46A1-98FD-87D2EE4511D0}.Release|x64.ActiveCfg = Release|x64
		{356FA5FA-AA77-46A1-98FD-87D2EE4511D0}.Release|x64.Build.0 = Release|x64
		{356FA5FA-AA77-46A1-98FD-87D2EE4511D0}.Release|x86.ActiveCfg = Release|Win32
		{356FA5FA-AA77-46A1-98FD-87D2EE4511D0}.Release|x86.Build.0 = Release|Win32
		{680B812B-EF03-48D5-8306-07801EE7FD67}.Debug|x64.ActiveCfg = Debug|x64
		{680B812B-EF03-48D5-8306-07801EE7FD67}.Debug|x64.Build.0 = Debug|x64
		{680B812B-EF03-48D5-8306-07801EE7FD67}.Debug|x86.ActiveCfg = Debug|Win32
		{680B812B-EF03-48D5-8306-07801EE7FD67}.Debug|x86.Build.0 = Debug|Win32
		{680B812B-EF03-48D5-8306-07801EE7FD67}.Release|x64.ActiveCfg = Release|x64
		{680B812B-EF03-48D5-8306-07801EE7FD67}.Release|x64.Build.0 = Release|x64
		{680B812B-EF03-48D5-8306-07801EE7FD67}.Release|x86.ActiveCfg = Release|Win32
		{680B812B-EF03-48D5-8306-07801EE7FD67}.Release|x86.Build.0 = Release|Win32
		{3555037D-CE3A-48C3-BE4E-0C7BAAE68732}.Debug|x64.ActiveCfg = Debug|x64
		{3555037D-CE3A-48C3-BE4E-0C7BAAE68732}.Debug|x64.Build.0 = Debug|x64
		{3555037D-CE3A-48C3-BE4E-0C7BAAE68732}.Debug|x86.ActiveCfg = Debug|Win32
		{3555037D-CE3A-48C3-BE4E-0C7BAAE68732}.Debug|x86.Build.0 = Debug|Win32
		{3555037D-CE3A-48C3-BE4E-0C7BAAE68732}.Release|x64.ActiveCfg = Release|x64
		{3555037D-CE3A-48C3-BE4E-0C7BAAE68732}.Release|x64.Build.0 = Release|x64
		{3555037D-CE3A-48C3-BE4E-0C7BAAE68732}.Release|x86.ActiveCfg = Release|Win32
		{3555037D-CE3A-48C3-BE4E-0C7BAAE68732}.Release|x86.Build.0 = Release|Win32
		{603645CF-9E8B-4624-B78C-20C9C9A794A1}.Debug|x64.ActiveCfg = Debug|x64
		{603645CF-9E8B-4624-B78C-20C9C9A794A1}.Debug|x64.Build.0 = Debug|x64
		{603645CF-9E8B-4624-B78C-20C9C9A794A1}.Debug|x86.ActiveCfg = Debug|Win32
		{603645CF-9E8B-4624-B78C-20C9C9A794A1}.Debug|x86.Build.0 = Debug|Win32
		{603645CF-9E8B-4624-B78C-20C9C9A794A1}.Release|x64.ActiveCfg = Release|x64
		{603645CF-9E8B-4624-B78C-20C9C9A794A1}.Release|x64.Build.0 = Release|x64
		{603645CF-9E8B-4624-B78C-20C9C9A794A1}.Release|x86.ActiveCfg = Release|Win32
		{603645CF-9E8B-4624-B78C-20C9C9A794A1}.Release|x86.Build.0 = Release|Win32
		{F58689B5-F366-4C70-82C9-9307A252949E}.Debug|x64.ActiveCfg = Debug|x64
		{F58689B5-F366-4C70-82C9-9307A252949E}.Debug|x64.Build.0 = Debug|x64
		{F58689B5-F366-4C70-82C9-9307A252949E}.Debug|x86.ActiveCfg = Debug|Win32
		{F58689B5-F366-4C70-82C9-9307A252949E}.Debug|x86.Build.0 = Debug|Win32
		{F58689B5-F366-4C70-82C9-9307A252949E}.Release|x64.ActiveCfg = Release|x64
		{F58689B5-F366-4C70-82C9-9307A252949E}.Release|x64.Build.0 = Release|x64
		{F58689B5-F366-4C70-82C9-9307A252949E}.Release|x86.ActiveCfg = Release|Win32
		{F58689B5-F366-4C70-82C9-9307A252949E}.Release|x86.Build.0 = Release|Win32
		{EC8BAE09-01AC-4279-982C-C0A6942B15B4}.Debug|x64.ActiveCfg = Debug|x64
		{EC8BAE09-01AC-4279-982C-C0A6942B15B4}.Debug|x64.Build.0 = Debug|x64
		{EC8BAE09-01AC-4279-982C-C0A6942B15B4}.Debug|x86.ActiveCfg = Debug|Win32
		{EC8BAE09-01AC-4279-982C-C0A6942B15B4}.Debug|x86.Build.0 = Debug|Win32
		{EC8BAE09-01AC-4279-982C-C0A6942B15B4}.Release|x64.ActiveCfg = Release|x64
		{EC8BAE09-01AC-4279-982C-C0A6942B15B4}.Release|x64.Build.0 = Release|x64
		{EC8BAE09-01AC-4279-982C-C0A6942B15B4}.Release|x86.ActiveCfg = Release|Win32
		{EC8BAE09-01AC-4279-982C-C0A6942B15B4}.Release|x86.Build.0 = Release|Win32
		{C440DE17-F1B2-44F9-B6A2-35705C9EC3AD}.Debug|x64.ActiveCfg = Debug|x64
		{C440DE17-F1B2-44F9-B6A2-35705C9EC3AD}.Debug|x64.Build.0 = Debug|x64
		{C440DE17-F1B2-44F9-B6A2-35705C9EC3AD}.Debug|x86.ActiveCfg = Debug|Win32
		{C440DE17-F1B2-44F9-B6A2-35705C9EC3AD}.Debug|x86.Build.0 = Debug|Win32
		{C440DE17-F1B2-44F9-B6A2-35705C9EC3AD}.Release|x64.ActiveCfg = Release|x64
		{C440DE17-F1B2-44F9-B6A2-35705C9EC3AD}.Release|x64.Build.0 = Release|x64
		{C440DE17-F1B2-44F9-B6A2-35705C9EC3AD}.Release|x86.ActiveCfg = Release|Win32
		{C440DE17-F1B2-44F9-B6A2-35705C9EC3AD}.Release|x86.Build.0 = Release|Win32
		{64ED3DEF-9642-4C38-9659-0C86253A0303}.Debug|x64.ActiveCfg = Debug|x64
		{64ED3DEF-9642-4C38-9659-0C86253A0303}.Debug|x64.Build.0 = Debug|x64
		{64ED3DEF-9642-4C38-9659-0C86253A0303}.Debug|x86.ActiveCfg = Debug|Win32
		{64ED3DEF-9642-4C38-9659-0C86253A0303}.Debug|x86.Build.0 = Debug|Win32
		{64ED3DEF-9642-4C38-9659-0C86253A0303}.Release|x64.ActiveCfg = Release|x64
		{64ED3DEF-9642-4C38-9659-0C86253A0303}.Release|x64.Build.0 = Release|x64
		{64ED3DEF-9642-4C38-9659-0C86253A0303}.Release|x86.ActiveCfg = Release|Win32
		{64ED3DEF-9642-4C38-9659-0C86253A0303}.Release|x86.Build.0 = Release|Win32
		{1D5889F2-BCA2-4510-8BE1-E942336B8084}.Debug|x64.ActiveCfg = Debug|x64
		{1D5889F2-BCA2-4510-8BE1-E942336B8084}.Debug|x64.Build.0 = Debug|x64
		{1D5889F2-BCA2-4510-8BE1-E942336B8084}.Debug|x86.ActiveCfg = Debug|Win32
		{1D5889F2-BCA2-4510-8BE1-E942336B8084}.Debug|x86.Build.0 = Debug|Win32
		{1D5889F2-BCA2-4510-8BE1-E942336B8084}.Release|x64.ActiveCfg = Release|x64
		{1D5889F2-BCA2-4510-8BE1-E942336B8084}.Release|x64.Build.0 = Release|x64
		{1D5889F2-BCA2-4510-8BE1-E942336B8084}.Release|x86.ActiveCfg = Release|Win32
		{1D5889F2-BCA2-4510-8BE1-E942336B8084}.Release|x86.Build.0 = Release|Win32
		{9F5C26DA-FEE7-4EB7-86E8-C4C4B7F36CC6}.Debug|x64.ActiveCfg = Debug|x64
		{9F5C26DA-FEE7-4EB7-86E8-C4C4B7F36CC6}.Debug|x64.Build.0 = Debug|x64
		{9F5C26DA-FEE7-4EB7-86E8-C4C4B7F36CC6}.Debug|x86.ActiveCfg = Debug|Win32
		{9F5C26DA-FEE7-4EB7-86E8-C4C4B7F36CC6}.Debug|x86.Build.0 = Debug|Win32
		{9F5C26DA-FEE7-4EB7-86E8-C4C4B7F36CC6}.Release|x64.ActiveCfg = Release|x64
		{9F5C26DA-FEE7-4EB7-86E8-C4C4B7F36CC6}.Release|x64.Build.0 = Release|x64
		{9F5C26DA-FEE7-4EB7-86E8-C4C4B7F36CC6}.Release|x86.ActiveCfg = Release|Win32
		{9F5C26DA-FEE7-4EB7-86E8-C4C4B7F36CC6}.Release|x86.Build.0 = Release|Win32
		{E832B642-C9BB-49D7-B48E-7464E06AD849}.Debug|x64.ActiveCfg = Debug|x64
		{E832B642-C9BB-49D7-B48E-7464E06AD849}.Debug|x64.Build.0 = Debug|x64
		{E832B642-C9BB-49D7-B48E-7464E06AD849}.Debug|x86.ActiveCfg = Debug|Win32
		{E832B642-C9BB-49D7-B48E-7464E06AD849}.Debug|x86.Build.0 = Debug|Win32
		{E832B642-C9BB-49D7-B48E-7464E06AD849}.Release|x64.ActiveCfg = Release|x64
		{E832B642-C9BB-49D7-B48E-7464E06AD849}.Release|x64.Build.0 = Release|x64
		{E832B642-C9BB-49D7-B48E-7464E06AD849}.Release|x86.ActiveCfg = Release|Win32
		{E832B642-C9BB-49D7-B48E-7464E06AD849}.Release|x86.Build.0 = Release|Win32
		{F4CD2DFA-8371-469F-AE39-EC222BD52DC2}.Debug|x64.ActiveCfg = Debug|x64
		{F4CD2DFA-8371-469F-AE39-EC222BD52DC2}.Debug|x64.Build.0 = Debug|x64
		{F4CD2DFA-8371-469F-AE39-EC222BD52DC2}.Debug|x86.ActiveCfg = Debug|Win32
		{F4CD2DFA-8371-469F-AE39-EC222BD52DC2}.Debug|x86.Build.0 = Debug|Win32
		{F4CD2DFA-8371-469F-AE39-EC222BD52DC2}.Release|x64.ActiveCfg = Release|x64
		{F4CD2DFA-8371-469F-AE39-EC222BD52DC2}.Release|x64.Build.0 = Release|x64
		{F4CD2DFA-8371-469F-AE39-EC222BD52DC2}.Release|x86.ActiveCfg = Release|Win32
		{F4CD2DFA-8371-469F-AE39-EC222BD52DC2}.Release|x86.Build.0 = Release|Win32
		{3A757A26-FEC8-4254-82A0-3019ABE8AAD4}.Debug|x64.ActiveCfg = Debug|x64
		{3A757A26-FEC8-4254-82A0-3019ABE8AAD4}.Debug|x64.Build.0 = Debug|x64
		{3A757A26-FEC8-4254-82A0-3019ABE8AAD4}.Debug|x86.ActiveCfg = Debug|Win32
		{3A757A26-FEC8-4254-82A0-3019ABE8AAD4}.Debug|x86.Build.0 = Debug|Win32
		{3A757A26-FEC8-4254-82A0-3019ABE8AAD4}.Release|x64.ActiveCfg = Release|x64
		{3A757A26-FEC8-4254-82A0-3019ABE8AAD4}.Release|x64.Build.0 = Release|x64
		{3A757A26-FEC8-4254-82A0-3019ABE8AAD4}.Release|x86.ActiveCfg = Release|Win32
		{3A757A26-FEC8-4254-82A0-3019ABE8AAD4}.Release|x86.Build.0 = Release|Win32
	EndGlobalSection
	GlobalSection(SolutionProperties) = preSolution
		HideSolutionNode = FALSE
	EndGlobalSection
	GlobalSection(ExtensibilityGlobals) = postSolution
		SolutionGuid = {F4BC7E92-3EE8-4541-AD95-F19FB38DA58A}
	EndGlobalSection
EndGlobal
