
Microsoft Visual Studio Solution File, Format Version 12.00
# Visual Studio Version 17
VisualStudioVersion = 17.7.34031.279
MinimumVisualStudioVersion = 10.0.40219.1
Project("{8BC9CEB8-8B4A-11D0-8D11-00A0C91BC942}") = "bai001", "bai001\bai001.vcxproj", "{EF3CF618-E6E7-4067-8A83-F8545D0F72CD}"
EndProject
Project("{8BC9CEB8-8B4A-11D0-8D11-00A0C91BC942}") = "bai006", "bai006\bai006.vcxproj", "{DB8D0CED-5DAB-46C6-A5CE-450B98ED8050}"
EndProject
Project("{8BC9CEB8-8B4A-11D0-8D11-00A0C91BC942}") = "bai011", "bai011\bai011.vcxproj", "{8C9274D7-621C-4AD5-8914-2D0C5A87521E}"
EndProject
Project("{8BC9CEB8-8B4A-11D0-8D11-00A0C91BC942}") = "bai016", "bai016\bai016.vcxproj", "{692C307F-13B5-4A94-B4E5-2C359A640DC1}"
EndProject
Project("{8BC9CEB8-8B4A-11D0-8D11-00A0C91BC942}") = "bai021", "bai021\bai021.vcxproj", "{925DDEDC-8B1B-4F6C-BB49-9503416C4E18}"
EndProject
Project("{8BC9CEB8-8B4A-11D0-8D11-00A0C91BC942}") = "bai026", "bai026\bai026.vcxproj", "{F1C319E1-D85A-48BB-BD71-C412240D31BC}"
EndProject
Project("{8BC9CEB8-8B4A-11D0-8D11-00A0C91BC942}") = "bai031", "bai031\bai031.vcxproj", "{865AA125-1D6C-408C-9929-0AF36B31F2D5}"
EndProject
Project("{8BC9CEB8-8B4A-11D0-8D11-00A0C91BC942}") = "bai036", "bai036\bai036.vcxproj", "{7A7067D3-620C-4EB5-96CA-041FEAB318D1}"
EndProject
Project("{8BC9CEB8-8B4A-11D0-8D11-00A0C91BC942}") = "bai041", "bai041\bai041.vcxproj", "{5DBFA3A9-DBFC-408B-B082-92C05A4E73D4}"
EndProject
Project("{8BC9CEB8-8B4A-11D0-8D11-00A0C91BC942}") = "bai046", "bai046\bai046.vcxproj", "{4B751140-75BE-48D4-A71A-9DBA31A00FD1}"
EndProject
Project("{8BC9CEB8-8B4A-11D0-8D11-00A0C91BC942}") = "bai051", "bai051\bai051.vcxproj", "{FBADDBCB-3495-4EA6-A718-545D35638A04}"
EndProject
Project("{8BC9CEB8-8B4A-11D0-8D11-00A0C91BC942}") = "bai056", "bai056\bai056.vcxproj", "{26B62B72-9079-4062-9FF4-0D2FDF40E8F5}"
EndProject
Project("{8BC9CEB8-8B4A-11D0-8D11-00A0C91BC942}") = "bai061", "bai061\bai061.vcxproj", "{4FAF0EA1-7581-436D-A1E9-6C81DE8C415B}"
EndProject
Project("{8BC9CEB8-8B4A-11D0-8D11-00A0C91BC942}") = "bai066", "bai066\bai066.vcxproj", "{A9D251ED-6537-48E8-9F76-E91252B69879}"
EndProject
Project("{8BC9CEB8-8B4A-11D0-8D11-00A0C91BC942}") = "bai071", "bai071\bai071.vcxproj", "{0709CA54-2715-495E-98BC-D734FEBB1174}"
EndProject
Project("{8BC9CEB8-8B4A-11D0-8D11-00A0C91BC942}") = "bai076", "bai076\bai076.vcxproj", "{A75DA95E-5B6D-4402-B6D1-839EAC7D494A}"
EndProject
Project("{8BC9CEB8-8B4A-11D0-8D11-00A0C91BC942}") = "bai081", "bai081\bai081.vcxproj", "{F0405630-7CAD-4FA2-A5BB-052E08CBDE91}"
EndProject
Project("{8BC9CEB8-8B4A-11D0-8D11-00A0C91BC942}") = "bai086", "bai086\bai086.vcxproj", "{6518E1AD-2BFD-4814-A521-62A7C658338C}"
EndProject
Project("{8BC9CEB8-8B4A-11D0-8D11-00A0C91BC942}") = "bai091", "bai091\bai091.vcxproj", "{41DFF5BB-F250-4D7D-899F-EA6D2387509D}"
EndProject
Project("{8BC9CEB8-8B4A-11D0-8D11-00A0C91BC942}") = "bai096", "bai096\bai096.vcxproj", "{CB83006C-35F8-4C32-9A47-8FDB5F80638D}"
EndProject
Project("{8BC9CEB8-8B4A-11D0-8D11-00A0C91BC942}") = "bai101", "bai101\bai101.vcxproj", "{E89A53C9-59F4-4FE1-A02D-8D5BE2CA859E}"
EndProject
Project("{8BC9CEB8-8B4A-11D0-8D11-00A0C91BC942}") = "baI106", "baI106\baI106.vcxproj", "{C3985169-4550-41F2-AC5B-FE43A0F66215}"
EndProject
Project("{8BC9CEB8-8B4A-11D0-8D11-00A0C91BC942}") = "bai111", "bai111\bai111.vcxproj", "{2A05B9D6-58D7-40AD-9609-FC7D46468907}"
EndProject
Project("{8BC9CEB8-8B4A-11D0-8D11-00A0C91BC942}") = "bai116", "bai116\bai116.vcxproj", "{8AC62AE7-2844-46D1-8768-51DD38190DCC}"
EndProject
Project("{8BC9CEB8-8B4A-11D0-8D11-00A0C91BC942}") = "bai121", "bai121\bai121.vcxproj", "{AA87FA4B-9E3D-4108-A7D8-B50AE84A02D0}"
EndProject
Project("{8BC9CEB8-8B4A-11D0-8D11-00A0C91BC942}") = "bai126", "bai126\bai126.vcxproj", "{272E907C-B7BA-4A23-ABC5-11AF867049DC}"
EndProject
Project("{8BC9CEB8-8B4A-11D0-8D11-00A0C91BC942}") = "bai131", "bai131\bai131.vcxproj", "{6B4C535F-F416-4D2F-851D-73C94F7AB975}"
EndProject
Project("{8BC9CEB8-8B4A-11D0-8D11-00A0C91BC942}") = "bai136", "bai136\bai136.vcxproj", "{02298517-1ABD-4357-9DD8-D5511CE90E6D}"
EndProject
Project("{8BC9CEB8-8B4A-11D0-8D11-00A0C91BC942}") = "bai141", "bai141\bai141.vcxproj", "{25D201D3-5514-4555-9AF8-3B8E84D41F17}"
EndProject
Project("{8BC9CEB8-8B4A-11D0-8D11-00A0C91BC942}") = "bai146", "bai146\bai146.vcxproj", "{52235C1F-9045-4C56-A358-2898B29901BA}"
EndProject
Project("{8BC9CEB8-8B4A-11D0-8D11-00A0C91BC942}") = "bai151", "bai151\bai151.vcxproj", "{759C56E1-CD97-41A9-B913-060F98989B08}"
EndProject
Project("{8BC9CEB8-8B4A-11D0-8D11-00A0C91BC942}") = "bai156", "bai156\bai156.vcxproj", "{A3658F85-4EF2-40DE-A042-2171DC60128B}"
EndProject
Project("{8BC9CEB8-8B4A-11D0-8D11-00A0C91BC942}") = "bai161", "bai161\bai161.vcxproj", "{189228C9-909C-44E6-AB78-3C49518A31FF}"
EndProject
Project("{8BC9CEB8-8B4A-11D0-8D11-00A0C91BC942}") = "bai166", "bai166\bai166.vcxproj", "{652F2C5F-9B0D-4472-AC90-7E7523C49040}"
EndProject
Project("{8BC9CEB8-8B4A-11D0-8D11-00A0C91BC942}") = "bai171", "bai171\bai171.vcxproj", "{DB3935E2-8E93-4563-B5DC-C0EDA5884C0A}"
EndProject
Global
	GlobalSection(SolutionConfigurationPlatforms) = preSolution
		Debug|x64 = Debug|x64
		Debug|x86 = Debug|x86
		Release|x64 = Release|x64
		Release|x86 = Release|x86
	EndGlobalSection
	GlobalSection(ProjectConfigurationPlatforms) = postSolution
		{EF3CF618-E6E7-4067-8A83-F8545D0F72CD}.Debug|x64.ActiveCfg = Debug|x64
		{EF3CF618-E6E7-4067-8A83-F8545D0F72CD}.Debug|x64.Build.0 = Debug|x64
		{EF3CF618-E6E7-4067-8A83-F8545D0F72CD}.Debug|x86.ActiveCfg = Debug|Win32
		{EF3CF618-E6E7-4067-8A83-F8545D0F72CD}.Debug|x86.Build.0 = Debug|Win32
		{EF3CF618-E6E7-4067-8A83-F8545D0F72CD}.Release|x64.ActiveCfg = Release|x64
		{EF3CF618-E6E7-4067-8A83-F8545D0F72CD}.Release|x64.Build.0 = Release|x64
		{EF3CF618-E6E7-4067-8A83-F8545D0F72CD}.Release|x86.ActiveCfg = Release|Win32
		{EF3CF618-E6E7-4067-8A83-F8545D0F72CD}.Release|x86.Build.0 = Release|Win32
		{DB8D0CED-5DAB-46C6-A5CE-450B98ED8050}.Debug|x64.ActiveCfg = Debug|x64
		{DB8D0CED-5DAB-46C6-A5CE-450B98ED8050}.Debug|x64.Build.0 = Debug|x64
		{DB8D0CED-5DAB-46C6-A5CE-450B98ED8050}.Debug|x86.ActiveCfg = Debug|Win32
		{DB8D0CED-5DAB-46C6-A5CE-450B98ED8050}.Debug|x86.Build.0 = Debug|Win32
		{DB8D0CED-5DAB-46C6-A5CE-450B98ED8050}.Release|x64.ActiveCfg = Release|x64
		{DB8D0CED-5DAB-46C6-A5CE-450B98ED8050}.Release|x64.Build.0 = Release|x64
		{DB8D0CED-5DAB-46C6-A5CE-450B98ED8050}.Release|x86.ActiveCfg = Release|Win32
		{DB8D0CED-5DAB-46C6-A5CE-450B98ED8050}.Release|x86.Build.0 = Release|Win32
		{8C9274D7-621C-4AD5-8914-2D0C5A87521E}.Debug|x64.ActiveCfg = Debug|x64
		{8C9274D7-621C-4AD5-8914-2D0C5A87521E}.Debug|x64.Build.0 = Debug|x64
		{8C9274D7-621C-4AD5-8914-2D0C5A87521E}.Debug|x86.ActiveCfg = Debug|Win32
		{8C9274D7-621C-4AD5-8914-2D0C5A87521E}.Debug|x86.Build.0 = Debug|Win32
		{8C9274D7-621C-4AD5-8914-2D0C5A87521E}.Release|x64.ActiveCfg = Release|x64
		{8C9274D7-621C-4AD5-8914-2D0C5A87521E}.Release|x64.Build.0 = Release|x64
		{8C9274D7-621C-4AD5-8914-2D0C5A87521E}.Release|x86.ActiveCfg = Release|Win32
		{8C9274D7-621C-4AD5-8914-2D0C5A87521E}.Release|x86.Build.0 = Release|Win32
		{692C307F-13B5-4A94-B4E5-2C359A640DC1}.Debug|x64.ActiveCfg = Debug|x64
		{692C307F-13B5-4A94-B4E5-2C359A640DC1}.Debug|x64.Build.0 = Debug|x64
		{692C307F-13B5-4A94-B4E5-2C359A640DC1}.Debug|x86.ActiveCfg = Debug|Win32
		{692C307F-13B5-4A94-B4E5-2C359A640DC1}.Debug|x86.Build.0 = Debug|Win32
		{692C307F-13B5-4A94-B4E5-2C359A640DC1}.Release|x64.ActiveCfg = Release|x64
		{692C307F-13B5-4A94-B4E5-2C359A640DC1}.Release|x64.Build.0 = Release|x64
		{692C307F-13B5-4A94-B4E5-2C359A640DC1}.Release|x86.ActiveCfg = Release|Win32
		{692C307F-13B5-4A94-B4E5-2C359A640DC1}.Release|x86.Build.0 = Release|Win32
		{925DDEDC-8B1B-4F6C-BB49-9503416C4E18}.Debug|x64.ActiveCfg = Debug|x64
		{925DDEDC-8B1B-4F6C-BB49-9503416C4E18}.Debug|x64.Build.0 = Debug|x64
		{925DDEDC-8B1B-4F6C-BB49-9503416C4E18}.Debug|x86.ActiveCfg = Debug|Win32
		{925DDEDC-8B1B-4F6C-BB49-9503416C4E18}.Debug|x86.Build.0 = Debug|Win32
		{925DDEDC-8B1B-4F6C-BB49-9503416C4E18}.Release|x64.ActiveCfg = Release|x64
		{925DDEDC-8B1B-4F6C-BB49-9503416C4E18}.Release|x64.Build.0 = Release|x64
		{925DDEDC-8B1B-4F6C-BB49-9503416C4E18}.Release|x86.ActiveCfg = Release|Win32
		{925DDEDC-8B1B-4F6C-BB49-9503416C4E18}.Release|x86.Build.0 = Release|Win32
		{F1C319E1-D85A-48BB-BD71-C412240D31BC}.Debug|x64.ActiveCfg = Debug|x64
		{F1C319E1-D85A-48BB-BD71-C412240D31BC}.Debug|x64.Build.0 = Debug|x64
		{F1C319E1-D85A-48BB-BD71-C412240D31BC}.Debug|x86.ActiveCfg = Debug|Win32
		{F1C319E1-D85A-48BB-BD71-C412240D31BC}.Debug|x86.Build.0 = Debug|Win32
		{F1C319E1-D85A-48BB-BD71-C412240D31BC}.Release|x64.ActiveCfg = Release|x64
		{F1C319E1-D85A-48BB-BD71-C412240D31BC}.Release|x64.Build.0 = Release|x64
		{F1C319E1-D85A-48BB-BD71-C412240D31BC}.Release|x86.ActiveCfg = Release|Win32
		{F1C319E1-D85A-48BB-BD71-C412240D31BC}.Release|x86.Build.0 = Release|Win32
		{865AA125-1D6C-408C-9929-0AF36B31F2D5}.Debug|x64.ActiveCfg = Debug|x64
		{865AA125-1D6C-408C-9929-0AF36B31F2D5}.Debug|x64.Build.0 = Debug|x64
		{865AA125-1D6C-408C-9929-0AF36B31F2D5}.Debug|x86.ActiveCfg = Debug|Win32
		{865AA125-1D6C-408C-9929-0AF36B31F2D5}.Debug|x86.Build.0 = Debug|Win32
		{865AA125-1D6C-408C-9929-0AF36B31F2D5}.Release|x64.ActiveCfg = Release|x64
		{865AA125-1D6C-408C-9929-0AF36B31F2D5}.Release|x64.Build.0 = Release|x64
		{865AA125-1D6C-408C-9929-0AF36B31F2D5}.Release|x86.ActiveCfg = Release|Win32
		{865AA125-1D6C-408C-9929-0AF36B31F2D5}.Release|x86.Build.0 = Release|Win32
		{7A7067D3-620C-4EB5-96CA-041FEAB318D1}.Debug|x64.ActiveCfg = Debug|x64
		{7A7067D3-620C-4EB5-96CA-041FEAB318D1}.Debug|x64.Build.0 = Debug|x64
		{7A7067D3-620C-4EB5-96CA-041FEAB318D1}.Debug|x86.ActiveCfg = Debug|Win32
		{7A7067D3-620C-4EB5-96CA-041FEAB318D1}.Debug|x86.Build.0 = Debug|Win32
		{7A7067D3-620C-4EB5-96CA-041FEAB318D1}.Release|x64.ActiveCfg = Release|x64
		{7A7067D3-620C-4EB5-96CA-041FEAB318D1}.Release|x64.Build.0 = Release|x64
		{7A7067D3-620C-4EB5-96CA-041FEAB318D1}.Release|x86.ActiveCfg = Release|Win32
		{7A7067D3-620C-4EB5-96CA-041FEAB318D1}.Release|x86.Build.0 = Release|Win32
		{5DBFA3A9-DBFC-408B-B082-92C05A4E73D4}.Debug|x64.ActiveCfg = Debug|x64
		{5DBFA3A9-DBFC-408B-B082-92C05A4E73D4}.Debug|x64.Build.0 = Debug|x64
		{5DBFA3A9-DBFC-408B-B082-92C05A4E73D4}.Debug|x86.ActiveCfg = Debug|Win32
		{5DBFA3A9-DBFC-408B-B082-92C05A4E73D4}.Debug|x86.Build.0 = Debug|Win32
		{5DBFA3A9-DBFC-408B-B082-92C05A4E73D4}.Release|x64.ActiveCfg = Release|x64
		{5DBFA3A9-DBFC-408B-B082-92C05A4E73D4}.Release|x64.Build.0 = Release|x64
		{5DBFA3A9-DBFC-408B-B082-92C05A4E73D4}.Release|x86.ActiveCfg = Release|Win32
		{5DBFA3A9-DBFC-408B-B082-92C05A4E73D4}.Release|x86.Build.0 = Release|Win32
		{4B751140-75BE-48D4-A71A-9DBA31A00FD1}.Debug|x64.ActiveCfg = Debug|x64
		{4B751140-75BE-48D4-A71A-9DBA31A00FD1}.Debug|x64.Build.0 = Debug|x64
		{4B751140-75BE-48D4-A71A-9DBA31A00FD1}.Debug|x86.ActiveCfg = Debug|Win32
		{4B751140-75BE-48D4-A71A-9DBA31A00FD1}.Debug|x86.Build.0 = Debug|Win32
		{4B751140-75BE-48D4-A71A-9DBA31A00FD1}.Release|x64.ActiveCfg = Release|x64
		{4B751140-75BE-48D4-A71A-9DBA31A00FD1}.Release|x64.Build.0 = Release|x64
		{4B751140-75BE-48D4-A71A-9DBA31A00FD1}.Release|x86.ActiveCfg = Release|Win32
		{4B751140-75BE-48D4-A71A-9DBA31A00FD1}.Release|x86.Build.0 = Release|Win32
		{FBADDBCB-3495-4EA6-A718-545D35638A04}.Debug|x64.ActiveCfg = Debug|x64
		{FBADDBCB-3495-4EA6-A718-545D35638A04}.Debug|x64.Build.0 = Debug|x64
		{FBADDBCB-3495-4EA6-A718-545D35638A04}.Debug|x86.ActiveCfg = Debug|Win32
		{FBADDBCB-3495-4EA6-A718-545D35638A04}.Debug|x86.Build.0 = Debug|Win32
		{FBADDBCB-3495-4EA6-A718-545D35638A04}.Release|x64.ActiveCfg = Release|x64
		{FBADDBCB-3495-4EA6-A718-545D35638A04}.Release|x64.Build.0 = Release|x64
		{FBADDBCB-3495-4EA6-A718-545D35638A04}.Release|x86.ActiveCfg = Release|Win32
		{FBADDBCB-3495-4EA6-A718-545D35638A04}.Release|x86.Build.0 = Release|Win32
		{26B62B72-9079-4062-9FF4-0D2FDF40E8F5}.Debug|x64.ActiveCfg = Debug|x64
		{26B62B72-9079-4062-9FF4-0D2FDF40E8F5}.Debug|x64.Build.0 = Debug|x64
		{26B62B72-9079-4062-9FF4-0D2FDF40E8F5}.Debug|x86.ActiveCfg = Debug|Win32
		{26B62B72-9079-4062-9FF4-0D2FDF40E8F5}.Debug|x86.Build.0 = Debug|Win32
		{26B62B72-9079-4062-9FF4-0D2FDF40E8F5}.Release|x64.ActiveCfg = Release|x64
		{26B62B72-9079-4062-9FF4-0D2FDF40E8F5}.Release|x64.Build.0 = Release|x64
		{26B62B72-9079-4062-9FF4-0D2FDF40E8F5}.Release|x86.ActiveCfg = Release|Win32
		{26B62B72-9079-4062-9FF4-0D2FDF40E8F5}.Release|x86.Build.0 = Release|Win32
		{4FAF0EA1-7581-436D-A1E9-6C81DE8C415B}.Debug|x64.ActiveCfg = Debug|x64
		{4FAF0EA1-7581-436D-A1E9-6C81DE8C415B}.Debug|x64.Build.0 = Debug|x64
		{4FAF0EA1-7581-436D-A1E9-6C81DE8C415B}.Debug|x86.ActiveCfg = Debug|Win32
		{4FAF0EA1-7581-436D-A1E9-6C81DE8C415B}.Debug|x86.Build.0 = Debug|Win32
		{4FAF0EA1-7581-436D-A1E9-6C81DE8C415B}.Release|x64.ActiveCfg = Release|x64
		{4FAF0EA1-7581-436D-A1E9-6C81DE8C415B}.Release|x64.Build.0 = Release|x64
		{4FAF0EA1-7581-436D-A1E9-6C81DE8C415B}.Release|x86.ActiveCfg = Release|Win32
		{4FAF0EA1-7581-436D-A1E9-6C81DE8C415B}.Release|x86.Build.0 = Release|Win32
		{A9D251ED-6537-48E8-9F76-E91252B69879}.Debug|x64.ActiveCfg = Debug|x64
		{A9D251ED-6537-48E8-9F76-E91252B69879}.Debug|x64.Build.0 = Debug|x64
		{A9D251ED-6537-48E8-9F76-E91252B69879}.Debug|x86.ActiveCfg = Debug|Win32
		{A9D251ED-6537-48E8-9F76-E91252B69879}.Debug|x86.Build.0 = Debug|Win32
		{A9D251ED-6537-48E8-9F76-E91252B69879}.Release|x64.ActiveCfg = Release|x64
		{A9D251ED-6537-48E8-9F76-E91252B69879}.Release|x64.Build.0 = Release|x64
		{A9D251ED-6537-48E8-9F76-E91252B69879}.Release|x86.ActiveCfg = Release|Win32
		{A9D251ED-6537-48E8-9F76-E91252B69879}.Release|x86.Build.0 = Release|Win32
		{0709CA54-2715-495E-98BC-D734FEBB1174}.Debug|x64.ActiveCfg = Debug|x64
		{0709CA54-2715-495E-98BC-D734FEBB1174}.Debug|x64.Build.0 = Debug|x64
		{0709CA54-2715-495E-98BC-D734FEBB1174}.Debug|x86.ActiveCfg = Debug|Win32
		{0709CA54-2715-495E-98BC-D734FEBB1174}.Debug|x86.Build.0 = Debug|Win32
		{0709CA54-2715-495E-98BC-D734FEBB1174}.Release|x64.ActiveCfg = Release|x64
		{0709CA54-2715-495E-98BC-D734FEBB1174}.Release|x64.Build.0 = Release|x64
		{0709CA54-2715-495E-98BC-D734FEBB1174}.Release|x86.ActiveCfg = Release|Win32
		{0709CA54-2715-495E-98BC-D734FEBB1174}.Release|x86.Build.0 = Release|Win32
		{A75DA95E-5B6D-4402-B6D1-839EAC7D494A}.Debug|x64.ActiveCfg = Debug|x64
		{A75DA95E-5B6D-4402-B6D1-839EAC7D494A}.Debug|x64.Build.0 = Debug|x64
		{A75DA95E-5B6D-4402-B6D1-839EAC7D494A}.Debug|x86.ActiveCfg = Debug|Win32
		{A75DA95E-5B6D-4402-B6D1-839EAC7D494A}.Debug|x86.Build.0 = Debug|Win32
		{A75DA95E-5B6D-4402-B6D1-839EAC7D494A}.Release|x64.ActiveCfg = Release|x64
		{A75DA95E-5B6D-4402-B6D1-839EAC7D494A}.Release|x64.Build.0 = Release|x64
		{A75DA95E-5B6D-4402-B6D1-839EAC7D494A}.Release|x86.ActiveCfg = Release|Win32
		{A75DA95E-5B6D-4402-B6D1-839EAC7D494A}.Release|x86.Build.0 = Release|Win32
		{F0405630-7CAD-4FA2-A5BB-052E08CBDE91}.Debug|x64.ActiveCfg = Debug|x64
		{F0405630-7CAD-4FA2-A5BB-052E08CBDE91}.Debug|x64.Build.0 = Debug|x64
		{F0405630-7CAD-4FA2-A5BB-052E08CBDE91}.Debug|x86.ActiveCfg = Debug|Win32
		{F0405630-7CAD-4FA2-A5BB-052E08CBDE91}.Debug|x86.Build.0 = Debug|Win32
		{F0405630-7CAD-4FA2-A5BB-052E08CBDE91}.Release|x64.ActiveCfg = Release|x64
		{F0405630-7CAD-4FA2-A5BB-052E08CBDE91}.Release|x64.Build.0 = Release|x64
		{F0405630-7CAD-4FA2-A5BB-052E08CBDE91}.Release|x86.ActiveCfg = Release|Win32
		{F0405630-7CAD-4FA2-A5BB-052E08CBDE91}.Release|x86.Build.0 = Release|Win32
		{6518E1AD-2BFD-4814-A521-62A7C658338C}.Debug|x64.ActiveCfg = Debug|x64
		{6518E1AD-2BFD-4814-A521-62A7C658338C}.Debug|x64.Build.0 = Debug|x64
		{6518E1AD-2BFD-4814-A521-62A7C658338C}.Debug|x86.ActiveCfg = Debug|Win32
		{6518E1AD-2BFD-4814-A521-62A7C658338C}.Debug|x86.Build.0 = Debug|Win32
		{6518E1AD-2BFD-4814-A521-62A7C658338C}.Release|x64.ActiveCfg = Release|x64
		{6518E1AD-2BFD-4814-A521-62A7C658338C}.Release|x64.Build.0 = Release|x64
		{6518E1AD-2BFD-4814-A521-62A7C658338C}.Release|x86.ActiveCfg = Release|Win32
		{6518E1AD-2BFD-4814-A521-62A7C658338C}.Release|x86.Build.0 = Release|Win32
		{41DFF5BB-F250-4D7D-899F-EA6D2387509D}.Debug|x64.ActiveCfg = Debug|x64
		{41DFF5BB-F250-4D7D-899F-EA6D2387509D}.Debug|x64.Build.0 = Debug|x64
		{41DFF5BB-F250-4D7D-899F-EA6D2387509D}.Debug|x86.ActiveCfg = Debug|Win32
		{41DFF5BB-F250-4D7D-899F-EA6D2387509D}.Debug|x86.Build.0 = Debug|Win32
		{41DFF5BB-F250-4D7D-899F-EA6D2387509D}.Release|x64.ActiveCfg = Release|x64
		{41DFF5BB-F250-4D7D-899F-EA6D2387509D}.Release|x64.Build.0 = Release|x64
		{41DFF5BB-F250-4D7D-899F-EA6D2387509D}.Release|x86.ActiveCfg = Release|Win32
		{41DFF5BB-F250-4D7D-899F-EA6D2387509D}.Release|x86.Build.0 = Release|Win32
		{CB83006C-35F8-4C32-9A47-8FDB5F80638D}.Debug|x64.ActiveCfg = Debug|x64
		{CB83006C-35F8-4C32-9A47-8FDB5F80638D}.Debug|x64.Build.0 = Debug|x64
		{CB83006C-35F8-4C32-9A47-8FDB5F80638D}.Debug|x86.ActiveCfg = Debug|Win32
		{CB83006C-35F8-4C32-9A47-8FDB5F80638D}.Debug|x86.Build.0 = Debug|Win32
		{CB83006C-35F8-4C32-9A47-8FDB5F80638D}.Release|x64.ActiveCfg = Release|x64
		{CB83006C-35F8-4C32-9A47-8FDB5F80638D}.Release|x64.Build.0 = Release|x64
		{CB83006C-35F8-4C32-9A47-8FDB5F80638D}.Release|x86.ActiveCfg = Release|Win32
		{CB83006C-35F8-4C32-9A47-8FDB5F80638D}.Release|x86.Build.0 = Release|Win32
		{E89A53C9-59F4-4FE1-A02D-8D5BE2CA859E}.Debug|x64.ActiveCfg = Debug|x64
		{E89A53C9-59F4-4FE1-A02D-8D5BE2CA859E}.Debug|x64.Build.0 = Debug|x64
		{E89A53C9-59F4-4FE1-A02D-8D5BE2CA859E}.Debug|x86.ActiveCfg = Debug|Win32
		{E89A53C9-59F4-4FE1-A02D-8D5BE2CA859E}.Debug|x86.Build.0 = Debug|Win32
		{E89A53C9-59F4-4FE1-A02D-8D5BE2CA859E}.Release|x64.ActiveCfg = Release|x64
		{E89A53C9-59F4-4FE1-A02D-8D5BE2CA859E}.Release|x64.Build.0 = Release|x64
		{E89A53C9-59F4-4FE1-A02D-8D5BE2CA859E}.Release|x86.ActiveCfg = Release|Win32
		{E89A53C9-59F4-4FE1-A02D-8D5BE2CA859E}.Release|x86.Build.0 = Release|Win32
		{C3985169-4550-41F2-AC5B-FE43A0F66215}.Debug|x64.ActiveCfg = Debug|x64
		{C3985169-4550-41F2-AC5B-FE43A0F66215}.Debug|x64.Build.0 = Debug|x64
		{C3985169-4550-41F2-AC5B-FE43A0F66215}.Debug|x86.ActiveCfg = Debug|Win32
		{C3985169-4550-41F2-AC5B-FE43A0F66215}.Debug|x86.Build.0 = Debug|Win32
		{C3985169-4550-41F2-AC5B-FE43A0F66215}.Release|x64.ActiveCfg = Release|x64
		{C3985169-4550-41F2-AC5B-FE43A0F66215}.Release|x64.Build.0 = Release|x64
		{C3985169-4550-41F2-AC5B-FE43A0F66215}.Release|x86.ActiveCfg = Release|Win32
		{C3985169-4550-41F2-AC5B-FE43A0F66215}.Release|x86.Build.0 = Release|Win32
		{2A05B9D6-58D7-40AD-9609-FC7D46468907}.Debug|x64.ActiveCfg = Debug|x64
		{2A05B9D6-58D7-40AD-9609-FC7D46468907}.Debug|x64.Build.0 = Debug|x64
		{2A05B9D6-58D7-40AD-9609-FC7D46468907}.Debug|x86.ActiveCfg = Debug|Win32
		{2A05B9D6-58D7-40AD-9609-FC7D46468907}.Debug|x86.Build.0 = Debug|Win32
		{2A05B9D6-58D7-40AD-9609-FC7D46468907}.Release|x64.ActiveCfg = Release|x64
		{2A05B9D6-58D7-40AD-9609-FC7D46468907}.Release|x64.Build.0 = Release|x64
		{2A05B9D6-58D7-40AD-9609-FC7D46468907}.Release|x86.ActiveCfg = Release|Win32
		{2A05B9D6-58D7-40AD-9609-FC7D46468907}.Release|x86.Build.0 = Release|Win32
		{8AC62AE7-2844-46D1-8768-51DD38190DCC}.Debug|x64.ActiveCfg = Debug|x64
		{8AC62AE7-2844-46D1-8768-51DD38190DCC}.Debug|x64.Build.0 = Debug|x64
		{8AC62AE7-2844-46D1-8768-51DD38190DCC}.Debug|x86.ActiveCfg = Debug|Win32
		{8AC62AE7-2844-46D1-8768-51DD38190DCC}.Debug|x86.Build.0 = Debug|Win32
		{8AC62AE7-2844-46D1-8768-51DD38190DCC}.Release|x64.ActiveCfg = Release|x64
		{8AC62AE7-2844-46D1-8768-51DD38190DCC}.Release|x64.Build.0 = Release|x64
		{8AC62AE7-2844-46D1-8768-51DD38190DCC}.Release|x86.ActiveCfg = Release|Win32
		{8AC62AE7-2844-46D1-8768-51DD38190DCC}.Release|x86.Build.0 = Release|Win32
		{AA87FA4B-9E3D-4108-A7D8-B50AE84A02D0}.Debug|x64.ActiveCfg = Debug|x64
		{AA87FA4B-9E3D-4108-A7D8-B50AE84A02D0}.Debug|x64.Build.0 = Debug|x64
		{AA87FA4B-9E3D-4108-A7D8-B50AE84A02D0}.Debug|x86.ActiveCfg = Debug|Win32
		{AA87FA4B-9E3D-4108-A7D8-B50AE84A02D0}.Debug|x86.Build.0 = Debug|Win32
		{AA87FA4B-9E3D-4108-A7D8-B50AE84A02D0}.Release|x64.ActiveCfg = Release|x64
		{AA87FA4B-9E3D-4108-A7D8-B50AE84A02D0}.Release|x64.Build.0 = Release|x64
		{AA87FA4B-9E3D-4108-A7D8-B50AE84A02D0}.Release|x86.ActiveCfg = Release|Win32
		{AA87FA4B-9E3D-4108-A7D8-B50AE84A02D0}.Release|x86.Build.0 = Release|Win32
		{272E907C-B7BA-4A23-ABC5-11AF867049DC}.Debug|x64.ActiveCfg = Debug|x64
		{272E907C-B7BA-4A23-ABC5-11AF867049DC}.Debug|x64.Build.0 = Debug|x64
		{272E907C-B7BA-4A23-ABC5-11AF867049DC}.Debug|x86.ActiveCfg = Debug|Win32
		{272E907C-B7BA-4A23-ABC5-11AF867049DC}.Debug|x86.Build.0 = Debug|Win32
		{272E907C-B7BA-4A23-ABC5-11AF867049DC}.Release|x64.ActiveCfg = Release|x64
		{272E907C-B7BA-4A23-ABC5-11AF867049DC}.Release|x64.Build.0 = Release|x64
		{272E907C-B7BA-4A23-ABC5-11AF867049DC}.Release|x86.ActiveCfg = Release|Win32
		{272E907C-B7BA-4A23-ABC5-11AF867049DC}.Release|x86.Build.0 = Release|Win32
		{6B4C535F-F416-4D2F-851D-73C94F7AB975}.Debug|x64.ActiveCfg = Debug|x64
		{6B4C535F-F416-4D2F-851D-73C94F7AB975}.Debug|x64.Build.0 = Debug|x64
		{6B4C535F-F416-4D2F-851D-73C94F7AB975}.Debug|x86.ActiveCfg = Debug|Win32
		{6B4C535F-F416-4D2F-851D-73C94F7AB975}.Debug|x86.Build.0 = Debug|Win32
		{6B4C535F-F416-4D2F-851D-73C94F7AB975}.Release|x64.ActiveCfg = Release|x64
		{6B4C535F-F416-4D2F-851D-73C94F7AB975}.Release|x64.Build.0 = Release|x64
		{6B4C535F-F416-4D2F-851D-73C94F7AB975}.Release|x86.ActiveCfg = Release|Win32
		{6B4C535F-F416-4D2F-851D-73C94F7AB975}.Release|x86.Build.0 = Release|Win32
		{02298517-1ABD-4357-9DD8-D5511CE90E6D}.Debug|x64.ActiveCfg = Debug|x64
		{02298517-1ABD-4357-9DD8-D5511CE90E6D}.Debug|x64.Build.0 = Debug|x64
		{02298517-1ABD-4357-9DD8-D5511CE90E6D}.Debug|x86.ActiveCfg = Debug|Win32
		{02298517-1ABD-4357-9DD8-D5511CE90E6D}.Debug|x86.Build.0 = Debug|Win32
		{02298517-1ABD-4357-9DD8-D5511CE90E6D}.Release|x64.ActiveCfg = Release|x64
		{02298517-1ABD-4357-9DD8-D5511CE90E6D}.Release|x64.Build.0 = Release|x64
		{02298517-1ABD-4357-9DD8-D5511CE90E6D}.Release|x86.ActiveCfg = Release|Win32
		{02298517-1ABD-4357-9DD8-D5511CE90E6D}.Release|x86.Build.0 = Release|Win32
		{25D201D3-5514-4555-9AF8-3B8E84D41F17}.Debug|x64.ActiveCfg = Debug|x64
		{25D201D3-5514-4555-9AF8-3B8E84D41F17}.Debug|x64.Build.0 = Debug|x64
		{25D201D3-5514-4555-9AF8-3B8E84D41F17}.Debug|x86.ActiveCfg = Debug|Win32
		{25D201D3-5514-4555-9AF8-3B8E84D41F17}.Debug|x86.Build.0 = Debug|Win32
		{25D201D3-5514-4555-9AF8-3B8E84D41F17}.Release|x64.ActiveCfg = Release|x64
		{25D201D3-5514-4555-9AF8-3B8E84D41F17}.Release|x64.Build.0 = Release|x64
		{25D201D3-5514-4555-9AF8-3B8E84D41F17}.Release|x86.ActiveCfg = Release|Win32
		{25D201D3-5514-4555-9AF8-3B8E84D41F17}.Release|x86.Build.0 = Release|Win32
		{52235C1F-9045-4C56-A358-2898B29901BA}.Debug|x64.ActiveCfg = Debug|x64
		{52235C1F-9045-4C56-A358-2898B29901BA}.Debug|x64.Build.0 = Debug|x64
		{52235C1F-9045-4C56-A358-2898B29901BA}.Debug|x86.ActiveCfg = Debug|Win32
		{52235C1F-9045-4C56-A358-2898B29901BA}.Debug|x86.Build.0 = Debug|Win32
		{52235C1F-9045-4C56-A358-2898B29901BA}.Release|x64.ActiveCfg = Release|x64
		{52235C1F-9045-4C56-A358-2898B29901BA}.Release|x64.Build.0 = Release|x64
		{52235C1F-9045-4C56-A358-2898B29901BA}.Release|x86.ActiveCfg = Release|Win32
		{52235C1F-9045-4C56-A358-2898B29901BA}.Release|x86.Build.0 = Release|Win32
		{759C56E1-CD97-41A9-B913-060F98989B08}.Debug|x64.ActiveCfg = Debug|x64
		{759C56E1-CD97-41A9-B913-060F98989B08}.Debug|x64.Build.0 = Debug|x64
		{759C56E1-CD97-41A9-B913-060F98989B08}.Debug|x86.ActiveCfg = Debug|Win32
		{759C56E1-CD97-41A9-B913-060F98989B08}.Debug|x86.Build.0 = Debug|Win32
		{759C56E1-CD97-41A9-B913-060F98989B08}.Release|x64.ActiveCfg = Release|x64
		{759C56E1-CD97-41A9-B913-060F98989B08}.Release|x64.Build.0 = Release|x64
		{759C56E1-CD97-41A9-B913-060F98989B08}.Release|x86.ActiveCfg = Release|Win32
		{759C56E1-CD97-41A9-B913-060F98989B08}.Release|x86.Build.0 = Release|Win32
		{A3658F85-4EF2-40DE-A042-2171DC60128B}.Debug|x64.ActiveCfg = Debug|x64
		{A3658F85-4EF2-40DE-A042-2171DC60128B}.Debug|x64.Build.0 = Debug|x64
		{A3658F85-4EF2-40DE-A042-2171DC60128B}.Debug|x86.ActiveCfg = Debug|Win32
		{A3658F85-4EF2-40DE-A042-2171DC60128B}.Debug|x86.Build.0 = Debug|Win32
		{A3658F85-4EF2-40DE-A042-2171DC60128B}.Release|x64.ActiveCfg = Release|x64
		{A3658F85-4EF2-40DE-A042-2171DC60128B}.Release|x64.Build.0 = Release|x64
		{A3658F85-4EF2-40DE-A042-2171DC60128B}.Release|x86.ActiveCfg = Release|Win32
		{A3658F85-4EF2-40DE-A042-2171DC60128B}.Release|x86.Build.0 = Release|Win32
		{189228C9-909C-44E6-AB78-3C49518A31FF}.Debug|x64.ActiveCfg = Debug|x64
		{189228C9-909C-44E6-AB78-3C49518A31FF}.Debug|x64.Build.0 = Debug|x64
		{189228C9-909C-44E6-AB78-3C49518A31FF}.Debug|x86.ActiveCfg = Debug|Win32
		{189228C9-909C-44E6-AB78-3C49518A31FF}.Debug|x86.Build.0 = Debug|Win32
		{189228C9-909C-44E6-AB78-3C49518A31FF}.Release|x64.ActiveCfg = Release|x64
		{189228C9-909C-44E6-AB78-3C49518A31FF}.Release|x64.Build.0 = Release|x64
		{189228C9-909C-44E6-AB78-3C49518A31FF}.Release|x86.ActiveCfg = Release|Win32
		{189228C9-909C-44E6-AB78-3C49518A31FF}.Release|x86.Build.0 = Release|Win32
		{652F2C5F-9B0D-4472-AC90-7E7523C49040}.Debug|x64.ActiveCfg = Debug|x64
		{652F2C5F-9B0D-4472-AC90-7E7523C49040}.Debug|x64.Build.0 = Debug|x64
		{652F2C5F-9B0D-4472-AC90-7E7523C49040}.Debug|x86.ActiveCfg = Debug|Win32
		{652F2C5F-9B0D-4472-AC90-7E7523C49040}.Debug|x86.Build.0 = Debug|Win32
		{652F2C5F-9B0D-4472-AC90-7E7523C49040}.Release|x64.ActiveCfg = Release|x64
		{652F2C5F-9B0D-4472-AC90-7E7523C49040}.Release|x64.Build.0 = Release|x64
		{652F2C5F-9B0D-4472-AC90-7E7523C49040}.Release|x86.ActiveCfg = Release|Win32
		{652F2C5F-9B0D-4472-AC90-7E7523C49040}.Release|x86.Build.0 = Release|Win32
		{DB3935E2-8E93-4563-B5DC-C0EDA5884C0A}.Debug|x64.ActiveCfg = Debug|x64
		{DB3935E2-8E93-4563-B5DC-C0EDA5884C0A}.Debug|x64.Build.0 = Debug|x64
		{DB3935E2-8E93-4563-B5DC-C0EDA5884C0A}.Debug|x86.ActiveCfg = Debug|Win32
		{DB3935E2-8E93-4563-B5DC-C0EDA5884C0A}.Debug|x86.Build.0 = Debug|Win32
		{DB3935E2-8E93-4563-B5DC-C0EDA5884C0A}.Release|x64.ActiveCfg = Release|x64
		{DB3935E2-8E93-4563-B5DC-C0EDA5884C0A}.Release|x64.Build.0 = Release|x64
		{DB3935E2-8E93-4563-B5DC-C0EDA5884C0A}.Release|x86.ActiveCfg = Release|Win32
		{DB3935E2-8E93-4563-B5DC-C0EDA5884C0A}.Release|x86.Build.0 = Release|Win32
	EndGlobalSection
	GlobalSection(SolutionProperties) = preSolution
		HideSolutionNode = FALSE
	EndGlobalSection
	GlobalSection(ExtensibilityGlobals) = postSolution
		SolutionGuid = {5C5BF7BA-E2D9-48F7-A024-BAB28428B1E2}
	EndGlobalSection
EndGlobal
