
Microsoft Visual Studio Solution File, Format Version 12.00
# Visual Studio Version 17
VisualStudioVersion = 17.7.34221.43
MinimumVisualStudioVersion = 10.0.40219.1
Project("{8BC9CEB8-8B4A-11D0-8D11-00A0C91BC942}") = "Bai085", "Bai085\Bai085.vcxproj", "{76AC2F4C-4EE6-4DFF-87B8-96A60ADCCF85}"
EndProject
Project("{8BC9CEB8-8B4A-11D0-8D11-00A0C91BC942}") = "Bai090", "Bai090\Bai090.vcxproj", "{7001F787-450D-405E-BFC1-40E2344FF40D}"
EndProject
Project("{8BC9CEB8-8B4A-11D0-8D11-00A0C91BC942}") = "Bai095", "Bai095\Bai095.vcxproj", "{BAAA5E1E-71E5-4F0E-981E-097922D06505}"
EndProject
Project("{8BC9CEB8-8B4A-11D0-8D11-00A0C91BC942}") = "Bai100", "Bai100\Bai100.vcxproj", "{24AB9EB8-77EF-46B3-A623-72B52F61AE6F}"
EndProject
Project("{8BC9CEB8-8B4A-11D0-8D11-00A0C91BC942}") = "Bai105", "Bai105\Bai105.vcxproj", "{BFC743B2-852E-40A8-9EF8-884C93EE1312}"
EndProject
Project("{8BC9CEB8-8B4A-11D0-8D11-00A0C91BC942}") = "Bai110", "Bai110\Bai110.vcxproj", "{9EE24280-4022-42E2-B23E-063CA7B07B50}"
EndProject
Project("{8BC9CEB8-8B4A-11D0-8D11-00A0C91BC942}") = "Bai115", "Bai115\Bai115.vcxproj", "{22CE777A-18CD-4CBB-A54E-CFC874539BF8}"
EndProject
Project("{8BC9CEB8-8B4A-11D0-8D11-00A0C91BC942}") = "Bai120", "Bai120\Bai120.vcxproj", "{78EE2404-7E25-459D-9070-E35F8F086949}"
EndProject
Project("{8BC9CEB8-8B4A-11D0-8D11-00A0C91BC942}") = "Bai125", "Bai125\Bai125.vcxproj", "{6A2A2661-A7C9-463A-A4E2-971246DE5455}"
EndProject
Project("{8BC9CEB8-8B4A-11D0-8D11-00A0C91BC942}") = "Bai130", "Bai130\Bai130.vcxproj", "{9FC6B41A-7DAB-4E4E-AE9E-015D97C9FAA8}"
EndProject
Project("{8BC9CEB8-8B4A-11D0-8D11-00A0C91BC942}") = "Bai135", "Bai135\Bai135.vcxproj", "{87C78E3B-D622-4C96-9D2F-FECDD984266D}"
EndProject
Project("{8BC9CEB8-8B4A-11D0-8D11-00A0C91BC942}") = "Bai140", "Bai140\Bai140.vcxproj", "{B900A59C-73AB-44C6-A044-BB0DD826570B}"
EndProject
Project("{8BC9CEB8-8B4A-11D0-8D11-00A0C91BC942}") = "Bai145", "Bai145\Bai145.vcxproj", "{B8B908F3-B879-4C8F-94C2-F244ED7BAFFC}"
EndProject
Project("{8BC9CEB8-8B4A-11D0-8D11-00A0C91BC942}") = "Bai150", "Bai150\Bai150.vcxproj", "{C4F085FE-AA7C-4413-A127-45514FB5A90E}"
EndProject
Project("{8BC9CEB8-8B4A-11D0-8D11-00A0C91BC942}") = "Bai155", "Bai155\Bai155.vcxproj", "{595FD266-2618-4151-BED9-5D35A20CD417}"
EndProject
Project("{8BC9CEB8-8B4A-11D0-8D11-00A0C91BC942}") = "Bai160", "Bai160\Bai160.vcxproj", "{23F49B30-A3D5-466D-817E-AAE1CFD09F14}"
EndProject
Project("{8BC9CEB8-8B4A-11D0-8D11-00A0C91BC942}") = "Bai165", "Bai165\Bai165.vcxproj", "{25290277-F5F0-4709-9EAF-B0FF03821098}"
EndProject
Project("{8BC9CEB8-8B4A-11D0-8D11-00A0C91BC942}") = "Bai170", "Bai170\Bai170.vcxproj", "{AEA3E8F8-63FB-47EF-A607-31EC2056B41A}"
EndProject
Project("{8BC9CEB8-8B4A-11D0-8D11-00A0C91BC942}") = "Bai005", "Bai005\Bai005.vcxproj", "{D329BECA-2F3C-466A-BA43-F0F71227D99E}"
EndProject
Project("{8BC9CEB8-8B4A-11D0-8D11-00A0C91BC942}") = "Bai010", "Bai010\Bai010.vcxproj", "{E217634F-BDBE-4356-9B03-F8D42B231C3C}"
EndProject
Project("{8BC9CEB8-8B4A-11D0-8D11-00A0C91BC942}") = "Bai015", "Bai015\Bai015.vcxproj", "{7A25FD53-FF13-4FA4-BDFA-D3D5549B3517}"
EndProject
Project("{8BC9CEB8-8B4A-11D0-8D11-00A0C91BC942}") = "Bai020", "Bai020\Bai020.vcxproj", "{0D23869D-A6CA-484A-9426-441C3659D27D}"
EndProject
Project("{8BC9CEB8-8B4A-11D0-8D11-00A0C91BC942}") = "Bai025", "Bai025\Bai025.vcxproj", "{78727435-FAE9-4790-9782-3EE5110538FA}"
EndProject
Project("{8BC9CEB8-8B4A-11D0-8D11-00A0C91BC942}") = "Bai030", "Bai030\Bai030.vcxproj", "{44079B6E-61B7-45F5-B565-7D3C00524C82}"
EndProject
Project("{8BC9CEB8-8B4A-11D0-8D11-00A0C91BC942}") = "Bai035", "Bai035\Bai035.vcxproj", "{1BE00167-5301-4587-9F77-68CBEC782A6B}"
EndProject
Project("{8BC9CEB8-8B4A-11D0-8D11-00A0C91BC942}") = "Bai040", "Bai040\Bai040.vcxproj", "{51BA3536-AD1A-4BDC-9E0D-DB41F5A3F911}"
EndProject
Project("{8BC9CEB8-8B4A-11D0-8D11-00A0C91BC942}") = "Bai045", "Bai045\Bai045.vcxproj", "{EAD5B0E5-267D-4340-95D8-3FBC7BB2DFD4}"
EndProject
Project("{8BC9CEB8-8B4A-11D0-8D11-00A0C91BC942}") = "Bai050", "Bai050\Bai050.vcxproj", "{63614891-1322-4556-8EFC-8439BAE68A62}"
EndProject
Project("{8BC9CEB8-8B4A-11D0-8D11-00A0C91BC942}") = "Bai055", "Bai055\Bai055.vcxproj", "{981E2EAD-F67F-465E-AC50-BA4F8DEF3EDB}"
EndProject
Project("{8BC9CEB8-8B4A-11D0-8D11-00A0C91BC942}") = "Bai060", "Bai060\Bai060.vcxproj", "{2B06A5E1-408C-41BB-9D3F-BA1B5072FBE4}"
EndProject
Project("{8BC9CEB8-8B4A-11D0-8D11-00A0C91BC942}") = "Bai065", "Bai065\Bai065.vcxproj", "{0DF0E5B1-34E4-42C8-B88A-76AD87C05BB7}"
EndProject
Project("{8BC9CEB8-8B4A-11D0-8D11-00A0C91BC942}") = "Bai070", "Bai070\Bai070.vcxproj", "{8F5BA43A-2F2F-4777-BB33-0CB14595E4AE}"
EndProject
Project("{8BC9CEB8-8B4A-11D0-8D11-00A0C91BC942}") = "Bai075", "Bai075\Bai075.vcxproj", "{E876B30D-4DD8-4740-AA8D-BF355EAF5A69}"
EndProject
Project("{8BC9CEB8-8B4A-11D0-8D11-00A0C91BC942}") = "Bai080", "Bai080\Bai080.vcxproj", "{F6B178AA-8F7D-4022-8CE7-4BDDA919AE45}"
EndProject
Global
	GlobalSection(SolutionConfigurationPlatforms) = preSolution
		Debug|x64 = Debug|x64
		Debug|x86 = Debug|x86
		Release|x64 = Release|x64
		Release|x86 = Release|x86
	EndGlobalSection
	GlobalSection(ProjectConfigurationPlatforms) = postSolution
		{76AC2F4C-4EE6-4DFF-87B8-96A60ADCCF85}.Debug|x64.ActiveCfg = Debug|x64
		{76AC2F4C-4EE6-4DFF-87B8-96A60ADCCF85}.Debug|x64.Build.0 = Debug|x64
		{76AC2F4C-4EE6-4DFF-87B8-96A60ADCCF85}.Debug|x86.ActiveCfg = Debug|Win32
		{76AC2F4C-4EE6-4DFF-87B8-96A60ADCCF85}.Debug|x86.Build.0 = Debug|Win32
		{76AC2F4C-4EE6-4DFF-87B8-96A60ADCCF85}.Release|x64.ActiveCfg = Release|x64
		{76AC2F4C-4EE6-4DFF-87B8-96A60ADCCF85}.Release|x64.Build.0 = Release|x64
		{76AC2F4C-4EE6-4DFF-87B8-96A60ADCCF85}.Release|x86.ActiveCfg = Release|Win32
		{76AC2F4C-4EE6-4DFF-87B8-96A60ADCCF85}.Release|x86.Build.0 = Release|Win32
		{7001F787-450D-405E-BFC1-40E2344FF40D}.Debug|x64.ActiveCfg = Debug|x64
		{7001F787-450D-405E-BFC1-40E2344FF40D}.Debug|x64.Build.0 = Debug|x64
		{7001F787-450D-405E-BFC1-40E2344FF40D}.Debug|x86.ActiveCfg = Debug|Win32
		{7001F787-450D-405E-BFC1-40E2344FF40D}.Debug|x86.Build.0 = Debug|Win32
		{7001F787-450D-405E-BFC1-40E2344FF40D}.Release|x64.ActiveCfg = Release|x64
		{7001F787-450D-405E-BFC1-40E2344FF40D}.Release|x64.Build.0 = Release|x64
		{7001F787-450D-405E-BFC1-40E2344FF40D}.Release|x86.ActiveCfg = Release|Win32
		{7001F787-450D-405E-BFC1-40E2344FF40D}.Release|x86.Build.0 = Release|Win32
		{BAAA5E1E-71E5-4F0E-981E-097922D06505}.Debug|x64.ActiveCfg = Debug|x64
		{BAAA5E1E-71E5-4F0E-981E-097922D06505}.Debug|x64.Build.0 = Debug|x64
		{BAAA5E1E-71E5-4F0E-981E-097922D06505}.Debug|x86.ActiveCfg = Debug|Win32
		{BAAA5E1E-71E5-4F0E-981E-097922D06505}.Debug|x86.Build.0 = Debug|Win32
		{BAAA5E1E-71E5-4F0E-981E-097922D06505}.Release|x64.ActiveCfg = Release|x64
		{BAAA5E1E-71E5-4F0E-981E-097922D06505}.Release|x64.Build.0 = Release|x64
		{BAAA5E1E-71E5-4F0E-981E-097922D06505}.Release|x86.ActiveCfg = Release|Win32
		{BAAA5E1E-71E5-4F0E-981E-097922D06505}.Release|x86.Build.0 = Release|Win32
		{24AB9EB8-77EF-46B3-A623-72B52F61AE6F}.Debug|x64.ActiveCfg = Debug|x64
		{24AB9EB8-77EF-46B3-A623-72B52F61AE6F}.Debug|x64.Build.0 = Debug|x64
		{24AB9EB8-77EF-46B3-A623-72B52F61AE6F}.Debug|x86.ActiveCfg = Debug|Win32
		{24AB9EB8-77EF-46B3-A623-72B52F61AE6F}.Debug|x86.Build.0 = Debug|Win32
		{24AB9EB8-77EF-46B3-A623-72B52F61AE6F}.Release|x64.ActiveCfg = Release|x64
		{24AB9EB8-77EF-46B3-A623-72B52F61AE6F}.Release|x64.Build.0 = Release|x64
		{24AB9EB8-77EF-46B3-A623-72B52F61AE6F}.Release|x86.ActiveCfg = Release|Win32
		{24AB9EB8-77EF-46B3-A623-72B52F61AE6F}.Release|x86.Build.0 = Release|Win32
		{BFC743B2-852E-40A8-9EF8-884C93EE1312}.Debug|x64.ActiveCfg = Debug|x64
		{BFC743B2-852E-40A8-9EF8-884C93EE1312}.Debug|x64.Build.0 = Debug|x64
		{BFC743B2-852E-40A8-9EF8-884C93EE1312}.Debug|x86.ActiveCfg = Debug|Win32
		{BFC743B2-852E-40A8-9EF8-884C93EE1312}.Debug|x86.Build.0 = Debug|Win32
		{BFC743B2-852E-40A8-9EF8-884C93EE1312}.Release|x64.ActiveCfg = Release|x64
		{BFC743B2-852E-40A8-9EF8-884C93EE1312}.Release|x64.Build.0 = Release|x64
		{BFC743B2-852E-40A8-9EF8-884C93EE1312}.Release|x86.ActiveCfg = Release|Win32
		{BFC743B2-852E-40A8-9EF8-884C93EE1312}.Release|x86.Build.0 = Release|Win32
		{9EE24280-4022-42E2-B23E-063CA7B07B50}.Debug|x64.ActiveCfg = Debug|x64
		{9EE24280-4022-42E2-B23E-063CA7B07B50}.Debug|x64.Build.0 = Debug|x64
		{9EE24280-4022-42E2-B23E-063CA7B07B50}.Debug|x86.ActiveCfg = Debug|Win32
		{9EE24280-4022-42E2-B23E-063CA7B07B50}.Debug|x86.Build.0 = Debug|Win32
		{9EE24280-4022-42E2-B23E-063CA7B07B50}.Release|x64.ActiveCfg = Release|x64
		{9EE24280-4022-42E2-B23E-063CA7B07B50}.Release|x64.Build.0 = Release|x64
		{9EE24280-4022-42E2-B23E-063CA7B07B50}.Release|x86.ActiveCfg = Release|Win32
		{9EE24280-4022-42E2-B23E-063CA7B07B50}.Release|x86.Build.0 = Release|Win32
		{22CE777A-18CD-4CBB-A54E-CFC874539BF8}.Debug|x64.ActiveCfg = Debug|x64
		{22CE777A-18CD-4CBB-A54E-CFC874539BF8}.Debug|x64.Build.0 = Debug|x64
		{22CE777A-18CD-4CBB-A54E-CFC874539BF8}.Debug|x86.ActiveCfg = Debug|Win32
		{22CE777A-18CD-4CBB-A54E-CFC874539BF8}.Debug|x86.Build.0 = Debug|Win32
		{22CE777A-18CD-4CBB-A54E-CFC874539BF8}.Release|x64.ActiveCfg = Release|x64
		{22CE777A-18CD-4CBB-A54E-CFC874539BF8}.Release|x64.Build.0 = Release|x64
		{22CE777A-18CD-4CBB-A54E-CFC874539BF8}.Release|x86.ActiveCfg = Release|Win32
		{22CE777A-18CD-4CBB-A54E-CFC874539BF8}.Release|x86.Build.0 = Release|Win32
		{78EE2404-7E25-459D-9070-E35F8F086949}.Debug|x64.ActiveCfg = Debug|x64
		{78EE2404-7E25-459D-9070-E35F8F086949}.Debug|x64.Build.0 = Debug|x64
		{78EE2404-7E25-459D-9070-E35F8F086949}.Debug|x86.ActiveCfg = Debug|Win32
		{78EE2404-7E25-459D-9070-E35F8F086949}.Debug|x86.Build.0 = Debug|Win32
		{78EE2404-7E25-459D-9070-E35F8F086949}.Release|x64.ActiveCfg = Release|x64
		{78EE2404-7E25-459D-9070-E35F8F086949}.Release|x64.Build.0 = Release|x64
		{78EE2404-7E25-459D-9070-E35F8F086949}.Release|x86.ActiveCfg = Release|Win32
		{78EE2404-7E25-459D-9070-E35F8F086949}.Release|x86.Build.0 = Release|Win32
		{6A2A2661-A7C9-463A-A4E2-971246DE5455}.Debug|x64.ActiveCfg = Debug|x64
		{6A2A2661-A7C9-463A-A4E2-971246DE5455}.Debug|x64.Build.0 = Debug|x64
		{6A2A2661-A7C9-463A-A4E2-971246DE5455}.Debug|x86.ActiveCfg = Debug|Win32
		{6A2A2661-A7C9-463A-A4E2-971246DE5455}.Debug|x86.Build.0 = Debug|Win32
		{6A2A2661-A7C9-463A-A4E2-971246DE5455}.Release|x64.ActiveCfg = Release|x64
		{6A2A2661-A7C9-463A-A4E2-971246DE5455}.Release|x64.Build.0 = Release|x64
		{6A2A2661-A7C9-463A-A4E2-971246DE5455}.Release|x86.ActiveCfg = Release|Win32
		{6A2A2661-A7C9-463A-A4E2-971246DE5455}.Release|x86.Build.0 = Release|Win32
		{9FC6B41A-7DAB-4E4E-AE9E-015D97C9FAA8}.Debug|x64.ActiveCfg = Debug|x64
		{9FC6B41A-7DAB-4E4E-AE9E-015D97C9FAA8}.Debug|x64.Build.0 = Debug|x64
		{9FC6B41A-7DAB-4E4E-AE9E-015D97C9FAA8}.Debug|x86.ActiveCfg = Debug|Win32
		{9FC6B41A-7DAB-4E4E-AE9E-015D97C9FAA8}.Debug|x86.Build.0 = Debug|Win32
		{9FC6B41A-7DAB-4E4E-AE9E-015D97C9FAA8}.Release|x64.ActiveCfg = Release|x64
		{9FC6B41A-7DAB-4E4E-AE9E-015D97C9FAA8}.Release|x64.Build.0 = Release|x64
		{9FC6B41A-7DAB-4E4E-AE9E-015D97C9FAA8}.Release|x86.ActiveCfg = Release|Win32
		{9FC6B41A-7DAB-4E4E-AE9E-015D97C9FAA8}.Release|x86.Build.0 = Release|Win32
		{87C78E3B-D622-4C96-9D2F-FECDD984266D}.Debug|x64.ActiveCfg = Debug|x64
		{87C78E3B-D622-4C96-9D2F-FECDD984266D}.Debug|x64.Build.0 = Debug|x64
		{87C78E3B-D622-4C96-9D2F-FECDD984266D}.Debug|x86.ActiveCfg = Debug|Win32
		{87C78E3B-D622-4C96-9D2F-FECDD984266D}.Debug|x86.Build.0 = Debug|Win32
		{87C78E3B-D622-4C96-9D2F-FECDD984266D}.Release|x64.ActiveCfg = Release|x64
		{87C78E3B-D622-4C96-9D2F-FECDD984266D}.Release|x64.Build.0 = Release|x64
		{87C78E3B-D622-4C96-9D2F-FECDD984266D}.Release|x86.ActiveCfg = Release|Win32
		{87C78E3B-D622-4C96-9D2F-FECDD984266D}.Release|x86.Build.0 = Release|Win32
		{B900A59C-73AB-44C6-A044-BB0DD826570B}.Debug|x64.ActiveCfg = Debug|x64
		{B900A59C-73AB-44C6-A044-BB0DD826570B}.Debug|x64.Build.0 = Debug|x64
		{B900A59C-73AB-44C6-A044-BB0DD826570B}.Debug|x86.ActiveCfg = Debug|Win32
		{B900A59C-73AB-44C6-A044-BB0DD826570B}.Debug|x86.Build.0 = Debug|Win32
		{B900A59C-73AB-44C6-A044-BB0DD826570B}.Release|x64.ActiveCfg = Release|x64
		{B900A59C-73AB-44C6-A044-BB0DD826570B}.Release|x64.Build.0 = Release|x64
		{B900A59C-73AB-44C6-A044-BB0DD826570B}.Release|x86.ActiveCfg = Release|Win32
		{B900A59C-73AB-44C6-A044-BB0DD826570B}.Release|x86.Build.0 = Release|Win32
		{B8B908F3-B879-4C8F-94C2-F244ED7BAFFC}.Debug|x64.ActiveCfg = Debug|x64
		{B8B908F3-B879-4C8F-94C2-F244ED7BAFFC}.Debug|x64.Build.0 = Debug|x64
		{B8B908F3-B879-4C8F-94C2-F244ED7BAFFC}.Debug|x86.ActiveCfg = Debug|Win32
		{B8B908F3-B879-4C8F-94C2-F244ED7BAFFC}.Debug|x86.Build.0 = Debug|Win32
		{B8B908F3-B879-4C8F-94C2-F244ED7BAFFC}.Release|x64.ActiveCfg = Release|x64
		{B8B908F3-B879-4C8F-94C2-F244ED7BAFFC}.Release|x64.Build.0 = Release|x64
		{B8B908F3-B879-4C8F-94C2-F244ED7BAFFC}.Release|x86.ActiveCfg = Release|Win32
		{B8B908F3-B879-4C8F-94C2-F244ED7BAFFC}.Release|x86.Build.0 = Release|Win32
		{C4F085FE-AA7C-4413-A127-45514FB5A90E}.Debug|x64.ActiveCfg = Debug|x64
		{C4F085FE-AA7C-4413-A127-45514FB5A90E}.Debug|x64.Build.0 = Debug|x64
		{C4F085FE-AA7C-4413-A127-45514FB5A90E}.Debug|x86.ActiveCfg = Debug|Win32
		{C4F085FE-AA7C-4413-A127-45514FB5A90E}.Debug|x86.Build.0 = Debug|Win32
		{C4F085FE-AA7C-4413-A127-45514FB5A90E}.Release|x64.ActiveCfg = Release|x64
		{C4F085FE-AA7C-4413-A127-45514FB5A90E}.Release|x64.Build.0 = Release|x64
		{C4F085FE-AA7C-4413-A127-45514FB5A90E}.Release|x86.ActiveCfg = Release|Win32
		{C4F085FE-AA7C-4413-A127-45514FB5A90E}.Release|x86.Build.0 = Release|Win32
		{595FD266-2618-4151-BED9-5D35A20CD417}.Debug|x64.ActiveCfg = Debug|x64
		{595FD266-2618-4151-BED9-5D35A20CD417}.Debug|x64.Build.0 = Debug|x64
		{595FD266-2618-4151-BED9-5D35A20CD417}.Debug|x86.ActiveCfg = Debug|Win32
		{595FD266-2618-4151-BED9-5D35A20CD417}.Debug|x86.Build.0 = Debug|Win32
		{595FD266-2618-4151-BED9-5D35A20CD417}.Release|x64.ActiveCfg = Release|x64
		{595FD266-2618-4151-BED9-5D35A20CD417}.Release|x64.Build.0 = Release|x64
		{595FD266-2618-4151-BED9-5D35A20CD417}.Release|x86.ActiveCfg = Release|Win32
		{595FD266-2618-4151-BED9-5D35A20CD417}.Release|x86.Build.0 = Release|Win32
		{23F49B30-A3D5-466D-817E-AAE1CFD09F14}.Debug|x64.ActiveCfg = Debug|x64
		{23F49B30-A3D5-466D-817E-AAE1CFD09F14}.Debug|x64.Build.0 = Debug|x64
		{23F49B30-A3D5-466D-817E-AAE1CFD09F14}.Debug|x86.ActiveCfg = Debug|Win32
		{23F49B30-A3D5-466D-817E-AAE1CFD09F14}.Debug|x86.Build.0 = Debug|Win32
		{23F49B30-A3D5-466D-817E-AAE1CFD09F14}.Release|x64.ActiveCfg = Release|x64
		{23F49B30-A3D5-466D-817E-AAE1CFD09F14}.Release|x64.Build.0 = Release|x64
		{23F49B30-A3D5-466D-817E-AAE1CFD09F14}.Release|x86.ActiveCfg = Release|Win32
		{23F49B30-A3D5-466D-817E-AAE1CFD09F14}.Release|x86.Build.0 = Release|Win32
		{25290277-F5F0-4709-9EAF-B0FF03821098}.Debug|x64.ActiveCfg = Debug|x64
		{25290277-F5F0-4709-9EAF-B0FF03821098}.Debug|x64.Build.0 = Debug|x64
		{25290277-F5F0-4709-9EAF-B0FF03821098}.Debug|x86.ActiveCfg = Debug|Win32
		{25290277-F5F0-4709-9EAF-B0FF03821098}.Debug|x86.Build.0 = Debug|Win32
		{25290277-F5F0-4709-9EAF-B0FF03821098}.Release|x64.ActiveCfg = Release|x64
		{25290277-F5F0-4709-9EAF-B0FF03821098}.Release|x64.Build.0 = Release|x64
		{25290277-F5F0-4709-9EAF-B0FF03821098}.Release|x86.ActiveCfg = Release|Win32
		{25290277-F5F0-4709-9EAF-B0FF03821098}.Release|x86.Build.0 = Release|Win32
		{AEA3E8F8-63FB-47EF-A607-31EC2056B41A}.Debug|x64.ActiveCfg = Debug|x64
		{AEA3E8F8-63FB-47EF-A607-31EC2056B41A}.Debug|x64.Build.0 = Debug|x64
		{AEA3E8F8-63FB-47EF-A607-31EC2056B41A}.Debug|x86.ActiveCfg = Debug|Win32
		{AEA3E8F8-63FB-47EF-A607-31EC2056B41A}.Debug|x86.Build.0 = Debug|Win32
		{AEA3E8F8-63FB-47EF-A607-31EC2056B41A}.Release|x64.ActiveCfg = Release|x64
		{AEA3E8F8-63FB-47EF-A607-31EC2056B41A}.Release|x64.Build.0 = Release|x64
		{AEA3E8F8-63FB-47EF-A607-31EC2056B41A}.Release|x86.ActiveCfg = Release|Win32
		{AEA3E8F8-63FB-47EF-A607-31EC2056B41A}.Release|x86.Build.0 = Release|Win32
		{D329BECA-2F3C-466A-BA43-F0F71227D99E}.Debug|x64.ActiveCfg = Debug|x64
		{D329BECA-2F3C-466A-BA43-F0F71227D99E}.Debug|x64.Build.0 = Debug|x64
		{D329BECA-2F3C-466A-BA43-F0F71227D99E}.Debug|x86.ActiveCfg = Debug|Win32
		{D329BECA-2F3C-466A-BA43-F0F71227D99E}.Debug|x86.Build.0 = Debug|Win32
		{D329BECA-2F3C-466A-BA43-F0F71227D99E}.Release|x64.ActiveCfg = Release|x64
		{D329BECA-2F3C-466A-BA43-F0F71227D99E}.Release|x64.Build.0 = Release|x64
		{D329BECA-2F3C-466A-BA43-F0F71227D99E}.Release|x86.ActiveCfg = Release|Win32
		{D329BECA-2F3C-466A-BA43-F0F71227D99E}.Release|x86.Build.0 = Release|Win32
		{E217634F-BDBE-4356-9B03-F8D42B231C3C}.Debug|x64.ActiveCfg = Debug|x64
		{E217634F-BDBE-4356-9B03-F8D42B231C3C}.Debug|x64.Build.0 = Debug|x64
		{E217634F-BDBE-4356-9B03-F8D42B231C3C}.Debug|x86.ActiveCfg = Debug|Win32
		{E217634F-BDBE-4356-9B03-F8D42B231C3C}.Debug|x86.Build.0 = Debug|Win32
		{E217634F-BDBE-4356-9B03-F8D42B231C3C}.Release|x64.ActiveCfg = Release|x64
		{E217634F-BDBE-4356-9B03-F8D42B231C3C}.Release|x64.Build.0 = Release|x64
		{E217634F-BDBE-4356-9B03-F8D42B231C3C}.Release|x86.ActiveCfg = Release|Win32
		{E217634F-BDBE-4356-9B03-F8D42B231C3C}.Release|x86.Build.0 = Release|Win32
		{7A25FD53-FF13-4FA4-BDFA-D3D5549B3517}.Debug|x64.ActiveCfg = Debug|x64
		{7A25FD53-FF13-4FA4-BDFA-D3D5549B3517}.Debug|x64.Build.0 = Debug|x64
		{7A25FD53-FF13-4FA4-BDFA-D3D5549B3517}.Debug|x86.ActiveCfg = Debug|Win32
		{7A25FD53-FF13-4FA4-BDFA-D3D5549B3517}.Debug|x86.Build.0 = Debug|Win32
		{7A25FD53-FF13-4FA4-BDFA-D3D5549B3517}.Release|x64.ActiveCfg = Release|x64
		{7A25FD53-FF13-4FA4-BDFA-D3D5549B3517}.Release|x64.Build.0 = Release|x64
		{7A25FD53-FF13-4FA4-BDFA-D3D5549B3517}.Release|x86.ActiveCfg = Release|Win32
		{7A25FD53-FF13-4FA4-BDFA-D3D5549B3517}.Release|x86.Build.0 = Release|Win32
		{0D23869D-A6CA-484A-9426-441C3659D27D}.Debug|x64.ActiveCfg = Debug|x64
		{0D23869D-A6CA-484A-9426-441C3659D27D}.Debug|x64.Build.0 = Debug|x64
		{0D23869D-A6CA-484A-9426-441C3659D27D}.Debug|x86.ActiveCfg = Debug|Win32
		{0D23869D-A6CA-484A-9426-441C3659D27D}.Debug|x86.Build.0 = Debug|Win32
		{0D23869D-A6CA-484A-9426-441C3659D27D}.Release|x64.ActiveCfg = Release|x64
		{0D23869D-A6CA-484A-9426-441C3659D27D}.Release|x64.Build.0 = Release|x64
		{0D23869D-A6CA-484A-9426-441C3659D27D}.Release|x86.ActiveCfg = Release|Win32
		{0D23869D-A6CA-484A-9426-441C3659D27D}.Release|x86.Build.0 = Release|Win32
		{78727435-FAE9-4790-9782-3EE5110538FA}.Debug|x64.ActiveCfg = Debug|x64
		{78727435-FAE9-4790-9782-3EE5110538FA}.Debug|x64.Build.0 = Debug|x64
		{78727435-FAE9-4790-9782-3EE5110538FA}.Debug|x86.ActiveCfg = Debug|Win32
		{78727435-FAE9-4790-9782-3EE5110538FA}.Debug|x86.Build.0 = Debug|Win32
		{78727435-FAE9-4790-9782-3EE5110538FA}.Release|x64.ActiveCfg = Release|x64
		{78727435-FAE9-4790-9782-3EE5110538FA}.Release|x64.Build.0 = Release|x64
		{78727435-FAE9-4790-9782-3EE5110538FA}.Release|x86.ActiveCfg = Release|Win32
		{78727435-FAE9-4790-9782-3EE5110538FA}.Release|x86.Build.0 = Release|Win32
		{44079B6E-61B7-45F5-B565-7D3C00524C82}.Debug|x64.ActiveCfg = Debug|x64
		{44079B6E-61B7-45F5-B565-7D3C00524C82}.Debug|x64.Build.0 = Debug|x64
		{44079B6E-61B7-45F5-B565-7D3C00524C82}.Debug|x86.ActiveCfg = Debug|Win32
		{44079B6E-61B7-45F5-B565-7D3C00524C82}.Debug|x86.Build.0 = Debug|Win32
		{44079B6E-61B7-45F5-B565-7D3C00524C82}.Release|x64.ActiveCfg = Release|x64
		{44079B6E-61B7-45F5-B565-7D3C00524C82}.Release|x64.Build.0 = Release|x64
		{44079B6E-61B7-45F5-B565-7D3C00524C82}.Release|x86.ActiveCfg = Release|Win32
		{44079B6E-61B7-45F5-B565-7D3C00524C82}.Release|x86.Build.0 = Release|Win32
		{1BE00167-5301-4587-9F77-68CBEC782A6B}.Debug|x64.ActiveCfg = Debug|x64
		{1BE00167-5301-4587-9F77-68CBEC782A6B}.Debug|x64.Build.0 = Debug|x64
		{1BE00167-5301-4587-9F77-68CBEC782A6B}.Debug|x86.ActiveCfg = Debug|Win32
		{1BE00167-5301-4587-9F77-68CBEC782A6B}.Debug|x86.Build.0 = Debug|Win32
		{1BE00167-5301-4587-9F77-68CBEC782A6B}.Release|x64.ActiveCfg = Release|x64
		{1BE00167-5301-4587-9F77-68CBEC782A6B}.Release|x64.Build.0 = Release|x64
		{1BE00167-5301-4587-9F77-68CBEC782A6B}.Release|x86.ActiveCfg = Release|Win32
		{1BE00167-5301-4587-9F77-68CBEC782A6B}.Release|x86.Build.0 = Release|Win32
		{51BA3536-AD1A-4BDC-9E0D-DB41F5A3F911}.Debug|x64.ActiveCfg = Debug|x64
		{51BA3536-AD1A-4BDC-9E0D-DB41F5A3F911}.Debug|x64.Build.0 = Debug|x64
		{51BA3536-AD1A-4BDC-9E0D-DB41F5A3F911}.Debug|x86.ActiveCfg = Debug|Win32
		{51BA3536-AD1A-4BDC-9E0D-DB41F5A3F911}.Debug|x86.Build.0 = Debug|Win32
		{51BA3536-AD1A-4BDC-9E0D-DB41F5A3F911}.Release|x64.ActiveCfg = Release|x64
		{51BA3536-AD1A-4BDC-9E0D-DB41F5A3F911}.Release|x64.Build.0 = Release|x64
		{51BA3536-AD1A-4BDC-9E0D-DB41F5A3F911}.Release|x86.ActiveCfg = Release|Win32
		{51BA3536-AD1A-4BDC-9E0D-DB41F5A3F911}.Release|x86.Build.0 = Release|Win32
		{EAD5B0E5-267D-4340-95D8-3FBC7BB2DFD4}.Debug|x64.ActiveCfg = Debug|x64
		{EAD5B0E5-267D-4340-95D8-3FBC7BB2DFD4}.Debug|x64.Build.0 = Debug|x64
		{EAD5B0E5-267D-4340-95D8-3FBC7BB2DFD4}.Debug|x86.ActiveCfg = Debug|Win32
		{EAD5B0E5-267D-4340-95D8-3FBC7BB2DFD4}.Debug|x86.Build.0 = Debug|Win32
		{EAD5B0E5-267D-4340-95D8-3FBC7BB2DFD4}.Release|x64.ActiveCfg = Release|x64
		{EAD5B0E5-267D-4340-95D8-3FBC7BB2DFD4}.Release|x64.Build.0 = Release|x64
		{EAD5B0E5-267D-4340-95D8-3FBC7BB2DFD4}.Release|x86.ActiveCfg = Release|Win32
		{EAD5B0E5-267D-4340-95D8-3FBC7BB2DFD4}.Release|x86.Build.0 = Release|Win32
		{63614891-1322-4556-8EFC-8439BAE68A62}.Debug|x64.ActiveCfg = Debug|x64
		{63614891-1322-4556-8EFC-8439BAE68A62}.Debug|x64.Build.0 = Debug|x64
		{63614891-1322-4556-8EFC-8439BAE68A62}.Debug|x86.ActiveCfg = Debug|Win32
		{63614891-1322-4556-8EFC-8439BAE68A62}.Debug|x86.Build.0 = Debug|Win32
		{63614891-1322-4556-8EFC-8439BAE68A62}.Release|x64.ActiveCfg = Release|x64
		{63614891-1322-4556-8EFC-8439BAE68A62}.Release|x64.Build.0 = Release|x64
		{63614891-1322-4556-8EFC-8439BAE68A62}.Release|x86.ActiveCfg = Release|Win32
		{63614891-1322-4556-8EFC-8439BAE68A62}.Release|x86.Build.0 = Release|Win32
		{981E2EAD-F67F-465E-AC50-BA4F8DEF3EDB}.Debug|x64.ActiveCfg = Debug|x64
		{981E2EAD-F67F-465E-AC50-BA4F8DEF3EDB}.Debug|x64.Build.0 = Debug|x64
		{981E2EAD-F67F-465E-AC50-BA4F8DEF3EDB}.Debug|x86.ActiveCfg = Debug|Win32
		{981E2EAD-F67F-465E-AC50-BA4F8DEF3EDB}.Debug|x86.Build.0 = Debug|Win32
		{981E2EAD-F67F-465E-AC50-BA4F8DEF3EDB}.Release|x64.ActiveCfg = Release|x64
		{981E2EAD-F67F-465E-AC50-BA4F8DEF3EDB}.Release|x64.Build.0 = Release|x64
		{981E2EAD-F67F-465E-AC50-BA4F8DEF3EDB}.Release|x86.ActiveCfg = Release|Win32
		{981E2EAD-F67F-465E-AC50-BA4F8DEF3EDB}.Release|x86.Build.0 = Release|Win32
		{2B06A5E1-408C-41BB-9D3F-BA1B5072FBE4}.Debug|x64.ActiveCfg = Debug|x64
		{2B06A5E1-408C-41BB-9D3F-BA1B5072FBE4}.Debug|x64.Build.0 = Debug|x64
		{2B06A5E1-408C-41BB-9D3F-BA1B5072FBE4}.Debug|x86.ActiveCfg = Debug|Win32
		{2B06A5E1-408C-41BB-9D3F-BA1B5072FBE4}.Debug|x86.Build.0 = Debug|Win32
		{2B06A5E1-408C-41BB-9D3F-BA1B5072FBE4}.Release|x64.ActiveCfg = Release|x64
		{2B06A5E1-408C-41BB-9D3F-BA1B5072FBE4}.Release|x64.Build.0 = Release|x64
		{2B06A5E1-408C-41BB-9D3F-BA1B5072FBE4}.Release|x86.ActiveCfg = Release|Win32
		{2B06A5E1-408C-41BB-9D3F-BA1B5072FBE4}.Release|x86.Build.0 = Release|Win32
		{0DF0E5B1-34E4-42C8-B88A-76AD87C05BB7}.Debug|x64.ActiveCfg = Debug|x64
		{0DF0E5B1-34E4-42C8-B88A-76AD87C05BB7}.Debug|x64.Build.0 = Debug|x64
		{0DF0E5B1-34E4-42C8-B88A-76AD87C05BB7}.Debug|x86.ActiveCfg = Debug|Win32
		{0DF0E5B1-34E4-42C8-B88A-76AD87C05BB7}.Debug|x86.Build.0 = Debug|Win32
		{0DF0E5B1-34E4-42C8-B88A-76AD87C05BB7}.Release|x64.ActiveCfg = Release|x64
		{0DF0E5B1-34E4-42C8-B88A-76AD87C05BB7}.Release|x64.Build.0 = Release|x64
		{0DF0E5B1-34E4-42C8-B88A-76AD87C05BB7}.Release|x86.ActiveCfg = Release|Win32
		{0DF0E5B1-34E4-42C8-B88A-76AD87C05BB7}.Release|x86.Build.0 = Release|Win32
		{8F5BA43A-2F2F-4777-BB33-0CB14595E4AE}.Debug|x64.ActiveCfg = Debug|x64
		{8F5BA43A-2F2F-4777-BB33-0CB14595E4AE}.Debug|x64.Build.0 = Debug|x64
		{8F5BA43A-2F2F-4777-BB33-0CB14595E4AE}.Debug|x86.ActiveCfg = Debug|Win32
		{8F5BA43A-2F2F-4777-BB33-0CB14595E4AE}.Debug|x86.Build.0 = Debug|Win32
		{8F5BA43A-2F2F-4777-BB33-0CB14595E4AE}.Release|x64.ActiveCfg = Release|x64
		{8F5BA43A-2F2F-4777-BB33-0CB14595E4AE}.Release|x64.Build.0 = Release|x64
		{8F5BA43A-2F2F-4777-BB33-0CB14595E4AE}.Release|x86.ActiveCfg = Release|Win32
		{8F5BA43A-2F2F-4777-BB33-0CB14595E4AE}.Release|x86.Build.0 = Release|Win32
		{E876B30D-4DD8-4740-AA8D-BF355EAF5A69}.Debug|x64.ActiveCfg = Debug|x64
		{E876B30D-4DD8-4740-AA8D-BF355EAF5A69}.Debug|x64.Build.0 = Debug|x64
		{E876B30D-4DD8-4740-AA8D-BF355EAF5A69}.Debug|x86.ActiveCfg = Debug|Win32
		{E876B30D-4DD8-4740-AA8D-BF355EAF5A69}.Debug|x86.Build.0 = Debug|Win32
		{E876B30D-4DD8-4740-AA8D-BF355EAF5A69}.Release|x64.ActiveCfg = Release|x64
		{E876B30D-4DD8-4740-AA8D-BF355EAF5A69}.Release|x64.Build.0 = Release|x64
		{E876B30D-4DD8-4740-AA8D-BF355EAF5A69}.Release|x86.ActiveCfg = Release|Win32
		{E876B30D-4DD8-4740-AA8D-BF355EAF5A69}.Release|x86.Build.0 = Release|Win32
		{F6B178AA-8F7D-4022-8CE7-4BDDA919AE45}.Debug|x64.ActiveCfg = Debug|x64
		{F6B178AA-8F7D-4022-8CE7-4BDDA919AE45}.Debug|x64.Build.0 = Debug|x64
		{F6B178AA-8F7D-4022-8CE7-4BDDA919AE45}.Debug|x86.ActiveCfg = Debug|Win32
		{F6B178AA-8F7D-4022-8CE7-4BDDA919AE45}.Debug|x86.Build.0 = Debug|Win32
		{F6B178AA-8F7D-4022-8CE7-4BDDA919AE45}.Release|x64.ActiveCfg = Release|x64
		{F6B178AA-8F7D-4022-8CE7-4BDDA919AE45}.Release|x64.Build.0 = Release|x64
		{F6B178AA-8F7D-4022-8CE7-4BDDA919AE45}.Release|x86.ActiveCfg = Release|Win32
		{F6B178AA-8F7D-4022-8CE7-4BDDA919AE45}.Release|x86.Build.0 = Release|Win32
	EndGlobalSection
	GlobalSection(SolutionProperties) = preSolution
		HideSolutionNode = FALSE
	EndGlobalSection
	GlobalSection(ExtensibilityGlobals) = postSolution
		SolutionGuid = {2462391D-DD77-4636-8284-B90D2225513A}
	EndGlobalSection
EndGlobal
