
Microsoft Visual Studio Solution File, Format Version 12.00
# Visual Studio Version 17
VisualStudioVersion = 17.7.34031.279
MinimumVisualStudioVersion = 10.0.40219.1
Project("{8BC9CEB8-8B4A-11D0-8D11-00A0C91BC942}") = "Bai003", "Bai003\Bai003.vcxproj", "{141810C9-BF38-4859-8826-0EF44C7F4F89}"
EndProject
Project("{8BC9CEB8-8B4A-11D0-8D11-00A0C91BC942}") = "Bai008", "Bai008\Bai008.vcxproj", "{96EFB037-99B5-4C9F-B13E-BA77F3C6B230}"
EndProject
Project("{8BC9CEB8-8B4A-11D0-8D11-00A0C91BC942}") = "Bai013", "Bai013\Bai013.vcxproj", "{8F98E422-B10E-430A-921B-400F05E139DE}"
EndProject
Project("{8BC9CEB8-8B4A-11D0-8D11-00A0C91BC942}") = "Bai018", "Bai018\Bai018.vcxproj", "{F5E313F0-2C5F-41DF-8F77-AC1479F0449E}"
EndProject
Project("{8BC9CEB8-8B4A-11D0-8D11-00A0C91BC942}") = "Bai023", "Bai023\Bai023.vcxproj", "{80A4980C-7A13-4D18-A0A3-3DFB6143F77B}"
EndProject
Project("{8BC9CEB8-8B4A-11D0-8D11-00A0C91BC942}") = "Bai028", "Bai028\Bai028.vcxproj", "{66B43C10-B842-4538-A0C0-A270EFA7C0A6}"
EndProject
Project("{8BC9CEB8-8B4A-11D0-8D11-00A0C91BC942}") = "Bai033", "Bai033\Bai033.vcxproj", "{0E649AC6-6E15-4608-A638-80AEDC0929E4}"
EndProject
Project("{8BC9CEB8-8B4A-11D0-8D11-00A0C91BC942}") = "Bai038", "Bai038\Bai038.vcxproj", "{766CB644-DB9B-444F-9829-8A0AEAA90FA0}"
EndProject
Project("{8BC9CEB8-8B4A-11D0-8D11-00A0C91BC942}") = "Bai043", "Bai043\Bai043.vcxproj", "{92A222A2-CAD8-4008-93C3-BA824F2C1A58}"
EndProject
Project("{8BC9CEB8-8B4A-11D0-8D11-00A0C91BC942}") = "Bai048", "Bai048\Bai048.vcxproj", "{A5F0C540-2DBB-44EA-A721-EBDCA101592B}"
EndProject
Project("{8BC9CEB8-8B4A-11D0-8D11-00A0C91BC942}") = "Bai053", "Bai053\Bai053.vcxproj", "{822D6ECF-79B2-48FB-B4D6-0414EED9284E}"
EndProject
Project("{8BC9CEB8-8B4A-11D0-8D11-00A0C91BC942}") = "Bai058", "Bai058\Bai058.vcxproj", "{F1FD4B1A-DC9E-4403-B8F7-EFA764B79472}"
EndProject
Project("{8BC9CEB8-8B4A-11D0-8D11-00A0C91BC942}") = "Bai063", "Bai063\Bai063.vcxproj", "{E5530F01-DFEB-4A84-A186-2F2115A7303A}"
EndProject
Project("{8BC9CEB8-8B4A-11D0-8D11-00A0C91BC942}") = "Bai068", "Bai068\Bai068.vcxproj", "{041E0E83-C9BF-4957-978D-8438CAF71DF8}"
EndProject
Project("{8BC9CEB8-8B4A-11D0-8D11-00A0C91BC942}") = "Bai073", "Bai073\Bai073.vcxproj", "{3A55EC73-F7E1-40DD-AB28-DA27766E335B}"
EndProject
Project("{8BC9CEB8-8B4A-11D0-8D11-00A0C91BC942}") = "Bai078", "Bai078\Bai078.vcxproj", "{EE37C0A2-EB1B-4AF9-9207-D95078A56C52}"
EndProject
Project("{8BC9CEB8-8B4A-11D0-8D11-00A0C91BC942}") = "Bai083", "Bai083\Bai083.vcxproj", "{4F867C59-E53D-4583-9C35-B486F96BCFC6}"
EndProject
Project("{8BC9CEB8-8B4A-11D0-8D11-00A0C91BC942}") = "Bai088", "Bai088\Bai088.vcxproj", "{DFE19F86-26DF-4245-AE37-2C8EBF4B984D}"
EndProject
Project("{8BC9CEB8-8B4A-11D0-8D11-00A0C91BC942}") = "Bai093", "Bai093\Bai093.vcxproj", "{4F34D794-A871-4E96-A0F8-03448D625AA3}"
EndProject
Project("{8BC9CEB8-8B4A-11D0-8D11-00A0C91BC942}") = "Bai098", "Bai098\Bai098.vcxproj", "{3F2E4518-86FD-48EF-962B-F0D1D3CD95D6}"
EndProject
Project("{8BC9CEB8-8B4A-11D0-8D11-00A0C91BC942}") = "Bai103", "Bai103\Bai103.vcxproj", "{46185A02-96EA-40F7-B97D-F8E81B9FDEFD}"
EndProject
Project("{8BC9CEB8-8B4A-11D0-8D11-00A0C91BC942}") = "Bai108", "Bai108\Bai108.vcxproj", "{B6F7F496-F712-4F29-9D94-220888BF92B6}"
EndProject
Project("{8BC9CEB8-8B4A-11D0-8D11-00A0C91BC942}") = "Bai113", "Bai113\Bai113.vcxproj", "{91CAB4CF-204F-4AF3-B2F3-ED1638FCE9F0}"
EndProject
Project("{8BC9CEB8-8B4A-11D0-8D11-00A0C91BC942}") = "Bai118", "Bai118\Bai118.vcxproj", "{DF7CF10A-7808-4B2F-A690-A58FC2D6203C}"
EndProject
Project("{8BC9CEB8-8B4A-11D0-8D11-00A0C91BC942}") = "Bai123", "Bai123\Bai123.vcxproj", "{C103CEE1-901F-46F6-86E5-67E7ABAB8AC3}"
EndProject
Project("{8BC9CEB8-8B4A-11D0-8D11-00A0C91BC942}") = "Bai128", "Bai128\Bai128.vcxproj", "{89D9A332-999C-4B96-8214-BE13BDB9DA8B}"
EndProject
Project("{8BC9CEB8-8B4A-11D0-8D11-00A0C91BC942}") = "Bai133", "Bai133\Bai133.vcxproj", "{25ED7F41-7077-45DF-911C-A99188CA3599}"
EndProject
Project("{8BC9CEB8-8B4A-11D0-8D11-00A0C91BC942}") = "Bai138", "Bai138\Bai138.vcxproj", "{4250C5C8-D080-4DA7-9770-D7F4A7B0DEA9}"
EndProject
Project("{8BC9CEB8-8B4A-11D0-8D11-00A0C91BC942}") = "Bai143", "Bai143\Bai143.vcxproj", "{003BEEB6-7CB5-4126-84FC-403202FFC771}"
EndProject
Project("{8BC9CEB8-8B4A-11D0-8D11-00A0C91BC942}") = "Bai148", "Bai148\Bai148.vcxproj", "{6D43AD96-92DB-4B4A-9513-FCEAD0F7EAB8}"
EndProject
Project("{8BC9CEB8-8B4A-11D0-8D11-00A0C91BC942}") = "Bai153", "Bai153\Bai153.vcxproj", "{D3A0CFD5-245E-4DF8-ADA8-7DBF20B3A014}"
EndProject
Project("{8BC9CEB8-8B4A-11D0-8D11-00A0C91BC942}") = "Bai158", "Bai158\Bai158.vcxproj", "{0CAF8347-AC26-4D4F-87CE-0F4BDEF617EE}"
EndProject
Project("{8BC9CEB8-8B4A-11D0-8D11-00A0C91BC942}") = "Bai163", "Bai163\Bai163.vcxproj", "{F5DEC092-59D7-4802-9030-2E4E26C0AE33}"
EndProject
Project("{8BC9CEB8-8B4A-11D0-8D11-00A0C91BC942}") = "Bai168", "Bai168\Bai168.vcxproj", "{7A110AC9-57A0-469E-B404-1DA0F862FC86}"
EndProject
Global
	GlobalSection(SolutionConfigurationPlatforms) = preSolution
		Debug|x64 = Debug|x64
		Debug|x86 = Debug|x86
		Release|x64 = Release|x64
		Release|x86 = Release|x86
	EndGlobalSection
	GlobalSection(ProjectConfigurationPlatforms) = postSolution
		{141810C9-BF38-4859-8826-0EF44C7F4F89}.Debug|x64.ActiveCfg = Debug|x64
		{141810C9-BF38-4859-8826-0EF44C7F4F89}.Debug|x64.Build.0 = Debug|x64
		{141810C9-BF38-4859-8826-0EF44C7F4F89}.Debug|x86.ActiveCfg = Debug|Win32
		{141810C9-BF38-4859-8826-0EF44C7F4F89}.Debug|x86.Build.0 = Debug|Win32
		{141810C9-BF38-4859-8826-0EF44C7F4F89}.Release|x64.ActiveCfg = Release|x64
		{141810C9-BF38-4859-8826-0EF44C7F4F89}.Release|x64.Build.0 = Release|x64
		{141810C9-BF38-4859-8826-0EF44C7F4F89}.Release|x86.ActiveCfg = Release|Win32
		{141810C9-BF38-4859-8826-0EF44C7F4F89}.Release|x86.Build.0 = Release|Win32
		{96EFB037-99B5-4C9F-B13E-BA77F3C6B230}.Debug|x64.ActiveCfg = Debug|x64
		{96EFB037-99B5-4C9F-B13E-BA77F3C6B230}.Debug|x64.Build.0 = Debug|x64
		{96EFB037-99B5-4C9F-B13E-BA77F3C6B230}.Debug|x86.ActiveCfg = Debug|Win32
		{96EFB037-99B5-4C9F-B13E-BA77F3C6B230}.Debug|x86.Build.0 = Debug|Win32
		{96EFB037-99B5-4C9F-B13E-BA77F3C6B230}.Release|x64.ActiveCfg = Release|x64
		{96EFB037-99B5-4C9F-B13E-BA77F3C6B230}.Release|x64.Build.0 = Release|x64
		{96EFB037-99B5-4C9F-B13E-BA77F3C6B230}.Release|x86.ActiveCfg = Release|Win32
		{96EFB037-99B5-4C9F-B13E-BA77F3C6B230}.Release|x86.Build.0 = Release|Win32
		{8F98E422-B10E-430A-921B-400F05E139DE}.Debug|x64.ActiveCfg = Debug|x64
		{8F98E422-B10E-430A-921B-400F05E139DE}.Debug|x64.Build.0 = Debug|x64
		{8F98E422-B10E-430A-921B-400F05E139DE}.Debug|x86.ActiveCfg = Debug|Win32
		{8F98E422-B10E-430A-921B-400F05E139DE}.Debug|x86.Build.0 = Debug|Win32
		{8F98E422-B10E-430A-921B-400F05E139DE}.Release|x64.ActiveCfg = Release|x64
		{8F98E422-B10E-430A-921B-400F05E139DE}.Release|x64.Build.0 = Release|x64
		{8F98E422-B10E-430A-921B-400F05E139DE}.Release|x86.ActiveCfg = Release|Win32
		{8F98E422-B10E-430A-921B-400F05E139DE}.Release|x86.Build.0 = Release|Win32
		{F5E313F0-2C5F-41DF-8F77-AC1479F0449E}.Debug|x64.ActiveCfg = Debug|x64
		{F5E313F0-2C5F-41DF-8F77-AC1479F0449E}.Debug|x64.Build.0 = Debug|x64
		{F5E313F0-2C5F-41DF-8F77-AC1479F0449E}.Debug|x86.ActiveCfg = Debug|Win32
		{F5E313F0-2C5F-41DF-8F77-AC1479F0449E}.Debug|x86.Build.0 = Debug|Win32
		{F5E313F0-2C5F-41DF-8F77-AC1479F0449E}.Release|x64.ActiveCfg = Release|x64
		{F5E313F0-2C5F-41DF-8F77-AC1479F0449E}.Release|x64.Build.0 = Release|x64
		{F5E313F0-2C5F-41DF-8F77-AC1479F0449E}.Release|x86.ActiveCfg = Release|Win32
		{F5E313F0-2C5F-41DF-8F77-AC1479F0449E}.Release|x86.Build.0 = Release|Win32
		{80A4980C-7A13-4D18-A0A3-3DFB6143F77B}.Debug|x64.ActiveCfg = Debug|x64
		{80A4980C-7A13-4D18-A0A3-3DFB6143F77B}.Debug|x64.Build.0 = Debug|x64
		{80A4980C-7A13-4D18-A0A3-3DFB6143F77B}.Debug|x86.ActiveCfg = Debug|Win32
		{80A4980C-7A13-4D18-A0A3-3DFB6143F77B}.Debug|x86.Build.0 = Debug|Win32
		{80A4980C-7A13-4D18-A0A3-3DFB6143F77B}.Release|x64.ActiveCfg = Release|x64
		{80A4980C-7A13-4D18-A0A3-3DFB6143F77B}.Release|x64.Build.0 = Release|x64
		{80A4980C-7A13-4D18-A0A3-3DFB6143F77B}.Release|x86.ActiveCfg = Release|Win32
		{80A4980C-7A13-4D18-A0A3-3DFB6143F77B}.Release|x86.Build.0 = Release|Win32
		{66B43C10-B842-4538-A0C0-A270EFA7C0A6}.Debug|x64.ActiveCfg = Debug|x64
		{66B43C10-B842-4538-A0C0-A270EFA7C0A6}.Debug|x64.Build.0 = Debug|x64
		{66B43C10-B842-4538-A0C0-A270EFA7C0A6}.Debug|x86.ActiveCfg = Debug|Win32
		{66B43C10-B842-4538-A0C0-A270EFA7C0A6}.Debug|x86.Build.0 = Debug|Win32
		{66B43C10-B842-4538-A0C0-A270EFA7C0A6}.Release|x64.ActiveCfg = Release|x64
		{66B43C10-B842-4538-A0C0-A270EFA7C0A6}.Release|x64.Build.0 = Release|x64
		{66B43C10-B842-4538-A0C0-A270EFA7C0A6}.Release|x86.ActiveCfg = Release|Win32
		{66B43C10-B842-4538-A0C0-A270EFA7C0A6}.Release|x86.Build.0 = Release|Win32
		{0E649AC6-6E15-4608-A638-80AEDC0929E4}.Debug|x64.ActiveCfg = Debug|x64
		{0E649AC6-6E15-4608-A638-80AEDC0929E4}.Debug|x64.Build.0 = Debug|x64
		{0E649AC6-6E15-4608-A638-80AEDC0929E4}.Debug|x86.ActiveCfg = Debug|Win32
		{0E649AC6-6E15-4608-A638-80AEDC0929E4}.Debug|x86.Build.0 = Debug|Win32
		{0E649AC6-6E15-4608-A638-80AEDC0929E4}.Release|x64.ActiveCfg = Release|x64
		{0E649AC6-6E15-4608-A638-80AEDC0929E4}.Release|x64.Build.0 = Release|x64
		{0E649AC6-6E15-4608-A638-80AEDC0929E4}.Release|x86.ActiveCfg = Release|Win32
		{0E649AC6-6E15-4608-A638-80AEDC0929E4}.Release|x86.Build.0 = Release|Win32
		{766CB644-DB9B-444F-9829-8A0AEAA90FA0}.Debug|x64.ActiveCfg = Debug|x64
		{766CB644-DB9B-444F-9829-8A0AEAA90FA0}.Debug|x64.Build.0 = Debug|x64
		{766CB644-DB9B-444F-9829-8A0AEAA90FA0}.Debug|x86.ActiveCfg = Debug|Win32
		{766CB644-DB9B-444F-9829-8A0AEAA90FA0}.Debug|x86.Build.0 = Debug|Win32
		{766CB644-DB9B-444F-9829-8A0AEAA90FA0}.Release|x64.ActiveCfg = Release|x64
		{766CB644-DB9B-444F-9829-8A0AEAA90FA0}.Release|x64.Build.0 = Release|x64
		{766CB644-DB9B-444F-9829-8A0AEAA90FA0}.Release|x86.ActiveCfg = Release|Win32
		{766CB644-DB9B-444F-9829-8A0AEAA90FA0}.Release|x86.Build.0 = Release|Win32
		{92A222A2-CAD8-4008-93C3-BA824F2C1A58}.Debug|x64.ActiveCfg = Debug|x64
		{92A222A2-CAD8-4008-93C3-BA824F2C1A58}.Debug|x64.Build.0 = Debug|x64
		{92A222A2-CAD8-4008-93C3-BA824F2C1A58}.Debug|x86.ActiveCfg = Debug|Win32
		{92A222A2-CAD8-4008-93C3-BA824F2C1A58}.Debug|x86.Build.0 = Debug|Win32
		{92A222A2-CAD8-4008-93C3-BA824F2C1A58}.Release|x64.ActiveCfg = Release|x64
		{92A222A2-CAD8-4008-93C3-BA824F2C1A58}.Release|x64.Build.0 = Release|x64
		{92A222A2-CAD8-4008-93C3-BA824F2C1A58}.Release|x86.ActiveCfg = Release|Win32
		{92A222A2-CAD8-4008-93C3-BA824F2C1A58}.Release|x86.Build.0 = Release|Win32
		{A5F0C540-2DBB-44EA-A721-EBDCA101592B}.Debug|x64.ActiveCfg = Debug|x64
		{A5F0C540-2DBB-44EA-A721-EBDCA101592B}.Debug|x64.Build.0 = Debug|x64
		{A5F0C540-2DBB-44EA-A721-EBDCA101592B}.Debug|x86.ActiveCfg = Debug|Win32
		{A5F0C540-2DBB-44EA-A721-EBDCA101592B}.Debug|x86.Build.0 = Debug|Win32
		{A5F0C540-2DBB-44EA-A721-EBDCA101592B}.Release|x64.ActiveCfg = Release|x64
		{A5F0C540-2DBB-44EA-A721-EBDCA101592B}.Release|x64.Build.0 = Release|x64
		{A5F0C540-2DBB-44EA-A721-EBDCA101592B}.Release|x86.ActiveCfg = Release|Win32
		{A5F0C540-2DBB-44EA-A721-EBDCA101592B}.Release|x86.Build.0 = Release|Win32
		{822D6ECF-79B2-48FB-B4D6-0414EED9284E}.Debug|x64.ActiveCfg = Debug|x64
		{822D6ECF-79B2-48FB-B4D6-0414EED9284E}.Debug|x64.Build.0 = Debug|x64
		{822D6ECF-79B2-48FB-B4D6-0414EED9284E}.Debug|x86.ActiveCfg = Debug|Win32
		{822D6ECF-79B2-48FB-B4D6-0414EED9284E}.Debug|x86.Build.0 = Debug|Win32
		{822D6ECF-79B2-48FB-B4D6-0414EED9284E}.Release|x64.ActiveCfg = Release|x64
		{822D6ECF-79B2-48FB-B4D6-0414EED9284E}.Release|x64.Build.0 = Release|x64
		{822D6ECF-79B2-48FB-B4D6-0414EED9284E}.Release|x86.ActiveCfg = Release|Win32
		{822D6ECF-79B2-48FB-B4D6-0414EED9284E}.Release|x86.Build.0 = Release|Win32
		{F1FD4B1A-DC9E-4403-B8F7-EFA764B79472}.Debug|x64.ActiveCfg = Debug|x64
		{F1FD4B1A-DC9E-4403-B8F7-EFA764B79472}.Debug|x64.Build.0 = Debug|x64
		{F1FD4B1A-DC9E-4403-B8F7-EFA764B79472}.Debug|x86.ActiveCfg = Debug|Win32
		{F1FD4B1A-DC9E-4403-B8F7-EFA764B79472}.Debug|x86.Build.0 = Debug|Win32
		{F1FD4B1A-DC9E-4403-B8F7-EFA764B79472}.Release|x64.ActiveCfg = Release|x64
		{F1FD4B1A-DC9E-4403-B8F7-EFA764B79472}.Release|x64.Build.0 = Release|x64
		{F1FD4B1A-DC9E-4403-B8F7-EFA764B79472}.Release|x86.ActiveCfg = Release|Win32
		{F1FD4B1A-DC9E-4403-B8F7-EFA764B79472}.Release|x86.Build.0 = Release|Win32
		{E5530F01-DFEB-4A84-A186-2F2115A7303A}.Debug|x64.ActiveCfg = Debug|x64
		{E5530F01-DFEB-4A84-A186-2F2115A7303A}.Debug|x64.Build.0 = Debug|x64
		{E5530F01-DFEB-4A84-A186-2F2115A7303A}.Debug|x86.ActiveCfg = Debug|Win32
		{E5530F01-DFEB-4A84-A186-2F2115A7303A}.Debug|x86.Build.0 = Debug|Win32
		{E5530F01-DFEB-4A84-A186-2F2115A7303A}.Release|x64.ActiveCfg = Release|x64
		{E5530F01-DFEB-4A84-A186-2F2115A7303A}.Release|x64.Build.0 = Release|x64
		{E5530F01-DFEB-4A84-A186-2F2115A7303A}.Release|x86.ActiveCfg = Release|Win32
		{E5530F01-DFEB-4A84-A186-2F2115A7303A}.Release|x86.Build.0 = Release|Win32
		{041E0E83-C9BF-4957-978D-8438CAF71DF8}.Debug|x64.ActiveCfg = Debug|x64
		{041E0E83-C9BF-4957-978D-8438CAF71DF8}.Debug|x64.Build.0 = Debug|x64
		{041E0E83-C9BF-4957-978D-8438CAF71DF8}.Debug|x86.ActiveCfg = Debug|Win32
		{041E0E83-C9BF-4957-978D-8438CAF71DF8}.Debug|x86.Build.0 = Debug|Win32
		{041E0E83-C9BF-4957-978D-8438CAF71DF8}.Release|x64.ActiveCfg = Release|x64
		{041E0E83-C9BF-4957-978D-8438CAF71DF8}.Release|x64.Build.0 = Release|x64
		{041E0E83-C9BF-4957-978D-8438CAF71DF8}.Release|x86.ActiveCfg = Release|Win32
		{041E0E83-C9BF-4957-978D-8438CAF71DF8}.Release|x86.Build.0 = Release|Win32
		{3A55EC73-F7E1-40DD-AB28-DA27766E335B}.Debug|x64.ActiveCfg = Debug|x64
		{3A55EC73-F7E1-40DD-AB28-DA27766E335B}.Debug|x64.Build.0 = Debug|x64
		{3A55EC73-F7E1-40DD-AB28-DA27766E335B}.Debug|x86.ActiveCfg = Debug|Win32
		{3A55EC73-F7E1-40DD-AB28-DA27766E335B}.Debug|x86.Build.0 = Debug|Win32
		{3A55EC73-F7E1-40DD-AB28-DA27766E335B}.Release|x64.ActiveCfg = Release|x64
		{3A55EC73-F7E1-40DD-AB28-DA27766E335B}.Release|x64.Build.0 = Release|x64
		{3A55EC73-F7E1-40DD-AB28-DA27766E335B}.Release|x86.ActiveCfg = Release|Win32
		{3A55EC73-F7E1-40DD-AB28-DA27766E335B}.Release|x86.Build.0 = Release|Win32
		{EE37C0A2-EB1B-4AF9-9207-D95078A56C52}.Debug|x64.ActiveCfg = Debug|x64
		{EE37C0A2-EB1B-4AF9-9207-D95078A56C52}.Debug|x64.Build.0 = Debug|x64
		{EE37C0A2-EB1B-4AF9-9207-D95078A56C52}.Debug|x86.ActiveCfg = Debug|Win32
		{EE37C0A2-EB1B-4AF9-9207-D95078A56C52}.Debug|x86.Build.0 = Debug|Win32
		{EE37C0A2-EB1B-4AF9-9207-D95078A56C52}.Release|x64.ActiveCfg = Release|x64
		{EE37C0A2-EB1B-4AF9-9207-D95078A56C52}.Release|x64.Build.0 = Release|x64
		{EE37C0A2-EB1B-4AF9-9207-D95078A56C52}.Release|x86.ActiveCfg = Release|Win32
		{EE37C0A2-EB1B-4AF9-9207-D95078A56C52}.Release|x86.Build.0 = Release|Win32
		{4F867C59-E53D-4583-9C35-B486F96BCFC6}.Debug|x64.ActiveCfg = Debug|x64
		{4F867C59-E53D-4583-9C35-B486F96BCFC6}.Debug|x64.Build.0 = Debug|x64
		{4F867C59-E53D-4583-9C35-B486F96BCFC6}.Debug|x86.ActiveCfg = Debug|Win32
		{4F867C59-E53D-4583-9C35-B486F96BCFC6}.Debug|x86.Build.0 = Debug|Win32
		{4F867C59-E53D-4583-9C35-B486F96BCFC6}.Release|x64.ActiveCfg = Release|x64
		{4F867C59-E53D-4583-9C35-B486F96BCFC6}.Release|x64.Build.0 = Release|x64
		{4F867C59-E53D-4583-9C35-B486F96BCFC6}.Release|x86.ActiveCfg = Release|Win32
		{4F867C59-E53D-4583-9C35-B486F96BCFC6}.Release|x86.Build.0 = Release|Win32
		{DFE19F86-26DF-4245-AE37-2C8EBF4B984D}.Debug|x64.ActiveCfg = Debug|x64
		{DFE19F86-26DF-4245-AE37-2C8EBF4B984D}.Debug|x64.Build.0 = Debug|x64
		{DFE19F86-26DF-4245-AE37-2C8EBF4B984D}.Debug|x86.ActiveCfg = Debug|Win32
		{DFE19F86-26DF-4245-AE37-2C8EBF4B984D}.Debug|x86.Build.0 = Debug|Win32
		{DFE19F86-26DF-4245-AE37-2C8EBF4B984D}.Release|x64.ActiveCfg = Release|x64
		{DFE19F86-26DF-4245-AE37-2C8EBF4B984D}.Release|x64.Build.0 = Release|x64
		{DFE19F86-26DF-4245-AE37-2C8EBF4B984D}.Release|x86.ActiveCfg = Release|Win32
		{DFE19F86-26DF-4245-AE37-2C8EBF4B984D}.Release|x86.Build.0 = Release|Win32
		{4F34D794-A871-4E96-A0F8-03448D625AA3}.Debug|x64.ActiveCfg = Debug|x64
		{4F34D794-A871-4E96-A0F8-03448D625AA3}.Debug|x64.Build.0 = Debug|x64
		{4F34D794-A871-4E96-A0F8-03448D625AA3}.Debug|x86.ActiveCfg = Debug|Win32
		{4F34D794-A871-4E96-A0F8-03448D625AA3}.Debug|x86.Build.0 = Debug|Win32
		{4F34D794-A871-4E96-A0F8-03448D625AA3}.Release|x64.ActiveCfg = Release|x64
		{4F34D794-A871-4E96-A0F8-03448D625AA3}.Release|x64.Build.0 = Release|x64
		{4F34D794-A871-4E96-A0F8-03448D625AA3}.Release|x86.ActiveCfg = Release|Win32
		{4F34D794-A871-4E96-A0F8-03448D625AA3}.Release|x86.Build.0 = Release|Win32
		{3F2E4518-86FD-48EF-962B-F0D1D3CD95D6}.Debug|x64.ActiveCfg = Debug|x64
		{3F2E4518-86FD-48EF-962B-F0D1D3CD95D6}.Debug|x64.Build.0 = Debug|x64
		{3F2E4518-86FD-48EF-962B-F0D1D3CD95D6}.Debug|x86.ActiveCfg = Debug|Win32
		{3F2E4518-86FD-48EF-962B-F0D1D3CD95D6}.Debug|x86.Build.0 = Debug|Win32
		{3F2E4518-86FD-48EF-962B-F0D1D3CD95D6}.Release|x64.ActiveCfg = Release|x64
		{3F2E4518-86FD-48EF-962B-F0D1D3CD95D6}.Release|x64.Build.0 = Release|x64
		{3F2E4518-86FD-48EF-962B-F0D1D3CD95D6}.Release|x86.ActiveCfg = Release|Win32
		{3F2E4518-86FD-48EF-962B-F0D1D3CD95D6}.Release|x86.Build.0 = Release|Win32
		{46185A02-96EA-40F7-B97D-F8E81B9FDEFD}.Debug|x64.ActiveCfg = Debug|x64
		{46185A02-96EA-40F7-B97D-F8E81B9FDEFD}.Debug|x64.Build.0 = Debug|x64
		{46185A02-96EA-40F7-B97D-F8E81B9FDEFD}.Debug|x86.ActiveCfg = Debug|Win32
		{46185A02-96EA-40F7-B97D-F8E81B9FDEFD}.Debug|x86.Build.0 = Debug|Win32
		{46185A02-96EA-40F7-B97D-F8E81B9FDEFD}.Release|x64.ActiveCfg = Release|x64
		{46185A02-96EA-40F7-B97D-F8E81B9FDEFD}.Release|x64.Build.0 = Release|x64
		{46185A02-96EA-40F7-B97D-F8E81B9FDEFD}.Release|x86.ActiveCfg = Release|Win32
		{46185A02-96EA-40F7-B97D-F8E81B9FDEFD}.Release|x86.Build.0 = Release|Win32
		{B6F7F496-F712-4F29-9D94-220888BF92B6}.Debug|x64.ActiveCfg = Debug|x64
		{B6F7F496-F712-4F29-9D94-220888BF92B6}.Debug|x64.Build.0 = Debug|x64
		{B6F7F496-F712-4F29-9D94-220888BF92B6}.Debug|x86.ActiveCfg = Debug|Win32
		{B6F7F496-F712-4F29-9D94-220888BF92B6}.Debug|x86.Build.0 = Debug|Win32
		{B6F7F496-F712-4F29-9D94-220888BF92B6}.Release|x64.ActiveCfg = Release|x64
		{B6F7F496-F712-4F29-9D94-220888BF92B6}.Release|x64.Build.0 = Release|x64
		{B6F7F496-F712-4F29-9D94-220888BF92B6}.Release|x86.ActiveCfg = Release|Win32
		{B6F7F496-F712-4F29-9D94-220888BF92B6}.Release|x86.Build.0 = Release|Win32
		{91CAB4CF-204F-4AF3-B2F3-ED1638FCE9F0}.Debug|x64.ActiveCfg = Debug|x64
		{91CAB4CF-204F-4AF3-B2F3-ED1638FCE9F0}.Debug|x64.Build.0 = Debug|x64
		{91CAB4CF-204F-4AF3-B2F3-ED1638FCE9F0}.Debug|x86.ActiveCfg = Debug|Win32
		{91CAB4CF-204F-4AF3-B2F3-ED1638FCE9F0}.Debug|x86.Build.0 = Debug|Win32
		{91CAB4CF-204F-4AF3-B2F3-ED1638FCE9F0}.Release|x64.ActiveCfg = Release|x64
		{91CAB4CF-204F-4AF3-B2F3-ED1638FCE9F0}.Release|x64.Build.0 = Release|x64
		{91CAB4CF-204F-4AF3-B2F3-ED1638FCE9F0}.Release|x86.ActiveCfg = Release|Win32
		{91CAB4CF-204F-4AF3-B2F3-ED1638FCE9F0}.Release|x86.Build.0 = Release|Win32
		{DF7CF10A-7808-4B2F-A690-A58FC2D6203C}.Debug|x64.ActiveCfg = Debug|x64
		{DF7CF10A-7808-4B2F-A690-A58FC2D6203C}.Debug|x64.Build.0 = Debug|x64
		{DF7CF10A-7808-4B2F-A690-A58FC2D6203C}.Debug|x86.ActiveCfg = Debug|Win32
		{DF7CF10A-7808-4B2F-A690-A58FC2D6203C}.Debug|x86.Build.0 = Debug|Win32
		{DF7CF10A-7808-4B2F-A690-A58FC2D6203C}.Release|x64.ActiveCfg = Release|x64
		{DF7CF10A-7808-4B2F-A690-A58FC2D6203C}.Release|x64.Build.0 = Release|x64
		{DF7CF10A-7808-4B2F-A690-A58FC2D6203C}.Release|x86.ActiveCfg = Release|Win32
		{DF7CF10A-7808-4B2F-A690-A58FC2D6203C}.Release|x86.Build.0 = Release|Win32
		{C103CEE1-901F-46F6-86E5-67E7ABAB8AC3}.Debug|x64.ActiveCfg = Debug|x64
		{C103CEE1-901F-46F6-86E5-67E7ABAB8AC3}.Debug|x64.Build.0 = Debug|x64
		{C103CEE1-901F-46F6-86E5-67E7ABAB8AC3}.Debug|x86.ActiveCfg = Debug|Win32
		{C103CEE1-901F-46F6-86E5-67E7ABAB8AC3}.Debug|x86.Build.0 = Debug|Win32
		{C103CEE1-901F-46F6-86E5-67E7ABAB8AC3}.Release|x64.ActiveCfg = Release|x64
		{C103CEE1-901F-46F6-86E5-67E7ABAB8AC3}.Release|x64.Build.0 = Release|x64
		{C103CEE1-901F-46F6-86E5-67E7ABAB8AC3}.Release|x86.ActiveCfg = Release|Win32
		{C103CEE1-901F-46F6-86E5-67E7ABAB8AC3}.Release|x86.Build.0 = Release|Win32
		{89D9A332-999C-4B96-8214-BE13BDB9DA8B}.Debug|x64.ActiveCfg = Debug|x64
		{89D9A332-999C-4B96-8214-BE13BDB9DA8B}.Debug|x64.Build.0 = Debug|x64
		{89D9A332-999C-4B96-8214-BE13BDB9DA8B}.Debug|x86.ActiveCfg = Debug|Win32
		{89D9A332-999C-4B96-8214-BE13BDB9DA8B}.Debug|x86.Build.0 = Debug|Win32
		{89D9A332-999C-4B96-8214-BE13BDB9DA8B}.Release|x64.ActiveCfg = Release|x64
		{89D9A332-999C-4B96-8214-BE13BDB9DA8B}.Release|x64.Build.0 = Release|x64
		{89D9A332-999C-4B96-8214-BE13BDB9DA8B}.Release|x86.ActiveCfg = Release|Win32
		{89D9A332-999C-4B96-8214-BE13BDB9DA8B}.Release|x86.Build.0 = Release|Win32
		{25ED7F41-7077-45DF-911C-A99188CA3599}.Debug|x64.ActiveCfg = Debug|x64
		{25ED7F41-7077-45DF-911C-A99188CA3599}.Debug|x64.Build.0 = Debug|x64
		{25ED7F41-7077-45DF-911C-A99188CA3599}.Debug|x86.ActiveCfg = Debug|Win32
		{25ED7F41-7077-45DF-911C-A99188CA3599}.Debug|x86.Build.0 = Debug|Win32
		{25ED7F41-7077-45DF-911C-A99188CA3599}.Release|x64.ActiveCfg = Release|x64
		{25ED7F41-7077-45DF-911C-A99188CA3599}.Release|x64.Build.0 = Release|x64
		{25ED7F41-7077-45DF-911C-A99188CA3599}.Release|x86.ActiveCfg = Release|Win32
		{25ED7F41-7077-45DF-911C-A99188CA3599}.Release|x86.Build.0 = Release|Win32
		{4250C5C8-D080-4DA7-9770-D7F4A7B0DEA9}.Debug|x64.ActiveCfg = Debug|x64
		{4250C5C8-D080-4DA7-9770-D7F4A7B0DEA9}.Debug|x64.Build.0 = Debug|x64
		{4250C5C8-D080-4DA7-9770-D7F4A7B0DEA9}.Debug|x86.ActiveCfg = Debug|Win32
		{4250C5C8-D080-4DA7-9770-D7F4A7B0DEA9}.Debug|x86.Build.0 = Debug|Win32
		{4250C5C8-D080-4DA7-9770-D7F4A7B0DEA9}.Release|x64.ActiveCfg = Release|x64
		{4250C5C8-D080-4DA7-9770-D7F4A7B0DEA9}.Release|x64.Build.0 = Release|x64
		{4250C5C8-D080-4DA7-9770-D7F4A7B0DEA9}.Release|x86.ActiveCfg = Release|Win32
		{4250C5C8-D080-4DA7-9770-D7F4A7B0DEA9}.Release|x86.Build.0 = Release|Win32
		{003BEEB6-7CB5-4126-84FC-403202FFC771}.Debug|x64.ActiveCfg = Debug|x64
		{003BEEB6-7CB5-4126-84FC-403202FFC771}.Debug|x64.Build.0 = Debug|x64
		{003BEEB6-7CB5-4126-84FC-403202FFC771}.Debug|x86.ActiveCfg = Debug|Win32
		{003BEEB6-7CB5-4126-84FC-403202FFC771}.Debug|x86.Build.0 = Debug|Win32
		{003BEEB6-7CB5-4126-84FC-403202FFC771}.Release|x64.ActiveCfg = Release|x64
		{003BEEB6-7CB5-4126-84FC-403202FFC771}.Release|x64.Build.0 = Release|x64
		{003BEEB6-7CB5-4126-84FC-403202FFC771}.Release|x86.ActiveCfg = Release|Win32
		{003BEEB6-7CB5-4126-84FC-403202FFC771}.Release|x86.Build.0 = Release|Win32
		{6D43AD96-92DB-4B4A-9513-FCEAD0F7EAB8}.Debug|x64.ActiveCfg = Debug|x64
		{6D43AD96-92DB-4B4A-9513-FCEAD0F7EAB8}.Debug|x64.Build.0 = Debug|x64
		{6D43AD96-92DB-4B4A-9513-FCEAD0F7EAB8}.Debug|x86.ActiveCfg = Debug|Win32
		{6D43AD96-92DB-4B4A-9513-FCEAD0F7EAB8}.Debug|x86.Build.0 = Debug|Win32
		{6D43AD96-92DB-4B4A-9513-FCEAD0F7EAB8}.Release|x64.ActiveCfg = Release|x64
		{6D43AD96-92DB-4B4A-9513-FCEAD0F7EAB8}.Release|x64.Build.0 = Release|x64
		{6D43AD96-92DB-4B4A-9513-FCEAD0F7EAB8}.Release|x86.ActiveCfg = Release|Win32
		{6D43AD96-92DB-4B4A-9513-FCEAD0F7EAB8}.Release|x86.Build.0 = Release|Win32
		{D3A0CFD5-245E-4DF8-ADA8-7DBF20B3A014}.Debug|x64.ActiveCfg = Debug|x64
		{D3A0CFD5-245E-4DF8-ADA8-7DBF20B3A014}.Debug|x64.Build.0 = Debug|x64
		{D3A0CFD5-245E-4DF8-ADA8-7DBF20B3A014}.Debug|x86.ActiveCfg = Debug|Win32
		{D3A0CFD5-245E-4DF8-ADA8-7DBF20B3A014}.Debug|x86.Build.0 = Debug|Win32
		{D3A0CFD5-245E-4DF8-ADA8-7DBF20B3A014}.Release|x64.ActiveCfg = Release|x64
		{D3A0CFD5-245E-4DF8-ADA8-7DBF20B3A014}.Release|x64.Build.0 = Release|x64
		{D3A0CFD5-245E-4DF8-ADA8-7DBF20B3A014}.Release|x86.ActiveCfg = Release|Win32
		{D3A0CFD5-245E-4DF8-ADA8-7DBF20B3A014}.Release|x86.Build.0 = Release|Win32
		{0CAF8347-AC26-4D4F-87CE-0F4BDEF617EE}.Debug|x64.ActiveCfg = Debug|x64
		{0CAF8347-AC26-4D4F-87CE-0F4BDEF617EE}.Debug|x64.Build.0 = Debug|x64
		{0CAF8347-AC26-4D4F-87CE-0F4BDEF617EE}.Debug|x86.ActiveCfg = Debug|Win32
		{0CAF8347-AC26-4D4F-87CE-0F4BDEF617EE}.Debug|x86.Build.0 = Debug|Win32
		{0CAF8347-AC26-4D4F-87CE-0F4BDEF617EE}.Release|x64.ActiveCfg = Release|x64
		{0CAF8347-AC26-4D4F-87CE-0F4BDEF617EE}.Release|x64.Build.0 = Release|x64
		{0CAF8347-AC26-4D4F-87CE-0F4BDEF617EE}.Release|x86.ActiveCfg = Release|Win32
		{0CAF8347-AC26-4D4F-87CE-0F4BDEF617EE}.Release|x86.Build.0 = Release|Win32
		{F5DEC092-59D7-4802-9030-2E4E26C0AE33}.Debug|x64.ActiveCfg = Debug|x64
		{F5DEC092-59D7-4802-9030-2E4E26C0AE33}.Debug|x64.Build.0 = Debug|x64
		{F5DEC092-59D7-4802-9030-2E4E26C0AE33}.Debug|x86.ActiveCfg = Debug|Win32
		{F5DEC092-59D7-4802-9030-2E4E26C0AE33}.Debug|x86.Build.0 = Debug|Win32
		{F5DEC092-59D7-4802-9030-2E4E26C0AE33}.Release|x64.ActiveCfg = Release|x64
		{F5DEC092-59D7-4802-9030-2E4E26C0AE33}.Release|x64.Build.0 = Release|x64
		{F5DEC092-59D7-4802-9030-2E4E26C0AE33}.Release|x86.ActiveCfg = Release|Win32
		{F5DEC092-59D7-4802-9030-2E4E26C0AE33}.Release|x86.Build.0 = Release|Win32
		{7A110AC9-57A0-469E-B404-1DA0F862FC86}.Debug|x64.ActiveCfg = Debug|x64
		{7A110AC9-57A0-469E-B404-1DA0F862FC86}.Debug|x64.Build.0 = Debug|x64
		{7A110AC9-57A0-469E-B404-1DA0F862FC86}.Debug|x86.ActiveCfg = Debug|Win32
		{7A110AC9-57A0-469E-B404-1DA0F862FC86}.Debug|x86.Build.0 = Debug|Win32
		{7A110AC9-57A0-469E-B404-1DA0F862FC86}.Release|x64.ActiveCfg = Release|x64
		{7A110AC9-57A0-469E-B404-1DA0F862FC86}.Release|x64.Build.0 = Release|x64
		{7A110AC9-57A0-469E-B404-1DA0F862FC86}.Release|x86.ActiveCfg = Release|Win32
		{7A110AC9-57A0-469E-B404-1DA0F862FC86}.Release|x86.Build.0 = Release|Win32
	EndGlobalSection
	GlobalSection(SolutionProperties) = preSolution
		HideSolutionNode = FALSE
	EndGlobalSection
	GlobalSection(ExtensibilityGlobals) = postSolution
		SolutionGuid = {6A68FA71-8777-4658-9894-5A158A269969}
	EndGlobalSection
EndGlobal
